# Generated by conda-lock.
# platform: win-64
# input_hash: e9c015b0d414eb4e6df90345bd78776075bfcd43bc49fb15017cb13975053ecb
@EXPLICIT
https://conda.anaconda.org/conda-forge/win-64/ca-certificates-2021.5.30-h5b45459_0.tar.bz2#cfb6380d41af681ad323403f02755a15
https://conda.anaconda.org/conda-forge/noarch/font-ttf-dejavu-sans-mono-2.37-hab24e00_0.tar.bz2#0c96522c6bdaed4b1566d11387caaf45
https://conda.anaconda.org/conda-forge/noarch/font-ttf-inconsolata-3.000-h77eed37_0.tar.bz2#34893075a5c9e55cdafac56607368fc6
https://conda.anaconda.org/conda-forge/noarch/font-ttf-source-code-pro-2.038-h77eed37_0.tar.bz2#4d59c254e01d9cde7957100457e2d5fb
https://conda.anaconda.org/conda-forge/noarch/font-ttf-ubuntu-0.83-hab24e00_0.tar.bz2#19410c3df09dfb12d1206132a1d357c5
https://conda.anaconda.org/conda-forge/win-64/intel-openmp-2021.3.0-h57928b3_3372.tar.bz2#ed1a9bef95e027ee26362fcc250a1851
https://conda.anaconda.org/conda-forge/win-64/msys2-conda-epoch-20160418-1.tar.bz2#b0309b72560df66f71a9d5e34a5efdfa
https://conda.anaconda.org/conda-forge/win-64/ucrt-10.0.20348.0-h57928b3_0.tar.bz2#6d666b6ea8251231ff508062d1e41f9c
https://conda.anaconda.org/conda-forge/noarch/fonts-conda-forge-1-0.tar.bz2#f766549260d6815b0c52253f1fb1bb29
https://conda.anaconda.org/conda-forge/win-64/m2w64-gmp-6.1.0-2.tar.bz2#53a1c73e1e3d185516d7e3af177596d9
https://conda.anaconda.org/conda-forge/win-64/m2w64-libwinpthread-git-5.0.0.4634.697f757-2.tar.bz2#774130a326dee16f1ceb05cc687ee4f0
https://conda.anaconda.org/conda-forge/win-64/vs2015_runtime-14.29.30037-h902a5da_5.tar.bz2#9d806b41066c34981a5da22bfeffd8e8
https://conda.anaconda.org/conda-forge/noarch/fonts-conda-ecosystem-1-0.tar.bz2#fee5683a3f04bd15cbd8318b096a27ab
https://conda.anaconda.org/conda-forge/win-64/m2w64-gcc-libs-core-5.3.0-7.tar.bz2#4289d80fb4d272f1f3b56cfe87ac90bd
https://conda.anaconda.org/conda-forge/win-64/vc-14.2-hb210afc_5.tar.bz2#ee42529d57c3b455d9fec61e912aa2a6
https://conda.anaconda.org/conda-forge/win-64/bzip2-1.0.8-h8ffe710_4.tar.bz2#7c03c66026944073040cb19a4f3ec3c9
https://conda.anaconda.org/conda-forge/win-64/expat-2.4.1-h39d44d4_0.tar.bz2#7a8d10b5cc80e0ae1f0a44d2915b570b
https://conda.anaconda.org/conda-forge/win-64/fribidi-1.0.10-h8d14728_0.tar.bz2#807e81d915f2bb2e49951648615241f6
https://conda.anaconda.org/conda-forge/win-64/geos-3.9.1-h39d44d4_2.tar.bz2#e3917eed32c31c341ac9ac4e229f131f
https://conda.anaconda.org/conda-forge/win-64/getopt-win32-0.1-h8ffe710_0.tar.bz2#9ac4874e2958f18e01c386649208fe40
https://conda.anaconda.org/conda-forge/win-64/graphite2-1.3.13-1000.tar.bz2#8fc0e04e5c852cadf2cad68b86a906ab
https://conda.anaconda.org/conda-forge/win-64/icu-68.1-h0e60522_0.tar.bz2#5ca3de83c29382b94a575926b1d9a743
https://conda.anaconda.org/conda-forge/win-64/jbig-2.1-h8d14728_2003.tar.bz2#37dcc26d63c315f6c0588579dca810da
https://conda.anaconda.org/conda-forge/win-64/jpeg-9d-h8ffe710_0.tar.bz2#9335a1b24eefef6075f4c02a03baf27a
https://conda.anaconda.org/conda-forge/win-64/lerc-2.2.1-h0e60522_0.tar.bz2#5ea14f204e4caaea47598f719adbf80b
https://conda.anaconda.org/conda-forge/win-64/libclang-11.1.0-default_h5c34c98_1.tar.bz2#258e65af4d34033eaa9341b8dd15c7e5
https://conda.anaconda.org/conda-forge/win-64/libdeflate-1.7-h8ffe710_5.tar.bz2#a745d8a24a297de721c60cd8e45be031
https://conda.anaconda.org/conda-forge/win-64/libffi-3.4.2-h0e60522_4.tar.bz2#c385892ac5e4fdae3dc2d340f490c886
https://conda.anaconda.org/conda-forge/win-64/libiconv-1.16-he774522_0.tar.bz2#bdfeadc9348e4d9fbe4821e81bf8f221
https://conda.anaconda.org/conda-forge/win-64/libwebp-base-1.2.1-h8ffe710_0.tar.bz2#3bd686e19cc9722e674e2f8119bc476d
https://conda.anaconda.org/conda-forge/win-64/libzlib-1.2.11-h8ffe710_1013.tar.bz2#b28dd2488b4e5f892c67071acc1d0a8c
https://conda.anaconda.org/conda-forge/win-64/lz4-c-1.9.3-h8ffe710_1.tar.bz2#d12763533276560a931c1bd3df1adf63
https://conda.anaconda.org/conda-forge/win-64/m2w64-gcc-libgfortran-5.3.0-6.tar.bz2#066552ac6b907ec6d72c0ddab29050dc
https://conda.anaconda.org/conda-forge/win-64/openssl-1.1.1l-h8ffe710_0.tar.bz2#07747b2557a7f795585b118bb4f186de
https://conda.anaconda.org/conda-forge/win-64/pcre-8.45-h0e60522_0.tar.bz2#3cd3948bb5de74ebef93b6be6d8cf0d5
https://conda.anaconda.org/conda-forge/win-64/pixman-0.40.0-h8ffe710_0.tar.bz2#32b45d3fcffddc84cc1a014a0b5f0d58
https://conda.anaconda.org/conda-forge/win-64/sqlite-3.36.0-h8ffe710_2.tar.bz2#f1ac18aa58268ab10d1b7b4d640243c0
https://conda.anaconda.org/conda-forge/win-64/tbb-2021.3.0-h2d74725_0.tar.bz2#04b06887633911cf5824bb6b22473b7f
https://conda.anaconda.org/conda-forge/win-64/tk-8.6.11-h8ffe710_1.tar.bz2#fd3c141a1ed5a77e5813795950fb7395
https://conda.anaconda.org/conda-forge/win-64/xxhash-0.8.0-h8ffe710_3.tar.bz2#155e6d388fe6ffef0fa67acd270e1df3
https://conda.anaconda.org/conda-forge/win-64/xz-5.2.5-h62dcd97_1.tar.bz2#eabcbfedd14d7c18a514afca09ea0ebb
https://conda.anaconda.org/conda-forge/win-64/yaml-0.2.5-he774522_0.tar.bz2#d41c34441d8bbb6d141e691ae7bccf35
https://conda.anaconda.org/conda-forge/win-64/gettext-0.19.8.1-ha2e2712_1008.tar.bz2#7097f745c7b794ce3e2a1ffe3195580f
https://conda.anaconda.org/conda-forge/win-64/krb5-1.19.2-hbae68bd_2.tar.bz2#317377419ada3777e3c37ee0d1b26aef
https://conda.anaconda.org/conda-forge/win-64/libwebp-1.2.1-h57928b3_0.tar.bz2#810e8e678a7db9dad082f35be3ede8cf
https://conda.anaconda.org/conda-forge/win-64/m2w64-gcc-libs-5.3.0-7.tar.bz2#fe759119b8b3bfa720b8762c6fdc35de
https://conda.anaconda.org/conda-forge/win-64/mkl-2021.3.0-hb70f87d_564.tar.bz2#5055b38cb975f7b4bd733dd9041c5391
https://conda.anaconda.org/conda-forge/win-64/python-3.7.10-h7840368_101_cpython.tar.bz2#91c77d3c7f10757978f1a17d398df14d
https://conda.anaconda.org/conda-forge/win-64/udunits2-2.2.27.27-h892ecd3_2.tar.bz2#bb91acc6c018d6883ca49af36a415bdc
https://conda.anaconda.org/conda-forge/win-64/zlib-1.2.11-h8ffe710_1013.tar.bz2#866517df4fd8bb813bc20c24cf7b8f05
https://conda.anaconda.org/conda-forge/noarch/alabaster-0.7.12-py_0.tar.bz2#2489a97287f90176ecdc3ca982b4b0a0
https://conda.anaconda.org/conda-forge/noarch/appdirs-1.4.4-pyh9f0ad1d_0.tar.bz2#5f095bc6454094e96f146491fd03633b
https://conda.anaconda.org/conda-forge/noarch/cfgv-3.3.1-pyhd8ed1ab_0.tar.bz2#ebb5f5f7dc4f1a3780ef7ea7738db08c
https://conda.anaconda.org/conda-forge/noarch/charset-normalizer-2.0.0-pyhd8ed1ab_0.tar.bz2#4a57e24d5b759893615c05926b7b5fb9
https://conda.anaconda.org/conda-forge/noarch/cloudpickle-2.0.0-pyhd8ed1ab_0.tar.bz2#3a8fc8b627d5fb6af827e126a10a86c6
https://conda.anaconda.org/conda-forge/noarch/colorama-0.4.4-pyh9f0ad1d_0.tar.bz2#c08b4c1326b880ed44f3ffb04803332f
https://conda.anaconda.org/conda-forge/noarch/distlib-0.3.3-pyhd8ed1ab_0.tar.bz2#cc7dae067bb31c1598e23e151dfca986
https://conda.anaconda.org/conda-forge/noarch/filelock-3.3.0-pyhd8ed1ab_0.tar.bz2#b13adf55ce018ff9da1351fe399098d5
https://conda.anaconda.org/conda-forge/noarch/fsspec-2021.10.0-pyhd8ed1ab_0.tar.bz2#2039e902f300968288f723e62e35ad3c
https://conda.anaconda.org/conda-forge/win-64/hdf4-4.2.15-h0e5069d_3.tar.bz2#e6391e0d78bc5ad6b56dbd8947e36152
https://conda.anaconda.org/conda-forge/noarch/heapdict-1.0.1-py_0.tar.bz2#77242bfb1e74a627fb06319b5a2d3b95
https://conda.anaconda.org/conda-forge/noarch/idna-3.1-pyhd3deb0d_0.tar.bz2#9c9aea4b8391264477df484f798562d0
https://conda.anaconda.org/conda-forge/noarch/imagesize-1.2.0-py_0.tar.bz2#5879bd2c4b399a5072468e5fe587bf1b
https://conda.anaconda.org/conda-forge/noarch/iris-sample-data-2.4.0-pyhd8ed1ab_0.tar.bz2#18ee9c07cf945a33f92caf1ee3d23ad9
https://conda.anaconda.org/conda-forge/win-64/libblas-3.9.0-11_win64_mkl.tar.bz2#3ed1aff3364583b8b71e53d97a2b957b
https://conda.anaconda.org/conda-forge/win-64/libglib-2.68.4-h3be07f2_1.tar.bz2#c34bd44de4980f0b3e1517cee9cee895
https://conda.anaconda.org/conda-forge/win-64/libpng-1.6.37-h1d00b33_2.tar.bz2#005ddb14b8f876ed6a85b76dfc9892db
https://conda.anaconda.org/conda-forge/win-64/libssh2-1.10.0-h680486a_2.tar.bz2#7c3dab9db46226852f9c4c163870e4e4
https://conda.anaconda.org/conda-forge/win-64/libxml2-2.9.12-hf5bbc77_0.tar.bz2#0f1e832cbd8ae60708f4419f4b25c208
https://conda.anaconda.org/conda-forge/win-64/libzip-1.8.0-hfed4ece_1.tar.bz2#a4dafb3942842aeadf87601455a21879
https://conda.anaconda.org/conda-forge/noarch/locket-0.2.0-py_2.tar.bz2#709e8671651c7ec3d1ad07800339ff1d
https://conda.anaconda.org/conda-forge/noarch/mccabe-0.6.1-py_1.tar.bz2#a326cb400c1ccd91789f3e7d02124d61
https://conda.anaconda.org/conda-forge/noarch/nose-1.3.7-py_1006.tar.bz2#382019d5f8e9362ef6f60a8d4e7bce8f
https://conda.anaconda.org/conda-forge/noarch/olefile-0.46-pyh9f0ad1d_1.tar.bz2#0b2e68acc8c78c8cc392b90983481f58
https://conda.anaconda.org/conda-forge/win-64/pthread-stubs-0.4-hcd874cb_1001.tar.bz2#a1f820480193ea83582b13249a7e7bd9
https://conda.anaconda.org/conda-forge/noarch/pycodestyle-2.7.0-pyhd8ed1ab_0.tar.bz2#0234673eb2ecfbdf4e54574ab4d95f81
https://conda.anaconda.org/conda-forge/noarch/pycparser-2.20-pyh9f0ad1d_2.tar.bz2#aa798d50ffd182a0f6f31478c7f434f6
https://conda.anaconda.org/conda-forge/noarch/pyflakes-2.3.1-pyhd8ed1ab_0.tar.bz2#01e9ada82bd261ee2b6366aa832018cc
https://conda.anaconda.org/conda-forge/noarch/pyparsing-2.4.7-pyh9f0ad1d_0.tar.bz2#626c4f20d5bf06dcec9cf2eaa31725c7
https://conda.anaconda.org/conda-forge/noarch/pyshp-2.1.3-pyh44b312d_0.tar.bz2#2d1867b980785eb44b8122184d8b42a6
https://conda.anaconda.org/conda-forge/win-64/python_abi-3.7-2_cp37m.tar.bz2#ff0476bcf0bf3667a5950ed125006a10
https://conda.anaconda.org/conda-forge/noarch/pytz-2021.1-pyhd8ed1ab_0.tar.bz2#3af2e9424d5eb0063824a3f9b850d411
https://conda.anaconda.org/conda-forge/noarch/six-1.16.0-pyh6c4a22f_0.tar.bz2#e5f25f8dbc060e9a8d912e432202afc2
https://conda.anaconda.org/conda-forge/noarch/snowballstemmer-2.1.0-pyhd8ed1ab_0.tar.bz2#f1d64c0cf0eedf655a96ccdc1573c05a
https://conda.anaconda.org/conda-forge/noarch/sortedcontainers-2.4.0-pyhd8ed1ab_0.tar.bz2#6d6552722448103793743dabfbda532d
https://conda.anaconda.org/conda-forge/noarch/sphinxcontrib-applehelp-1.0.2-py_0.tar.bz2#20b2eaeaeea4ef9a9a0d99770620fd09
https://conda.anaconda.org/conda-forge/noarch/sphinxcontrib-devhelp-1.0.2-py_0.tar.bz2#68e01cac9d38d0e717cd5c87bc3d2cc9
https://conda.anaconda.org/conda-forge/noarch/sphinxcontrib-htmlhelp-2.0.0-pyhd8ed1ab_0.tar.bz2#77dad82eb9c8c1525ff7953e0756d708
https://conda.anaconda.org/conda-forge/noarch/sphinxcontrib-jsmath-1.0.1-py_0.tar.bz2#67cd9d9c0382d37479b4d306c369a2d4
https://conda.anaconda.org/conda-forge/noarch/sphinxcontrib-qthelp-1.0.3-py_0.tar.bz2#d01180388e6d1838c3e1ad029590aa7a
https://conda.anaconda.org/conda-forge/noarch/sphinxcontrib-serializinghtml-1.1.5-pyhd8ed1ab_0.tar.bz2#60e630285f44af05767dcb7f473ee03f
https://conda.anaconda.org/conda-forge/noarch/tblib-1.7.0-pyhd8ed1ab_0.tar.bz2#3d4afc31302aa7be471feb6be048ed76
https://conda.anaconda.org/conda-forge/noarch/toml-0.10.2-pyhd8ed1ab_0.tar.bz2#f832c45a477c78bebd107098db465095
https://conda.anaconda.org/conda-forge/noarch/toolz-0.11.1-py_0.tar.bz2#d1e66b58cb00b3817ad9f05eec098c00
https://conda.anaconda.org/conda-forge/noarch/typing_extensions-3.10.0.2-pyha770c72_0.tar.bz2#85dfd487a244bbe2cf7019ce8a39b5bc
https://conda.anaconda.org/conda-forge/noarch/wheel-0.37.0-pyhd8ed1ab_1.tar.bz2#3aa2c3e25dd361b453d010388b9cdff1
https://conda.anaconda.org/conda-forge/win-64/xorg-kbproto-1.0.7-hcd874cb_1002.tar.bz2#8d11c1dac4756ca57e78c1bfe173bba4
https://conda.anaconda.org/conda-forge/win-64/xorg-libice-1.0.10-hcd874cb_0.tar.bz2#8f45beee385cb67e42d6732bdb1b6a40
https://conda.anaconda.org/conda-forge/win-64/xorg-libxau-1.0.9-hcd874cb_0.tar.bz2#9cef622e75683c17d05ae62d66e69e6c
https://conda.anaconda.org/conda-forge/win-64/xorg-libxdmcp-1.1.3-hcd874cb_0.tar.bz2#46878ebb6b9cbd8afcf8088d7ef00ece
https://conda.anaconda.org/conda-forge/win-64/xorg-xextproto-7.3.0-hcd874cb_1002.tar.bz2#4e2fb1b05e6f44190127b600b8f01645
https://conda.anaconda.org/conda-forge/win-64/xorg-xproto-7.0.31-hcd874cb_1007.tar.bz2#88f3c65d2ad13826a9e0b162063be023
https://conda.anaconda.org/conda-forge/noarch/zipp-3.6.0-pyhd8ed1ab_0.tar.bz2#855e2c4622f5eb50a4f6f7167b9ba17a
https://conda.anaconda.org/conda-forge/win-64/zstd-1.5.0-h6255e5f_0.tar.bz2#3a997ecef5b2cf97db57a6fcf64e4728
https://conda.anaconda.org/conda-forge/win-64/antlr-python-runtime-4.7.2-py37h03978a9_1002.tar.bz2#48476a4d925997fbf395138bb022feb8
https://conda.anaconda.org/conda-forge/noarch/babel-2.9.1-pyh44b312d_0.tar.bz2#74136ed39bfea0832d338df1e58d013e
https://conda.anaconda.org/conda-forge/win-64/certifi-2021.5.30-py37h03978a9_0.tar.bz2#0a941e706fa8730e3e28c36e6e584685
https://conda.anaconda.org/conda-forge/win-64/cffi-1.14.6-py37hd8e9650_1.tar.bz2#dd0e525093f604b7cf88f148899591aa
https://conda.anaconda.org/conda-forge/win-64/chardet-4.0.0-py37h03978a9_1.tar.bz2#566dbd28c78bb886e678e61893d249ba
https://conda.anaconda.org/conda-forge/noarch/cycler-0.10.0-py_2.tar.bz2#f6d7c7e6d8f42cbbec7e07a8d879f91c
https://conda.anaconda.org/conda-forge/win-64/cython-0.29.24-py37hf2a7229_0.tar.bz2#5219c5819ffa4d406b6cebd65d99bef7
https://conda.anaconda.org/conda-forge/win-64/cytoolz-0.11.0-py37hcc03f2d_3.tar.bz2#693d4c94762b3b87bd34471dd01ed40b
https://conda.anaconda.org/conda-forge/win-64/docutils-0.17.1-py37h03978a9_0.tar.bz2#da0cbce781b7571e754678e22b888271
https://conda.anaconda.org/conda-forge/win-64/freetype-2.10.4-h546665d_1.tar.bz2#1215a2e49d23da91c28d97cff8de35ea
https://conda.anaconda.org/conda-forge/win-64/gts-0.7.6-h7c369d9_2.tar.bz2#509e4ea898407220d7bdbc6f8a02fe63
https://conda.anaconda.org/conda-forge/win-64/importlib-metadata-4.8.1-py37h03978a9_0.tar.bz2#13e1d2a7e27c3897af667b6af4c8c734
https://conda.anaconda.org/conda-forge/win-64/kiwisolver-1.3.2-py37h8c56517_0.tar.bz2#b375f67454ad5d685d76f4723858ac0e
https://conda.anaconda.org/conda-forge/win-64/libcblas-3.9.0-11_win64_mkl.tar.bz2#bc6c5376b3773b8ecc394fc55f4fdcbf
https://conda.anaconda.org/conda-forge/win-64/libcurl-7.79.1-h789b8ee_1.tar.bz2#3fe3a7626dcac4b46ecd66d74712a232
https://conda.anaconda.org/conda-forge/win-64/liblapack-3.9.0-11_win64_mkl.tar.bz2#8390ac83b36ec47603142b4d03569e09
https://conda.anaconda.org/conda-forge/win-64/libtiff-4.3.0-h0c97f57_1.tar.bz2#d65e06251d965c1baca8c448576adc22
https://conda.anaconda.org/conda-forge/win-64/libxcb-1.13-hcd874cb_1003.tar.bz2#ad49ca9a2c88b8bd38c22181d60b4e56
https://conda.anaconda.org/conda-forge/win-64/markupsafe-2.0.1-py37hcc03f2d_0.tar.bz2#3f8ca076229f1dc8e410746bd63ba172
https://conda.anaconda.org/conda-forge/win-64/msgpack-python-1.0.2-py37h8c56517_1.tar.bz2#437e7429ca93b4e03608484b4cc3f6b6
https://conda.anaconda.org/conda-forge/noarch/packaging-21.0-pyhd8ed1ab_0.tar.bz2#45cfb8e482b5cce8f07c87e0e19a592c
https://conda.anaconda.org/conda-forge/noarch/partd-1.2.0-pyhd8ed1ab_0.tar.bz2#0c32f563d7f22e3a34c95cad8cc95651
https://conda.anaconda.org/conda-forge/noarch/pockets-0.9.1-py_0.tar.bz2#1b52f0c42e8077e5a33e00fe72269364
https://conda.anaconda.org/conda-forge/win-64/psutil-5.8.0-py37hcc03f2d_1.tar.bz2#b1020cf9cc105afc340d45370402f1d2
https://conda.anaconda.org/conda-forge/win-64/pyqt5-sip-4.19.18-py37hf2a7229_7.tar.bz2#d1259f6736b5a6164c99a3e63be29a22
https://conda.anaconda.org/conda-forge/noarch/python-dateutil-2.8.2-pyhd8ed1ab_0.tar.bz2#dd999d1cc9f79e67dbb855c8924c7984
https://conda.anaconda.org/conda-forge/win-64/python-xxhash-2.0.2-py37hcc03f2d_0.tar.bz2#0732c85c99166877c0878c742332dbd0
https://conda.anaconda.org/conda-forge/win-64/pyyaml-5.4.1-py37hcc03f2d_1.tar.bz2#73f4d0f599446f0b42b9f56c12ed07e9
https://conda.anaconda.org/conda-forge/win-64/qt-5.12.9-h5909a2a_4.tar.bz2#2c9a8da7b543a9a8a6fdab785575d79d
https://conda.anaconda.org/conda-forge/win-64/setuptools-58.0.4-py37h03978a9_2.tar.bz2#a85e34f42350b9e3718205086ee75e9c
https://conda.anaconda.org/conda-forge/win-64/tornado-6.1-py37hcc03f2d_1.tar.bz2#20d238a5f4b51be48f0b171628ee873b
https://conda.anaconda.org/conda-forge/win-64/win_inet_pton-1.1.0-py37h03978a9_2.tar.bz2#3be8e856f5b7726960041ff2fbeee4dd
https://conda.anaconda.org/conda-forge/win-64/xorg-libsm-1.2.3-hcd874cb_1000.tar.bz2#76a765e735668a9922da3d58e746a7a6
https://conda.anaconda.org/conda-forge/noarch/zict-2.0.0-py_0.tar.bz2#4750152be22f24d695b3004c5e1712d3
https://conda.anaconda.org/conda-forge/win-64/asv-0.4.2-py37hf2a7229_2.tar.bz2#2b363fac096f99b0ec02aff7892155c8
https://conda.anaconda.org/conda-forge/win-64/brotlipy-0.7.0-py37hcc03f2d_1001.tar.bz2#5ae82a09056fc8eebd74222f3851c544
https://conda.anaconda.org/conda-forge/win-64/click-8.0.1-py37h03978a9_0.tar.bz2#8048d55b1f205f8e0680646b92690662
https://conda.anaconda.org/conda-forge/win-64/cryptography-3.4.7-py37h20c650d_0.tar.bz2#9e4498c6cd84334d6f3e0332e4f991c2
https://conda.anaconda.org/conda-forge/win-64/curl-7.79.1-h789b8ee_1.tar.bz2#1353aab007eded588e22af8ea3f9ede8
https://conda.anaconda.org/conda-forge/noarch/dask-core-2021.9.1-pyhd8ed1ab_0.tar.bz2#d38922a4d6c96adef5ea38aad3965855
https://conda.anaconda.org/conda-forge/win-64/editdistance-s-1.0.0-py37h8c56517_1.tar.bz2#0753216161f82b18f13ac0197e01e7c8
https://conda.anaconda.org/conda-forge/noarch/flake8-3.9.2-pyhd8ed1ab_0.tar.bz2#37d685abea0a25c921431edda02ad143
https://conda.anaconda.org/conda-forge/win-64/fontconfig-2.13.1-h1989441_1005.tar.bz2#96153d6d40aa79431c5b36484ceccfea
https://conda.anaconda.org/conda-forge/win-64/hdf5-1.12.1-nompi_h2a0e4a3_100.tar.bz2#421662165007a6f78acfefb9d3c1ed40
https://conda.anaconda.org/conda-forge/noarch/importlib_metadata-4.8.1-hd8ed1ab_0.tar.bz2#ce811c521c3a02d7c8ace1cfbd2a0bcd
https://conda.anaconda.org/conda-forge/noarch/jinja2-3.0.1-pyhd8ed1ab_0.tar.bz2#c647e77921fd3e245cdcc5b2d451a0f8
https://conda.anaconda.org/conda-forge/noarch/nodeenv-1.6.0-pyhd8ed1ab_0.tar.bz2#0941325bf48969e2b3b19d0951740950
https://conda.anaconda.org/conda-forge/win-64/numpy-1.21.2-py37h940b05c_0.tar.bz2#7d2f72c0d038f4181c4a091242ef8494
https://conda.anaconda.org/conda-forge/win-64/pillow-6.2.2-py37hc826c6e_0.tar.bz2#d8bc52f6b0ece59c757480eb7c6974ea
https://conda.anaconda.org/conda-forge/noarch/pip-21.2.4-pyhd8ed1ab_0.tar.bz2#4104ada314dd5639ea36cc12bce0a2cd
https://conda.anaconda.org/conda-forge/win-64/proj-8.1.1-h1cfcee9_2.tar.bz2#9fbf47b85bde736bd29734f09251eba1
https://conda.anaconda.org/conda-forge/noarch/pygments-2.10.0-pyhd8ed1ab_0.tar.bz2#32bcce837f1316f1c3208118b6c5e5fc
https://conda.anaconda.org/conda-forge/win-64/pyqt-impl-5.12.3-py37hf2a7229_7.tar.bz2#8f962f9f8aace2f9288c7e72414b5fab
https://conda.anaconda.org/conda-forge/win-64/pysocks-1.7.1-py37h03978a9_3.tar.bz2#57ff67171877b6aa4575b3e9a183b92a
https://conda.anaconda.org/conda-forge/noarch/sphinxcontrib-napoleon-0.7-py_0.tar.bz2#0bc25ff6f2e34af63ded59692df5f749
https://conda.anaconda.org/conda-forge/win-64/virtualenv-20.4.7-py37h03978a9_0.tar.bz2#1376d638b5794ebffcb155ed97b717eb
https://conda.anaconda.org/conda-forge/win-64/xorg-libx11-1.7.2-hcd874cb_0.tar.bz2#fc83d322fcfa4ca466b8529c4a2d259c
https://conda.anaconda.org/conda-forge/win-64/bokeh-2.1.1-py37hc8dfbb8_0.tar.bz2#36dfa4494fa565b30124061a3643b467
https://conda.anaconda.org/conda-forge/win-64/cairo-1.16.0-hb19e0ff_1008.tar.bz2#bfdfe24fd9276c9e9e2a478914767ca0
https://conda.anaconda.org/conda-forge/win-64/cftime-1.5.1-py37hec80d1f_0.tar.bz2#4d278951ec6510feec2ada0ddb4bca11
https://conda.anaconda.org/conda-forge/win-64/distributed-2021.9.1-py37h03978a9_0.tar.bz2#399c30f4e72d384b0b5c837eeb726393
https://conda.anaconda.org/conda-forge/noarch/identify-2.3.0-pyhd8ed1ab_0.tar.bz2#02d844850c80d26b86ede750bc80a6e1
https://conda.anaconda.org/conda-forge/win-64/libnetcdf-4.8.1-nompi_h1cc8e9d_101.tar.bz2#85311ccb4b98d39ff5a6c8223443422c
https://conda.anaconda.org/conda-forge/win-64/matplotlib-base-3.4.3-py37h4a79c79_1.tar.bz2#3280fe5778c0caeabf830e293e7d6c90
https://conda.anaconda.org/conda-forge/win-64/pandas-1.3.3-py37h9386db6_0.tar.bz2#e83e105f03469979a96264a1bf67ae48
https://conda.anaconda.org/conda-forge/noarch/pyopenssl-21.0.0-pyhd8ed1ab_0.tar.bz2#8c49efecb7dca466e18b06015e8c88ce
https://conda.anaconda.org/conda-forge/win-64/pyproj-3.2.1-py37hd4387d0_2.tar.bz2#aaa046ba6dce8761ba5eeea9612dca19
https://conda.anaconda.org/conda-forge/win-64/pyqtchart-5.12-py37hf2a7229_7.tar.bz2#93e0129a5ae9edd920137f26742fcff3
https://conda.anaconda.org/conda-forge/win-64/pyqtwebengine-5.12.1-py37hf2a7229_7.tar.bz2#fdf2c3d9ba162f675f19208cfe0799b7
https://conda.anaconda.org/conda-forge/win-64/python-stratify-0.1.1-py37hebb4d16_1004.tar.bz2#e052914111ecc4788987986598df692c
https://conda.anaconda.org/conda-forge/win-64/pywavelets-1.1.1-py37hec80d1f_3.tar.bz2#9c20c6d7b28bdba5ee702dbf40b1338d
https://conda.anaconda.org/conda-forge/win-64/scipy-1.7.1-py37hb6553fb_0.tar.bz2#bd7e96d46ab1d61e4b078d2f184ef70e
https://conda.anaconda.org/conda-forge/win-64/shapely-1.7.1-py37hc520ffa_5.tar.bz2#2456ccab0ef92adfbe35b4a78f915b55
https://conda.anaconda.org/conda-forge/win-64/xorg-libxext-1.3.4-hcd874cb_1.tar.bz2#237e70b849a9440c2fce725b74412cd6
https://conda.anaconda.org/conda-forge/win-64/xorg-libxt-1.2.1-hcd874cb_2.tar.bz2#75788d7a4edf041cdd0a830f9bcaa3fb
https://conda.anaconda.org/conda-forge/win-64/cartopy-0.20.0-py37hf4b4bce_2.tar.bz2#e81bda019e8f43d3d9a4d87c149aef75
https://conda.anaconda.org/conda-forge/win-64/cf-units-3.0.1.post0-py37hec80d1f_0.tar.bz2#83cf300fe02db711570c06d39848eaff
https://conda.anaconda.org/conda-forge/noarch/dask-2021.9.1-pyhd8ed1ab_0.tar.bz2#91d9ea7399ae9d47d774eca36be5e51f
https://conda.anaconda.org/conda-forge/win-64/harfbuzz-2.9.1-hc601d6f_1.tar.bz2#b4805c76e57b3bbf857c64ab96fd0e94
https://conda.anaconda.org/conda-forge/noarch/imagehash-4.2.1-pyhd8ed1ab_0.tar.bz2#01cc8698b6e1a124dc4f585516c27643
https://conda.anaconda.org/conda-forge/noarch/nc-time-axis-1.3.1-pyhd8ed1ab_2.tar.bz2#d37916d7bf9519a3e3abb902a4c06b69
https://conda.anaconda.org/conda-forge/win-64/netcdf4-1.5.7-nompi_py37h8860187_103.tar.bz2#9f943c684a97dbcaa111ef4bb3c6a360
https://conda.anaconda.org/conda-forge/win-64/pre-commit-2.15.0-py37h03978a9_0.tar.bz2#0b83f6c465bd61781b76af5cfcf3d200
https://conda.anaconda.org/conda-forge/win-64/pyqt-5.12.3-py37h03978a9_7.tar.bz2#146197193dbe4bc1fc04b03933d8f74b
https://conda.anaconda.org/conda-forge/noarch/urllib3-1.26.7-pyhd8ed1ab_0.tar.bz2#be75bab4820a56f77ba1a3fc9139c36a
https://conda.anaconda.org/conda-forge/win-64/xorg-libxpm-3.5.13-hcd874cb_0.tar.bz2#4b31b88585f696327ba79fea3b41f973
https://conda.anaconda.org/conda-forge/win-64/libgd-2.3.3-h8bb91b0_0.tar.bz2#27f3c0dbe124a4245919b58bc5bdc79c
https://conda.anaconda.org/conda-forge/win-64/matplotlib-3.4.3-py37h03978a9_1.tar.bz2#72d5242e4fe75f6444bf449f95206ddc
https://conda.anaconda.org/conda-forge/win-64/pango-1.48.10-hd84fcdd_1.tar.bz2#50ac63afc3eb36ac05571bae308b9ef5
https://conda.anaconda.org/conda-forge/noarch/requests-2.26.0-pyhd8ed1ab_0.tar.bz2#0ed2ccbde6db9dd5789068eb7194463f
https://conda.anaconda.org/conda-forge/win-64/graphviz-2.49.1-hefbd956_0.tar.bz2#82f12a39c0ff69e140d7cc499d7f29ca
https://conda.anaconda.org/conda-forge/noarch/sphinx-4.2.0-pyh6c4a22f_0.tar.bz2#ea5c6881a11a0d9c4d04f1ebae87bb34
https://conda.anaconda.org/conda-forge/noarch/sphinx-copybutton-0.4.0-pyhd8ed1ab_0.tar.bz2#80fd2cc25ad45911b4e42d5b91593e2f
https://conda.anaconda.org/conda-forge/noarch/sphinx-gallery-0.10.0-pyhd8ed1ab_0.tar.bz2#1a8b251e46cec2cc31add6ab5d001832
https://conda.anaconda.org/conda-forge/noarch/sphinx-panels-0.6.0-pyhd8ed1ab_0.tar.bz2#6eec6480601f5d15babf9c3b3987f34a
https://conda.anaconda.org/conda-forge/noarch/sphinx_rtd_theme-1.0.0-pyhd8ed1ab_0.tar.bz2#9f633f2f2869184e31acfeae95b24345
