# Generated by conda-lock.
# platform: linux-64
# env_hash: 6c711a9771dd36da4e85fae63fd584e6a1bba39d304d13e747db86a4f861804e
@EXPLICIT
https://conda.anaconda.org/conda-forge/linux-64/_libgcc_mutex-0.1-conda_forge.tar.bz2#d7c89558ba9fa0495403155b64376d81
https://conda.anaconda.org/conda-forge/linux-64/ca-certificates-2021.5.30-ha878542_0.tar.bz2#6a777890e94194dc94a29a76d2a7e721
https://conda.anaconda.org/conda-forge/noarch/font-ttf-dejavu-sans-mono-2.37-hab24e00_0.tar.bz2#0c96522c6bdaed4b1566d11387caaf45
https://conda.anaconda.org/conda-forge/noarch/font-ttf-inconsolata-3.000-h77eed37_0.tar.bz2#34893075a5c9e55cdafac56607368fc6
https://conda.anaconda.org/conda-forge/noarch/font-ttf-source-code-pro-2.038-h77eed37_0.tar.bz2#4d59c254e01d9cde7957100457e2d5fb
https://conda.anaconda.org/conda-forge/noarch/font-ttf-ubuntu-0.83-hab24e00_0.tar.bz2#19410c3df09dfb12d1206132a1d357c5
https://conda.anaconda.org/conda-forge/linux-64/ld_impl_linux-64-2.36.1-hea4e1c9_1.tar.bz2#2ec77acdfe08d650005b190eadc71d05
https://conda.anaconda.org/conda-forge/linux-64/libgfortran5-9.3.0-hff62375_19.tar.bz2#c2d8da3cb171e4aa642d20c6e4e42a04
https://conda.anaconda.org/conda-forge/linux-64/libstdcxx-ng-9.3.0-h6de172a_19.tar.bz2#cd9a24a8dde03ec0cf0e603b0bea85a1
https://conda.anaconda.org/conda-forge/linux-64/mpi-1.0-mpich.tar.bz2#c1fcff3417b5a22bbc4cf6e8c23648cf
https://conda.anaconda.org/conda-forge/linux-64/mysql-common-8.0.25-ha770c72_2.tar.bz2#b1ba065c6d2b9468035472a9d63e5b08
https://conda.anaconda.org/conda-forge/noarch/fonts-conda-forge-1-0.tar.bz2#f766549260d6815b0c52253f1fb1bb29
https://conda.anaconda.org/conda-forge/linux-64/libgfortran-ng-9.3.0-hff62375_19.tar.bz2#aea379bd68fdcdf9499fa1453f852ac1
https://conda.anaconda.org/conda-forge/linux-64/libgomp-9.3.0-h2828fa1_19.tar.bz2#ab0a307912033126da02507b59e79ec9
https://conda.anaconda.org/conda-forge/linux-64/_openmp_mutex-4.5-1_gnu.tar.bz2#561e277319a41d4f24f5c05a9ef63c04
https://conda.anaconda.org/conda-forge/noarch/fonts-conda-ecosystem-1-0.tar.bz2#fee5683a3f04bd15cbd8318b096a27ab
https://conda.anaconda.org/conda-forge/linux-64/libgcc-ng-9.3.0-h2828fa1_19.tar.bz2#9d5cdfc51476ee4dcdd96ed2dca3f943
https://conda.anaconda.org/conda-forge/linux-64/alsa-lib-1.2.3-h516909a_0.tar.bz2#1378b88874f42ac31b2f8e4f6975cb7b
https://conda.anaconda.org/conda-forge/linux-64/bzip2-1.0.8-h7f98852_4.tar.bz2#a1fd65c7ccbf10880423d82bca54eb54
https://conda.anaconda.org/conda-forge/linux-64/c-ares-1.17.1-h7f98852_1.tar.bz2#ed1dc233ed5e3eaa9bfbaac64d130c5e
https://conda.anaconda.org/conda-forge/linux-64/expat-2.4.1-h9c3ff4c_0.tar.bz2#16054ef3cb3ec5d8d29d08772662f65d
https://conda.anaconda.org/conda-forge/linux-64/fribidi-1.0.10-h36c2ea0_0.tar.bz2#ac7bc6a654f8f41b352b38f4051135f8
https://conda.anaconda.org/conda-forge/linux-64/geos-3.9.1-h9c3ff4c_2.tar.bz2#b9a6d9422aed3ad84ec6ccee9bfcaa0f
https://conda.anaconda.org/conda-forge/linux-64/giflib-5.2.1-h36c2ea0_2.tar.bz2#626e68ae9cc5912d6adb79d318cf962d
https://conda.anaconda.org/conda-forge/linux-64/graphite2-1.3.13-h58526e2_1001.tar.bz2#8c54672728e8ec6aa6db90cf2806d220
https://conda.anaconda.org/conda-forge/linux-64/icu-68.1-h58526e2_0.tar.bz2#fc7a4271dc2a7f4fd78cd63695baf7c3
https://conda.anaconda.org/conda-forge/linux-64/jbig-2.1-h7f98852_2003.tar.bz2#1aa0cee79792fa97b7ff4545110b60bf
https://conda.anaconda.org/conda-forge/linux-64/jpeg-9d-h36c2ea0_0.tar.bz2#ea02ce6037dbe81803ae6123e5ba1568
https://conda.anaconda.org/conda-forge/linux-64/lerc-2.2.1-h9c3ff4c_0.tar.bz2#ea833dcaeb9e7ac4fac521f1a7abec82
https://conda.anaconda.org/conda-forge/linux-64/libdeflate-1.7-h7f98852_5.tar.bz2#10e242842cd30c59c12d79371dc0f583
https://conda.anaconda.org/conda-forge/linux-64/libev-4.33-h516909a_1.tar.bz2#6f8720dff19e17ce5d48cfe7f3d2f0a3
https://conda.anaconda.org/conda-forge/linux-64/libffi-3.3-h58526e2_2.tar.bz2#665369991d8dd290ac5ee92fce3e6bf5
https://conda.anaconda.org/conda-forge/linux-64/libiconv-1.16-h516909a_0.tar.bz2#5c0f338a513a2943c659ae619fca9211
https://conda.anaconda.org/conda-forge/linux-64/libmo_unpack-3.1.2-hf484d3e_1001.tar.bz2#95f32a6a5a666d33886ca5627239f03d
https://conda.anaconda.org/conda-forge/linux-64/libogg-1.3.4-h7f98852_1.tar.bz2#6e8cc2173440d77708196c5b93771680
https://conda.anaconda.org/conda-forge/linux-64/libopenblas-0.3.15-pthreads_h8fe5266_1.tar.bz2#bb5527a16584426a897f22643d9a36a6
https://conda.anaconda.org/conda-forge/linux-64/libopus-1.3.1-h7f98852_1.tar.bz2#15345e56d527b330e1cacbdf58676e8f
https://conda.anaconda.org/conda-forge/linux-64/libtool-2.4.6-h58526e2_1007.tar.bz2#7f6569a0c2f27acb8fc90600b382e544
https://conda.anaconda.org/conda-forge/linux-64/libuuid-2.32.1-h7f98852_1000.tar.bz2#772d69f030955d9646d3d0eaf21d859d
https://conda.anaconda.org/conda-forge/linux-64/libwebp-base-1.2.0-h7f98852_2.tar.bz2#fb63a035a3b552c88a30d84b89ebf4c4
https://conda.anaconda.org/conda-forge/linux-64/lz4-c-1.9.3-h9c3ff4c_0.tar.bz2#4eb64ee0d5cd43096ffcf843c76b05d4
https://conda.anaconda.org/conda-forge/linux-64/mpich-3.4.2-h846660c_100.tar.bz2#0868d02349fc7e128d4bdc515b58dd7e
https://conda.anaconda.org/conda-forge/linux-64/ncurses-6.2-h58526e2_4.tar.bz2#509f2a21c4a09214cd737a480dfd80c9
https://conda.anaconda.org/conda-forge/linux-64/nspr-4.30-h9c3ff4c_0.tar.bz2#e6dc1f8f6e0bcebe8e3d8a5bca258dbe
https://conda.anaconda.org/conda-forge/linux-64/openssl-1.1.1k-h7f98852_0.tar.bz2#07fae2cb088379c8441e0f3ffa1f4025
https://conda.anaconda.org/conda-forge/linux-64/pcre-8.45-h9c3ff4c_0.tar.bz2#c05d1820a6d34ff07aaaab7a9b7eddaa
https://conda.anaconda.org/conda-forge/linux-64/pixman-0.40.0-h36c2ea0_0.tar.bz2#660e72c82f2e75a6b3fe6a6e75c79f19
https://conda.anaconda.org/conda-forge/linux-64/pthread-stubs-0.4-h36c2ea0_1001.tar.bz2#22dad4df6e8630e8dff2428f6f6a7036
https://conda.anaconda.org/conda-forge/linux-64/xorg-kbproto-1.0.7-h7f98852_1002.tar.bz2#4b230e8381279d76131116660f5a241a
https://conda.anaconda.org/conda-forge/linux-64/xorg-libice-1.0.10-h7f98852_0.tar.bz2#d6b0b50b49eccfe0be0373be628be0f3
https://conda.anaconda.org/conda-forge/linux-64/xorg-libxau-1.0.9-h7f98852_0.tar.bz2#bf6f803a544f26ebbdc3bfff272eb179
https://conda.anaconda.org/conda-forge/linux-64/xorg-libxdmcp-1.1.3-h7f98852_0.tar.bz2#be93aabceefa2fac576e971aef407908
https://conda.anaconda.org/conda-forge/linux-64/xorg-renderproto-0.11.1-h7f98852_1002.tar.bz2#06feff3d2634e3097ce2fe681474b534
https://conda.anaconda.org/conda-forge/linux-64/xorg-xextproto-7.3.0-h7f98852_1002.tar.bz2#1e15f6ad85a7d743a2ac68dae6c82b98
https://conda.anaconda.org/conda-forge/linux-64/xorg-xproto-7.0.31-h7f98852_1007.tar.bz2#b4a4381d54784606820704f7b5f05a15
https://conda.anaconda.org/conda-forge/linux-64/xxhash-0.8.0-h7f98852_3.tar.bz2#52402c791f35e414e704b7a113f99605
https://conda.anaconda.org/conda-forge/linux-64/xz-5.2.5-h516909a_1.tar.bz2#33f601066901f3e1a85af3522a8113f9
https://conda.anaconda.org/conda-forge/linux-64/yaml-0.2.5-h516909a_0.tar.bz2#03a530e925414902547cf48da7756db8
https://conda.anaconda.org/conda-forge/linux-64/zlib-1.2.11-h516909a_1010.tar.bz2#339cc5584e6d26bc73a875ba900028c3
https://conda.anaconda.org/conda-forge/linux-64/gettext-0.19.8.1-h0b5b191_1005.tar.bz2#ff6f69b593a9e74c0e6b61908ac513fa
https://conda.anaconda.org/conda-forge/linux-64/hdf4-4.2.15-h10796ff_3.tar.bz2#21a8d66dc17f065023b33145c42652fe
https://conda.anaconda.org/conda-forge/linux-64/libblas-3.9.0-9_openblas.tar.bz2#5f08755e98b2a43ca68124e629a5a0cb
https://conda.anaconda.org/conda-forge/linux-64/libedit-3.1.20191231-he28a2e2_2.tar.bz2#4d331e44109e3f0e19b4cb8f9b82f3e1
https://conda.anaconda.org/conda-forge/linux-64/libevent-2.1.10-hcdb4288_3.tar.bz2#d8f51405997093ff1799ded7650439c4
https://conda.anaconda.org/conda-forge/linux-64/libllvm11-11.1.0-hf817b99_2.tar.bz2#646fa2f7c60b69ee8f918668e9c2fd31
https://conda.anaconda.org/conda-forge/linux-64/libnghttp2-1.43.0-h812cca2_0.tar.bz2#1867d1e9658596b3fac8847a7702eef4
https://conda.anaconda.org/conda-forge/linux-64/libpng-1.6.37-h21135ba_2.tar.bz2#b6acf807307d033d4b7e758b4f44b036
https://conda.anaconda.org/conda-forge/linux-64/libssh2-1.9.0-ha56f1ee_6.tar.bz2#f0dfb86444df325e599dbc3f4c0a3f5b
https://conda.anaconda.org/conda-forge/linux-64/libvorbis-1.3.7-h9c3ff4c_0.tar.bz2#309dec04b70a3cc0f1e84a4013683bc0
https://conda.anaconda.org/conda-forge/linux-64/libxcb-1.13-h7f98852_1003.tar.bz2#a9371e9e40aded194dcba1447606c9a1
https://conda.anaconda.org/conda-forge/linux-64/libxml2-2.9.12-h72842e0_0.tar.bz2#bd14fdf5b9ee5568056a40a6a2f41866
https://conda.anaconda.org/conda-forge/linux-64/libzip-1.8.0-h4de3113_0.tar.bz2#2d1b63c574f3e11157a07313e58ba7af
https://conda.anaconda.org/conda-forge/linux-64/readline-8.1-h46c0cb4_0.tar.bz2#5788de3c8d7a7d64ac56c784c4ef48e6
https://conda.anaconda.org/conda-forge/linux-64/tk-8.6.10-h21135ba_1.tar.bz2#c647f70aa7e3d4cc4e029cc1c9a99953
https://conda.anaconda.org/conda-forge/linux-64/udunits2-2.2.27.27-h975c496_1.tar.bz2#e663bd5dbc8cc4c1647d9f51cf25872c
https://conda.anaconda.org/conda-forge/linux-64/xorg-libsm-1.2.3-hd9c2040_1000.tar.bz2#9e856f78d5c80d5a78f61e72d1d473a3
https://conda.anaconda.org/conda-forge/linux-64/zstd-1.5.0-ha95c52a_0.tar.bz2#b56f94865e2de36abf054e7bfa499034
https://conda.anaconda.org/conda-forge/linux-64/freetype-2.10.4-h0708190_1.tar.bz2#4a06f2ac2e5bfae7b6b245171c3f07aa
https://conda.anaconda.org/conda-forge/linux-64/krb5-1.19.1-hcc1bbae_0.tar.bz2#59b0695a515a6c54d45463dbf208ae38
https://conda.anaconda.org/conda-forge/linux-64/libcblas-3.9.0-9_openblas.tar.bz2#edee85b4f83376ceae81e0975b8bffa2
https://conda.anaconda.org/conda-forge/linux-64/libclang-11.1.0-default_ha53f305_1.tar.bz2#b9b71585ca4fcb5d442c5a9df5dd7e98
https://conda.anaconda.org/conda-forge/linux-64/libglib-2.68.3-h3e27bee_0.tar.bz2#99416a3287216de097d503b827ad0bde
https://conda.anaconda.org/conda-forge/linux-64/liblapack-3.9.0-9_openblas.tar.bz2#572d84ab07962986f6dd8e4637a475ca
https://conda.anaconda.org/conda-forge/linux-64/libtiff-4.3.0-hf544144_1.tar.bz2#a65a4158716bd7d95bfa69bcfd83081c
https://conda.anaconda.org/conda-forge/linux-64/libxkbcommon-1.0.3-he3ba5ed_0.tar.bz2#f9dbabc7e01c459ed7a1d1d64b206e9b
https://conda.anaconda.org/conda-forge/linux-64/mysql-libs-8.0.25-hfa10184_2.tar.bz2#5a35fdd2da4c2d5fdf20575d39c232e5
https://conda.anaconda.org/conda-forge/linux-64/sqlite-3.36.0-h9cd32fc_0.tar.bz2#d5bbac924cbda57469f43448d5236a50
https://conda.anaconda.org/conda-forge/linux-64/xorg-libx11-1.7.2-h7f98852_0.tar.bz2#12a61e640b8894504326aadafccbb790
https://conda.anaconda.org/conda-forge/linux-64/atk-1.0-2.36.0-h3371d22_4.tar.bz2#661e1ed5d92552785d9f8c781ce68685
https://conda.anaconda.org/conda-forge/linux-64/fontconfig-2.13.1-hba837de_1005.tar.bz2#fd3611672eb91bc9d24fd6fb970037eb
https://conda.anaconda.org/conda-forge/linux-64/gdk-pixbuf-2.42.6-h04a7f16_0.tar.bz2#b24a1e18325a6e8f8b6b4a2ec5860ce2
https://conda.anaconda.org/conda-forge/linux-64/glib-tools-2.68.3-h9c3ff4c_0.tar.bz2#2e9275303dd09a2e245faf31770a1416
https://conda.anaconda.org/conda-forge/linux-64/gstreamer-1.18.4-h76c114f_2.tar.bz2#5db765d4974fa89f64c1544eb2a552cb
https://conda.anaconda.org/conda-forge/linux-64/gts-0.7.6-h64030ff_2.tar.bz2#112eb9b5b93f0c02e59aea4fd1967363
https://conda.anaconda.org/conda-forge/linux-64/lcms2-2.12-hddcbb42_0.tar.bz2#797117394a4aa588de6d741b06fad80f
https://conda.anaconda.org/conda-forge/linux-64/libcurl-7.77.0-h2574ce0_0.tar.bz2#05cf8dca8408b5f1ffcc5e2d5a7c5da2
https://conda.anaconda.org/conda-forge/linux-64/libpq-13.3-hd57d9b9_0.tar.bz2#66ef2cacc483205b7d303f7b02601c3b
https://conda.anaconda.org/conda-forge/linux-64/libwebp-1.2.0-h3452ae3_0.tar.bz2#8f4e19a8988c38feec7db41bcd0bf0d0
https://conda.anaconda.org/conda-forge/linux-64/nss-3.67-hb5efdd6_0.tar.bz2#3f2a4bc7d5fded1327ff1b8c61faae53
https://conda.anaconda.org/conda-forge/linux-64/python-3.7.10-hffdb5ce_100_cpython.tar.bz2#7425fffa658971915f595e9110163c3c
https://conda.anaconda.org/conda-forge/linux-64/xorg-libxext-1.3.4-h7f98852_1.tar.bz2#536cc5db4d0a3ba0630541aec064b5e4
https://conda.anaconda.org/conda-forge/linux-64/xorg-libxrender-0.9.10-h7f98852_1003.tar.bz2#f59c1242cc1dd93e72c2ee2b360979eb
https://conda.anaconda.org/conda-forge/noarch/alabaster-0.7.12-py_0.tar.bz2#2489a97287f90176ecdc3ca982b4b0a0
https://conda.anaconda.org/conda-forge/noarch/appdirs-1.4.4-pyh9f0ad1d_0.tar.bz2#5f095bc6454094e96f146491fd03633b
https://conda.anaconda.org/conda-forge/linux-64/cairo-1.16.0-h6cf1ce9_1008.tar.bz2#a43fb47d15e116f8be4be7e6b17ab59f
https://conda.anaconda.org/conda-forge/noarch/charset-normalizer-2.0.0-pyhd8ed1ab_0.tar.bz2#4a57e24d5b759893615c05926b7b5fb9
https://conda.anaconda.org/conda-forge/noarch/cloudpickle-1.6.0-py_0.tar.bz2#76d764d8881719e305f6fa368dc2b65e
https://conda.anaconda.org/conda-forge/noarch/colorama-0.4.4-pyh9f0ad1d_0.tar.bz2#c08b4c1326b880ed44f3ffb04803332f
https://conda.anaconda.org/conda-forge/linux-64/curl-7.77.0-hea6ffbf_0.tar.bz2#7d1168349d6fba67ae1fdf61970b83e1
https://conda.anaconda.org/conda-forge/noarch/distlib-0.3.2-pyhd8ed1ab_0.tar.bz2#ae8b866c376568b0342ae2c9b68f1e65
https://conda.anaconda.org/conda-forge/noarch/filelock-3.0.12-pyh9f0ad1d_0.tar.bz2#7544ed05bbbe9bb687bc9bcbe4d6cb46
https://conda.anaconda.org/conda-forge/noarch/fsspec-2021.7.0-pyhd8ed1ab_0.tar.bz2#84fdd43802084b7c414db36b33538ea3
https://conda.anaconda.org/conda-forge/linux-64/glib-2.68.3-h9c3ff4c_0.tar.bz2#90e989058c8b42e3ddee1560c534313b
https://conda.anaconda.org/conda-forge/linux-64/gst-plugins-base-1.18.4-hf529b03_2.tar.bz2#526fadaa13ec264cb919436953bc2766
https://conda.anaconda.org/conda-forge/linux-64/hdf5-1.10.6-mpi_mpich_h996c276_1014.tar.bz2#6af2e2e4dfb0ef36c35042cd69a1599d
https://conda.anaconda.org/conda-forge/noarch/heapdict-1.0.1-py_0.tar.bz2#77242bfb1e74a627fb06319b5a2d3b95
https://conda.anaconda.org/conda-forge/noarch/idna-3.1-pyhd3deb0d_0.tar.bz2#9c9aea4b8391264477df484f798562d0
https://conda.anaconda.org/conda-forge/noarch/imagesize-1.2.0-py_0.tar.bz2#5879bd2c4b399a5072468e5fe587bf1b
https://conda.anaconda.org/conda-forge/noarch/iris-sample-data-2.3.0-pyh9f0ad1d_0.tar.bz2#e4a33192da1a6dc4967ba18c6c765945
https://conda.anaconda.org/conda-forge/linux-64/libgd-2.3.2-h78a0170_0.tar.bz2#ac0c23e6f3bbb61569781f00b5666f97
https://conda.anaconda.org/conda-forge/noarch/locket-0.2.0-py_2.tar.bz2#709e8671651c7ec3d1ad07800339ff1d
https://conda.anaconda.org/conda-forge/noarch/nose-1.3.7-py_1006.tar.bz2#382019d5f8e9362ef6f60a8d4e7bce8f
https://conda.anaconda.org/conda-forge/noarch/olefile-0.46-pyh9f0ad1d_1.tar.bz2#0b2e68acc8c78c8cc392b90983481f58
https://conda.anaconda.org/conda-forge/linux-64/proj-7.2.0-h277dcde_2.tar.bz2#db654ee11298d3463bad67445707654c
https://conda.anaconda.org/conda-forge/noarch/pycparser-2.20-pyh9f0ad1d_2.tar.bz2#aa798d50ffd182a0f6f31478c7f434f6
https://conda.anaconda.org/conda-forge/noarch/pyparsing-2.4.7-pyh9f0ad1d_0.tar.bz2#626c4f20d5bf06dcec9cf2eaa31725c7
https://conda.anaconda.org/conda-forge/noarch/pyshp-2.1.3-pyh44b312d_0.tar.bz2#2d1867b980785eb44b8122184d8b42a6
https://conda.anaconda.org/conda-forge/linux-64/python_abi-3.7-2_cp37m.tar.bz2#afff88bf9a7048da740c70aeb8cdbb82
https://conda.anaconda.org/conda-forge/noarch/pytz-2021.1-pyhd8ed1ab_0.tar.bz2#3af2e9424d5eb0063824a3f9b850d411
https://conda.anaconda.org/conda-forge/noarch/six-1.16.0-pyh6c4a22f_0.tar.bz2#e5f25f8dbc060e9a8d912e432202afc2
https://conda.anaconda.org/conda-forge/noarch/snowballstemmer-2.1.0-pyhd8ed1ab_0.tar.bz2#f1d64c0cf0eedf655a96ccdc1573c05a
https://conda.anaconda.org/conda-forge/noarch/sortedcontainers-2.4.0-pyhd8ed1ab_0.tar.bz2#6d6552722448103793743dabfbda532d
https://conda.anaconda.org/conda-forge/noarch/sphinxcontrib-applehelp-1.0.2-py_0.tar.bz2#20b2eaeaeea4ef9a9a0d99770620fd09
https://conda.anaconda.org/conda-forge/noarch/sphinxcontrib-devhelp-1.0.2-py_0.tar.bz2#68e01cac9d38d0e717cd5c87bc3d2cc9
https://conda.anaconda.org/conda-forge/noarch/sphinxcontrib-htmlhelp-2.0.0-pyhd8ed1ab_0.tar.bz2#77dad82eb9c8c1525ff7953e0756d708
https://conda.anaconda.org/conda-forge/noarch/sphinxcontrib-jsmath-1.0.1-py_0.tar.bz2#67cd9d9c0382d37479b4d306c369a2d4
https://conda.anaconda.org/conda-forge/noarch/sphinxcontrib-qthelp-1.0.3-py_0.tar.bz2#d01180388e6d1838c3e1ad029590aa7a
https://conda.anaconda.org/conda-forge/noarch/sphinxcontrib-serializinghtml-1.1.5-pyhd8ed1ab_0.tar.bz2#60e630285f44af05767dcb7f473ee03f
https://conda.anaconda.org/conda-forge/noarch/tblib-1.7.0-pyhd8ed1ab_0.tar.bz2#3d4afc31302aa7be471feb6be048ed76
https://conda.anaconda.org/conda-forge/noarch/toml-0.10.2-pyhd8ed1ab_0.tar.bz2#f832c45a477c78bebd107098db465095
https://conda.anaconda.org/conda-forge/noarch/toolz-0.11.1-py_0.tar.bz2#d1e66b58cb00b3817ad9f05eec098c00
https://conda.anaconda.org/conda-forge/noarch/typing_extensions-3.10.0.0-pyha770c72_0.tar.bz2#67c0cba6533b641f28946d7c16f361c8
https://conda.anaconda.org/conda-forge/noarch/wheel-0.36.2-pyhd3deb0d_0.tar.bz2#768bfbe026426d0e76b377997d1f2b98
https://conda.anaconda.org/conda-forge/noarch/zipp-3.5.0-pyhd8ed1ab_0.tar.bz2#f9dd05a5ed6b81c91f097e3739107a74
https://conda.anaconda.org/conda-forge/linux-64/antlr-python-runtime-4.7.2-py37h89c1867_1002.tar.bz2#cf3aeeb80dbd517761019a8edcd5b108
https://conda.anaconda.org/conda-forge/noarch/babel-2.9.1-pyh44b312d_0.tar.bz2#74136ed39bfea0832d338df1e58d013e
https://conda.anaconda.org/conda-forge/linux-64/certifi-2021.5.30-py37h89c1867_0.tar.bz2#105f18ae8597a5f4d4e3188bcb06c796
https://conda.anaconda.org/conda-forge/linux-64/cffi-1.14.6-py37hc58025e_0.tar.bz2#22353c1d4290972e3ed35e50af0b9c70
https://conda.anaconda.org/conda-forge/noarch/cfgv-3.3.0-pyhd8ed1ab_0.tar.bz2#a739adbf102868f675bf70601e0af7ea
https://conda.anaconda.org/conda-forge/linux-64/chardet-4.0.0-py37h89c1867_1.tar.bz2#f4fbd4721b80f0d6b53b3a3374914068
https://conda.anaconda.org/conda-forge/noarch/cycler-0.10.0-py_2.tar.bz2#f6d7c7e6d8f42cbbec7e07a8d879f91c
https://conda.anaconda.org/conda-forge/linux-64/cython-0.29.24-py37hcd2ae1e_0.tar.bz2#254a23562f74201cd69ff2df5368c960
https://conda.anaconda.org/conda-forge/linux-64/cytoolz-0.11.0-py37h5e8e339_3.tar.bz2#2e89a6f3baf5eeb13763f61ea3d0601f
https://conda.anaconda.org/conda-forge/linux-64/dbus-1.13.6-h48d8840_2.tar.bz2#eba672c69baf366fdedd1c6f702dbb81
https://conda.anaconda.org/conda-forge/linux-64/docutils-0.16-py37h89c1867_3.tar.bz2#3da23bcf1d502670cec18fd3a04f409b
https://conda.anaconda.org/conda-forge/linux-64/harfbuzz-2.8.2-h83ec7ef_0.tar.bz2#5dbbfef72138c2849d7486f5b17db010
https://conda.anaconda.org/conda-forge/linux-64/importlib-metadata-4.6.1-py37h89c1867_0.tar.bz2#30ed682e2aa91a4a491ec805b501321e
https://conda.anaconda.org/conda-forge/linux-64/kiwisolver-1.3.1-py37h2527ec5_1.tar.bz2#61149814e0ea71cb5b44881c65d25f7b
https://conda.anaconda.org/conda-forge/linux-64/libnetcdf-4.8.0-mpi_mpich_hf07302c_2.tar.bz2#d76a3f327eb8e26b5ce6b042ac1abeb3
https://conda.anaconda.org/conda-forge/linux-64/markupsafe-2.0.1-py37h5e8e339_0.tar.bz2#90ad307f6997784664de956e09ec689e
https://conda.anaconda.org/conda-forge/linux-64/mpi4py-3.0.3-py37h1e5cb63_7.tar.bz2#1c0450be22dc0fbffaabab1f415705d5
https://conda.anaconda.org/conda-forge/linux-64/msgpack-python-1.0.2-py37h2527ec5_1.tar.bz2#07952b04eee02d873daa311a35b27454
https://conda.anaconda.org/conda-forge/linux-64/numpy-1.21.0-py37h038b26d_0.tar.bz2#bfafd109a1e559dcadd211cd6bc3d298
https://conda.anaconda.org/conda-forge/noarch/packaging-21.0-pyhd8ed1ab_0.tar.bz2#45cfb8e482b5cce8f07c87e0e19a592c
https://conda.anaconda.org/conda-forge/noarch/partd-1.2.0-pyhd8ed1ab_0.tar.bz2#0c32f563d7f22e3a34c95cad8cc95651
https://conda.anaconda.org/conda-forge/linux-64/pillow-6.2.2-py37h718be6c_0.tar.bz2#ecac4e308b87ff93d44ea5e56ab39084
https://conda.anaconda.org/conda-forge/noarch/pockets-0.9.1-py_0.tar.bz2#1b52f0c42e8077e5a33e00fe72269364
https://conda.anaconda.org/conda-forge/linux-64/psutil-5.8.0-py37h5e8e339_1.tar.bz2#2923250371b05e798f3732531cdb5300
https://conda.anaconda.org/conda-forge/linux-64/pyqt5-sip-4.19.18-py37hcd2ae1e_7.tar.bz2#f94e01aa4abd458b556d68fdb5f19b99
https://conda.anaconda.org/conda-forge/linux-64/pysocks-1.7.1-py37h89c1867_3.tar.bz2#bd069d59ee91a2e26552cd7bb4c64032
https://conda.anaconda.org/conda-forge/noarch/python-dateutil-2.8.2-pyhd8ed1ab_0.tar.bz2#dd999d1cc9f79e67dbb855c8924c7984
https://conda.anaconda.org/conda-forge/linux-64/python-xxhash-2.0.2-py37h5e8e339_0.tar.bz2#3f1e633378cd3c8b1ce13b3f2f5eadd7
https://conda.anaconda.org/conda-forge/linux-64/pyyaml-5.4.1-py37h5e8e339_0.tar.bz2#090550b9425fe9a87dc1ec7fde201633
https://conda.anaconda.org/conda-forge/linux-64/tornado-6.1-py37h5e8e339_1.tar.bz2#92449128c4639feae48d731ef2186099
https://conda.anaconda.org/conda-forge/noarch/zict-2.0.0-py_0.tar.bz2#4750152be22f24d695b3004c5e1712d3
https://conda.anaconda.org/conda-forge/linux-64/brotlipy-0.7.0-py37h5e8e339_1001.tar.bz2#871eed4ba322e7b3f200956a096b34e7
https://conda.anaconda.org/conda-forge/linux-64/cftime-1.2.1-py37h161383b_1.tar.bz2#314ca8b00ed742f8c46a6cc68d84d90f
https://conda.anaconda.org/conda-forge/linux-64/click-8.0.1-py37h89c1867_0.tar.bz2#bb1ad97b5d8626f662b753f620c3c913
https://conda.anaconda.org/conda-forge/linux-64/cryptography-3.4.7-py37h5d9358c_0.tar.bz2#d811fb6a96ae0cf8c0a17457a8e67ff4
https://conda.anaconda.org/conda-forge/noarch/dask-core-2021.7.0-pyhd8ed1ab_0.tar.bz2#6d5a65de117d7c01079df5b258f411c4
https://conda.anaconda.org/conda-forge/linux-64/editdistance-s-1.0.0-py37h2527ec5_1.tar.bz2#100918f43247cedad74f2cf8dcbda5bc
https://conda.anaconda.org/conda-forge/noarch/importlib_metadata-4.6.1-hd8ed1ab_0.tar.bz2#d5ff9abb27ab799d4a730e86aa0c5aeb
https://conda.anaconda.org/conda-forge/noarch/jinja2-3.0.1-pyhd8ed1ab_0.tar.bz2#c647e77921fd3e245cdcc5b2d451a0f8
https://conda.anaconda.org/conda-forge/linux-64/mo_pack-0.2.0-py37h6f94858_1005.tar.bz2#6b203f153bcc537f836ac50c4d9a2e16
https://conda.anaconda.org/conda-forge/linux-64/netcdf-fortran-4.5.3-mpi_mpich_h196b126_4.tar.bz2#e058f42a78ea8c965cf7335e28143c59
https://conda.anaconda.org/conda-forge/linux-64/pandas-1.3.0-py37h219a48f_0.tar.bz2#a93ff5e091f5f273dc927345d5a27df8
https://conda.anaconda.org/conda-forge/linux-64/pango-1.48.7-hb8ff022_0.tar.bz2#b5369c84cb393601c7b3193fcf52a41b
https://conda.anaconda.org/conda-forge/linux-64/python-stratify-0.1.1-py37h6f94858_1004.tar.bz2#42b37830a63405589fef3d13db505e7d
https://conda.anaconda.org/conda-forge/linux-64/pywavelets-1.1.1-py37h902c9e0_3.tar.bz2#104648a5a091a493046a62704eef5c49
https://conda.anaconda.org/conda-forge/linux-64/qt-5.12.9-hda022c4_4.tar.bz2#afebab1f5049d66baaaec67d9ce893f0
https://conda.anaconda.org/conda-forge/linux-64/scipy-1.7.0-py37h29e03ee_0.tar.bz2#685172ce967c6877e22c1a8907366267
https://conda.anaconda.org/conda-forge/linux-64/setuptools-49.6.0-py37h89c1867_3.tar.bz2#928c178bf6805b8ab71fabaa620e0234
https://conda.anaconda.org/conda-forge/linux-64/shapely-1.7.1-py37h2d1e849_5.tar.bz2#451beb59aca4c165e68fbe8be3a37149
https://conda.anaconda.org/conda-forge/noarch/sphinxcontrib-napoleon-0.7-py_0.tar.bz2#0bc25ff6f2e34af63ded59692df5f749
https://conda.anaconda.org/conda-forge/linux-64/virtualenv-20.4.7-py37h89c1867_0.tar.bz2#50087f16f1a71581a0327956c80debc2
https://conda.anaconda.org/conda-forge/linux-64/asv-0.4.2-py37hcd2ae1e_2.tar.bz2#a539a23d322e3976dda4af86e59b31ce
https://conda.anaconda.org/conda-forge/linux-64/bokeh-2.1.1-py37hc8dfbb8_0.tar.bz2#0927f1a093279ba797f014c5e484a58f
https://conda.anaconda.org/conda-forge/linux-64/cf-units-3.0.1-py37h6f94858_0.tar.bz2#ab9f33d5a97d6eb8ddfb5f3df7820afa
https://conda.anaconda.org/conda-forge/linux-64/distributed-2021.7.0-py37h89c1867_0.tar.bz2#3ebc0e0f116e0f82d30b1d44569a36a3
https://conda.anaconda.org/conda-forge/linux-64/esmf-8.1.1-mpi_mpich_h3dcaa78_100.tar.bz2#5b4bab1017226f2c03ba0fe02b783316
https://conda.anaconda.org/conda-forge/linux-64/gtk2-2.24.33-h539f30e_1.tar.bz2#606777b4da3664d5c9415f5f165349fd
https://conda.anaconda.org/conda-forge/noarch/identify-2.2.11-pyhd8ed1ab_0.tar.bz2#1a14209edbd9d09ca8c0d7a116de4457
https://conda.anaconda.org/conda-forge/noarch/imagehash-4.2.1-pyhd8ed1ab_0.tar.bz2#01cc8698b6e1a124dc4f585516c27643
https://conda.anaconda.org/conda-forge/linux-64/librsvg-2.50.7-hc3c00ef_0.tar.bz2#63fb96444e336b3d937921223dd9a481
https://conda.anaconda.org/conda-forge/linux-64/matplotlib-base-3.4.2-py37hdd32ed1_0.tar.bz2#ee755b80aae171058a46c5d7badd08ff
https://conda.anaconda.org/conda-forge/linux-64/netcdf4-1.5.7-nompi_py37h946d57d_100.tar.bz2#217487caeb2c4cecb25f86d99cbe53b6
https://conda.anaconda.org/conda-forge/noarch/nodeenv-1.6.0-pyhd8ed1ab_0.tar.bz2#0941325bf48969e2b3b19d0951740950
https://conda.anaconda.org/conda-forge/noarch/pip-21.1.3-pyhd8ed1ab_0.tar.bz2#231bd0af116f55ca4d17ea0869415fdf
https://conda.anaconda.org/conda-forge/noarch/pygments-2.9.0-pyhd8ed1ab_0.tar.bz2#a2d9bba43c9b80a42b0ccb9afd7223c2
https://conda.anaconda.org/conda-forge/noarch/pyopenssl-20.0.1-pyhd8ed1ab_0.tar.bz2#92371c25994d0f5d28a01c1fb75ebf86
https://conda.anaconda.org/conda-forge/linux-64/pyqt-impl-5.12.3-py37he336c9b_7.tar.bz2#303251d6f2b9e60a0cd79480cf8507d2
https://conda.anaconda.org/conda-forge/linux-64/cartopy-0.19.0.post1-py37h0c48da3_0.tar.bz2#44add1e9550c8caf69ce64561ce73035
https://conda.anaconda.org/conda-forge/noarch/dask-2021.7.0-pyhd8ed1ab_0.tar.bz2#fd786e1160db45a20d66992d8e1833d3
https://conda.anaconda.org/conda-forge/linux-64/esmpy-8.1.1-mpi_mpich_py37hf719a8e_100.tar.bz2#d608536dd44b60da923950c60619583d
https://conda.anaconda.org/conda-forge/linux-64/graphviz-2.47.3-h85b4f2f_0.tar.bz2#099cc43ac1c5bcce50318a9fc14a1d49
https://conda.anaconda.org/conda-forge/noarch/nc-time-axis-1.2.0-pyhd8ed1ab_2.tar.bz2#ca7d092db9ebbd9a0102710e8d4b4a28
https://conda.anaconda.org/conda-forge/linux-64/pre-commit-2.13.0-py37h89c1867_0.tar.bz2#a2ddf76626c4e7481f106fa08d5d77c5
https://conda.anaconda.org/conda-forge/linux-64/pyqtchart-5.12-py37he336c9b_7.tar.bz2#2b1959f3a87b5ad66690340ef921323c
https://conda.anaconda.org/conda-forge/linux-64/pyqtwebengine-5.12.1-py37he336c9b_7.tar.bz2#15f5cbcafb4889bb41da2a0a0e338f2a
https://conda.anaconda.org/conda-forge/noarch/pyugrid-0.3.1-py_2.tar.bz2#7d7361886fbcf2be663fd185bf6d244d
https://conda.anaconda.org/conda-forge/noarch/urllib3-1.26.6-pyhd8ed1ab_0.tar.bz2#dea5b6d93cfbfbc2a253168ad05b3f89
https://conda.anaconda.org/conda-forge/linux-64/pyqt-5.12.3-py37h89c1867_7.tar.bz2#1754ec587a9ac26e9507fea7eb6bebc2
https://conda.anaconda.org/conda-forge/noarch/requests-2.26.0-pyhd8ed1ab_0.tar.bz2#0ed2ccbde6db9dd5789068eb7194463f
https://conda.anaconda.org/conda-forge/linux-64/matplotlib-3.4.2-py37h89c1867_0.tar.bz2#581de64cb6a7577b162e329efbcf1e4c
https://conda.anaconda.org/conda-forge/noarch/sphinx-3.5.4-pyh44b312d_0.tar.bz2#0ebc444f001f73c4f6de01057b0be392
https://conda.anaconda.org/conda-forge/noarch/sphinx-copybutton-0.4.0-pyhd8ed1ab_0.tar.bz2#80fd2cc25ad45911b4e42d5b91593e2f
https://conda.anaconda.org/conda-forge/noarch/sphinx-gallery-0.9.0-pyhd8ed1ab_0.tar.bz2#5ef222a3e1b5904742e376e05046692b
https://conda.anaconda.org/conda-forge/noarch/sphinx-panels-0.5.2-pyhd3deb0d_0.tar.bz2#1a871a63c4be1bd47a7aa48b7417a426
https://conda.anaconda.org/conda-forge/noarch/sphinx_rtd_theme-0.5.2-pyhd8ed1ab_1.tar.bz2#7434e891fc767cb0d39d90751720c8ec
