# Generated by conda-lock.
# platform: linux-64
# input_hash: 2ab37bb9a0b7ddd216650e61026560917ec230278b2d71d0671ffed30830e199
@EXPLICIT
https://conda.anaconda.org/conda-forge/linux-64/_libgcc_mutex-0.1-conda_forge.tar.bz2#d7c89558ba9fa0495403155b64376d81
https://conda.anaconda.org/conda-forge/noarch/font-ttf-dejavu-sans-mono-2.37-hab24e00_0.tar.bz2#0c96522c6bdaed4b1566d11387caaf45
https://conda.anaconda.org/conda-forge/noarch/font-ttf-inconsolata-3.000-h77eed37_0.tar.bz2#34893075a5c9e55cdafac56607368fc6
https://conda.anaconda.org/conda-forge/noarch/font-ttf-source-code-pro-2.038-h77eed37_0.tar.bz2#4d59c254e01d9cde7957100457e2d5fb
https://conda.anaconda.org/conda-forge/noarch/font-ttf-ubuntu-0.83-h77eed37_3.conda#49023d73832ef61042f6a237cb2687e7
https://conda.anaconda.org/conda-forge/linux-64/hicolor-icon-theme-0.17-ha770c72_2.tar.bz2#bbf6f174dcd3254e19a2f5d2295ce808
https://conda.anaconda.org/conda-forge/linux-64/nlohmann_json-3.12.0-h3f2d84a_0.conda#d76872d096d063e226482c99337209dc
https://conda.anaconda.org/conda-forge/noarch/python_abi-3.11-7_cp311.conda#6320dac78b3b215ceac35858b2cfdb70
https://conda.anaconda.org/conda-forge/noarch/tzdata-2025b-h78e105d_0.conda#4222072737ccff51314b5ece9c7d6f5a
https://conda.anaconda.org/conda-forge/linux-64/utfcpp-4.0.6-h005c6e1_0.conda#9464e297fa2bf08030c65a54342b48c3
https://conda.anaconda.org/conda-forge/noarch/wayland-protocols-1.45-hd8ed1ab_0.conda#6db9be3b67190229479780eeeee1b35b
https://conda.anaconda.org/conda-forge/noarch/ca-certificates-2025.4.26-hbd8a1cb_0.conda#95db94f75ba080a22eb623590993167b
https://conda.anaconda.org/conda-forge/noarch/fonts-conda-forge-1-0.tar.bz2#f766549260d6815b0c52253f1fb1bb29
https://conda.anaconda.org/conda-forge/linux-64/ld_impl_linux-64-2.43-h712a8e2_5.conda#acd9213a63cb62521290e581ef82de80
https://conda.anaconda.org/conda-forge/linux-64/libglvnd-1.7.0-ha4b6fd6_2.conda#434ca7e50e40f4918ab701e3facd59a0
https://conda.anaconda.org/conda-forge/linux-64/libgomp-15.1.0-h767d61c_2.conda#fbe7d535ff9d3a168c148e07358cd5b1
https://conda.anaconda.org/conda-forge/linux-64/_openmp_mutex-4.5-2_gnu.tar.bz2#73aaf86a425cc6e73fcf236a5a46396d
https://conda.anaconda.org/conda-forge/noarch/fonts-conda-ecosystem-1-0.tar.bz2#fee5683a3f04bd15cbd8318b096a27ab
https://conda.anaconda.org/conda-forge/linux-64/libegl-1.7.0-ha4b6fd6_2.conda#c151d5eb730e9b7480e6d48c0fc44048
https://conda.anaconda.org/conda-forge/linux-64/libopengl-1.7.0-ha4b6fd6_2.conda#7df50d44d4a14d6c31a2c54f2cd92157
https://conda.anaconda.org/conda-forge/linux-64/libgcc-15.1.0-h767d61c_2.conda#ea8ac52380885ed41c1baa8f1d6d2b93
https://conda.anaconda.org/conda-forge/linux-64/alsa-lib-1.2.14-hb9d3cd8_0.conda#76df83c2a9035c54df5d04ff81bcc02d
https://conda.anaconda.org/conda-forge/linux-64/c-ares-1.34.5-hb9d3cd8_0.conda#f7f0d6cc2dc986d42ac2689ec88192be
https://conda.anaconda.org/conda-forge/linux-64/gettext-tools-0.24.1-h5888daf_0.conda#d54305672f0361c2f3886750e7165b5f
https://conda.anaconda.org/conda-forge/linux-64/libbrotlicommon-1.1.0-hb9d3cd8_3.conda#cb98af5db26e3f482bebb80ce9d947d3
https://conda.anaconda.org/conda-forge/linux-64/libdeflate-1.24-h86f0d12_0.conda#64f0c503da58ec25ebd359e4d990afa8
https://conda.anaconda.org/conda-forge/linux-64/libexpat-2.7.0-h5888daf_0.conda#db0bfbe7dd197b68ad5f30333bae6ce0
https://conda.anaconda.org/conda-forge/linux-64/libffi-3.4.6-h2dba641_1.conda#ede4673863426c0883c0063d853bbd85
https://conda.anaconda.org/conda-forge/linux-64/libgcc-ng-15.1.0-h69a702a_2.conda#ddca86c7040dd0e73b2b69bd7833d225
https://conda.anaconda.org/conda-forge/linux-64/libgettextpo-0.24.1-h5888daf_0.conda#2ee6d71b72f75d50581f2f68e965efdb
https://conda.anaconda.org/conda-forge/linux-64/libgfortran5-15.1.0-hcea5267_2.conda#01de444988ed960031dbe84cf4f9b1fc
https://conda.anaconda.org/conda-forge/linux-64/libiconv-1.18-h4ce23a2_1.conda#e796ff8ddc598affdf7c173d6145f087
https://conda.anaconda.org/conda-forge/linux-64/libjpeg-turbo-3.1.0-hb9d3cd8_0.conda#9fa334557db9f63da6c9285fd2a48638
https://conda.anaconda.org/conda-forge/linux-64/liblzma-5.8.1-hb9d3cd8_2.conda#1a580f7796c7bf6393fddb8bbbde58dc
https://conda.anaconda.org/conda-forge/linux-64/libntlm-1.8-hb9d3cd8_0.conda#7c7927b404672409d9917d49bff5f2d6
https://conda.anaconda.org/conda-forge/linux-64/libogg-1.3.5-hd0c01bc_1.conda#68e52064ed3897463c0e958ab5c8f91b
https://conda.anaconda.org/conda-forge/linux-64/libopus-1.5.2-hd0c01bc_0.conda#b64523fb87ac6f87f0790f324ad43046
https://conda.anaconda.org/conda-forge/linux-64/libstdcxx-15.1.0-h8f9b012_2.conda#1cb1c67961f6dd257eae9e9691b341aa
https://conda.anaconda.org/conda-forge/linux-64/libwebp-base-1.5.0-h851e524_0.conda#63f790534398730f59e1b899c3644d4a
https://conda.anaconda.org/conda-forge/linux-64/libzlib-1.3.1-hb9d3cd8_2.conda#edb0dca6bc32e4f4789199455a1dbeb8
https://conda.anaconda.org/conda-forge/linux-64/ncurses-6.5-h2d0b736_3.conda#47e340acb35de30501a76c7c799c41d7
https://conda.anaconda.org/conda-forge/linux-64/openssl-3.5.0-h7b32b05_1.conda#de356753cfdbffcde5bb1e86e3aa6cd0
https://conda.anaconda.org/conda-forge/linux-64/pthread-stubs-0.4-hb9d3cd8_1002.conda#b3c17d95b5a10c6e64a21fa17573e70e
https://conda.anaconda.org/conda-forge/linux-64/xorg-libice-1.1.2-hb9d3cd8_0.conda#fb901ff28063514abb6046c9ec2c4a45
https://conda.anaconda.org/conda-forge/linux-64/xorg-libxau-1.0.12-hb9d3cd8_0.conda#f6ebe2cb3f82ba6c057dde5d9debe4f7
https://conda.anaconda.org/conda-forge/linux-64/xorg-libxdmcp-1.1.5-hb9d3cd8_0.conda#8035c64cb77ed555e3f150b7b3972480
https://conda.anaconda.org/conda-forge/linux-64/xxhash-0.8.3-hb47aa4a_0.conda#607e13a8caac17f9a664bcab5302ce06
https://conda.anaconda.org/conda-forge/linux-64/attr-2.5.1-h166bdaf_1.tar.bz2#d9c69a24ad678ffce24c6543a0176b00
https://conda.anaconda.org/conda-forge/linux-64/bzip2-1.0.8-h4bc722e_7.conda#62ee74e96c5ebb0af99386de58cf9553
https://conda.anaconda.org/conda-forge/linux-64/dav1d-1.2.1-hd590300_0.conda#418c6ca5929a611cbd69204907a83995
https://conda.anaconda.org/conda-forge/linux-64/double-conversion-3.3.1-h5888daf_0.conda#bfd56492d8346d669010eccafe0ba058
https://conda.anaconda.org/conda-forge/linux-64/epoxy-1.5.10-h166bdaf_1.tar.bz2#a089d06164afd2d511347d3f87214e0b
https://conda.anaconda.org/conda-forge/linux-64/fribidi-1.0.10-h36c2ea0_0.tar.bz2#ac7bc6a654f8f41b352b38f4051135f8
https://conda.anaconda.org/conda-forge/linux-64/geos-3.13.1-h97f6797_0.conda#5bc18c66111bc94532b0d2df00731c66
https://conda.anaconda.org/conda-forge/linux-64/jsoncpp-1.9.6-hf42df4d_1.conda#7bdc5e2cc11cb0a0f795bdad9732b0f2
https://conda.anaconda.org/conda-forge/linux-64/keyutils-1.6.1-h166bdaf_0.tar.bz2#30186d27e2c9fa62b45fb1476b7200e3
https://conda.anaconda.org/conda-forge/linux-64/lame-3.100-h166bdaf_1003.tar.bz2#a8832b479f93521a9e7b5b743803be51
https://conda.anaconda.org/conda-forge/linux-64/lerc-4.0.0-h0aef613_1.conda#9344155d33912347b37f0ae6c410a835
https://conda.anaconda.org/conda-forge/linux-64/level-zero-1.22.4-h84d6215_0.conda#830ea57dc725f885cb9163098c1a7b5a
https://conda.anaconda.org/conda-forge/linux-64/libabseil-20250127.1-cxx17_hbbce691_0.conda#00290e549c5c8a32cc271020acc9ec6b
https://conda.anaconda.org/conda-forge/linux-64/libasprintf-0.24.1-h8e693c7_0.conda#57566a81dd1e5aa3d98ac7582e8bfe03
https://conda.anaconda.org/conda-forge/linux-64/libbrotlidec-1.1.0-hb9d3cd8_3.conda#1c6eecffad553bde44c5238770cfb7da
https://conda.anaconda.org/conda-forge/linux-64/libbrotlienc-1.1.0-hb9d3cd8_3.conda#3facafe58f3858eb95527c7d3a3fc578
https://conda.anaconda.org/conda-forge/linux-64/libedit-3.1.20250104-pl5321h7949ede_0.conda#c277e0a4d549b03ac1e9d6cbbe3d017b
https://conda.anaconda.org/conda-forge/linux-64/libev-4.33-hd590300_2.conda#172bf1cd1ff8629f2b1179945ed45055
https://conda.anaconda.org/conda-forge/linux-64/libgettextpo-devel-0.24.1-h5888daf_0.conda#8f04c7aae6a46503bc36d1ed5abc8c7c
https://conda.anaconda.org/conda-forge/linux-64/libgfortran-15.1.0-h69a702a_2.conda#f92e6e0a3c0c0c85561ef61aa59d555d
https://conda.anaconda.org/conda-forge/linux-64/libglu-9.0.3-h5888daf_1.conda#8422fcc9e5e172c91e99aef703b3ce65
https://conda.anaconda.org/conda-forge/linux-64/libgpg-error-1.55-h3f2d84a_0.conda#2bd47db5807daade8500ed7ca4c512a4
https://conda.anaconda.org/conda-forge/linux-64/libnsl-2.0.1-hd590300_0.conda#30fd6e37fe21f86f4bd26d6ee73eeec7
https://conda.anaconda.org/conda-forge/linux-64/libpciaccess-0.18-hd590300_0.conda#48f4330bfcd959c3cfb704d424903c82
https://conda.anaconda.org/conda-forge/linux-64/libpng-1.6.47-h943b412_0.conda#55199e2ae2c3651f6f9b2a447b47bdc9
https://conda.anaconda.org/conda-forge/linux-64/libsqlite-3.50.1-hee588c1_0.conda#96a7e36bff29f1d0ddf5b771e0da373a
https://conda.anaconda.org/conda-forge/linux-64/libssh2-1.11.1-hcf80075_0.conda#eecce068c7e4eddeb169591baac20ac4
https://conda.anaconda.org/conda-forge/linux-64/libstdcxx-ng-15.1.0-h4852527_2.conda#9d2072af184b5caa29492bf2344597bb
https://conda.anaconda.org/conda-forge/linux-64/libudunits2-2.2.28-h40f5838_3.conda#4bdace082e911a3e1f1f0b721bed5b56
https://conda.anaconda.org/conda-forge/linux-64/liburing-2.10-h84d6215_0.conda#1a11973f25f6168f4f6a65883cf7bb2a
https://conda.anaconda.org/conda-forge/linux-64/libuuid-2.38.1-h0b41bf4_0.conda#40b61aab5c7ba9ff276c41cfffe6b80b
https://conda.anaconda.org/conda-forge/linux-64/libxcb-1.17.0-h8a09558_0.conda#92ed62436b625154323d40d5f2f11dd7
https://conda.anaconda.org/conda-forge/linux-64/libxcrypt-4.4.36-hd590300_1.conda#5aa797f8787fe7a17d1b0821485b5adc
https://conda.anaconda.org/conda-forge/linux-64/lz4-c-1.10.0-h5888daf_1.conda#9de5350a85c4a20c685259b889aa6393
https://conda.anaconda.org/conda-forge/linux-64/mpg123-1.32.9-hc50e24c_0.conda#c7f302fd11eeb0987a6a5e1f3aed6a21
https://conda.anaconda.org/conda-forge/linux-64/mysql-common-9.3.0-h266115a_0.conda#9693774d2822c39a9541f2a80c346e30
https://conda.anaconda.org/conda-forge/linux-64/opencl-headers-2025.06.13-h5888daf_0.conda#45c3d2c224002d6d0d7769142b29f986
https://conda.anaconda.org/conda-forge/linux-64/openh264-2.6.0-hc22cd8d_0.conda#b28cf020fd2dead0ca6d113608683842
https://conda.anaconda.org/conda-forge/linux-64/pixman-0.46.2-h29eaf8c_0.conda#39b4228a867772d610c02e06f939a5b8
https://conda.anaconda.org/conda-forge/linux-64/pugixml-1.15-h3f63f65_0.conda#b11a4c6bf6f6f44e5e143f759ffa2087
https://conda.anaconda.org/conda-forge/linux-64/readline-8.2-h8c095d6_2.conda#283b96675859b20a825f8fa30f311446
https://conda.anaconda.org/conda-forge/linux-64/snappy-1.2.1-h8bd8927_1.conda#3b3e64af585eadfb52bb90b553db5edf
https://conda.anaconda.org/conda-forge/linux-64/svt-av1-3.0.2-h5888daf_0.conda#0096882bd623e6cc09e8bf920fc8fb47
https://conda.anaconda.org/conda-forge/linux-64/tk-8.6.13-noxft_hd72426e_102.conda#a0116df4f4ed05c303811a837d5b39d8
https://conda.anaconda.org/conda-forge/linux-64/wayland-1.23.1-h3e06ad9_1.conda#a37843723437ba75f42c9270ffe800b1
https://conda.anaconda.org/conda-forge/linux-64/x264-1!164.3095-h166bdaf_2.tar.bz2#6c99772d483f566d59e25037fea2c4b1
https://conda.anaconda.org/conda-forge/linux-64/yaml-0.2.5-h7f98852_2.tar.bz2#4cb3ad778ec2d5a7acbdf254eb1c42ae
https://conda.anaconda.org/conda-forge/linux-64/zlib-1.3.1-hb9d3cd8_2.conda#c9f075ab2f33b3bbee9e62d4ad0a6cd8
https://conda.anaconda.org/conda-forge/linux-64/zstd-1.5.7-hb8e6e7a_2.conda#6432cb5d4ac0046c3ac0a8a0f95842f9
https://conda.anaconda.org/conda-forge/linux-64/aom-3.9.1-hac33072_0.conda#346722a0be40f6edc53f12640d301338
https://conda.anaconda.org/conda-forge/linux-64/blosc-1.21.6-he440d0b_1.conda#2c2fae981fd2afd00812c92ac47d023d
https://conda.anaconda.org/conda-forge/linux-64/brotli-bin-1.1.0-hb9d3cd8_3.conda#58178ef8ba927229fba6d84abf62c108
https://conda.anaconda.org/conda-forge/linux-64/gl2ps-1.4.2-hae5d5c5_1.conda#00e642ec191a19bf806a3915800e9524
https://conda.anaconda.org/conda-forge/linux-64/gmp-6.3.0-hac33072_2.conda#c94a5994ef49749880a8139cf9afcbe1
https://conda.anaconda.org/conda-forge/linux-64/graphite2-1.3.13-h59595ed_1003.conda#f87c7b7c2cb45f323ffbce941c78ab7c
https://conda.anaconda.org/conda-forge/linux-64/hdf4-4.2.15-h2a13503_7.conda#bd77f8da987968ec3927990495dc22e4
https://conda.anaconda.org/conda-forge/linux-64/icu-75.1-he02047a_0.conda#8b189310083baabfb622af68fd9d3ae3
https://conda.anaconda.org/conda-forge/linux-64/krb5-1.21.3-h659f571_0.conda#3f43953b7d3fb3aaa1d0d0723d91e368
https://conda.anaconda.org/conda-forge/linux-64/libaec-1.1.3-h59595ed_0.conda#5e97e271911b8b2001a8b71860c32faa
https://conda.anaconda.org/conda-forge/linux-64/libasprintf-devel-0.24.1-h8e693c7_0.conda#8f66ed2e34507b7ae44afa31c3e4ec79
https://conda.anaconda.org/conda-forge/linux-64/libcap-2.75-h39aace5_0.conda#c44c16d6976d2aebbd65894d7741e67e
https://conda.anaconda.org/conda-forge/linux-64/libdrm-2.4.124-hb9d3cd8_0.conda#8bc89311041d7fcb510238cf0848ccae
https://conda.anaconda.org/conda-forge/linux-64/libfreetype6-2.13.3-h48d6fc4_1.conda#3c255be50a506c50765a93a6644f32fe
https://conda.anaconda.org/conda-forge/linux-64/libgcrypt-lib-1.11.1-hb9d3cd8_0.conda#8504a291085c9fb809b66cabd5834307
https://conda.anaconda.org/conda-forge/linux-64/libmo_unpack-3.1.2-hf484d3e_1001.tar.bz2#95f32a6a5a666d33886ca5627239f03d
https://conda.anaconda.org/conda-forge/linux-64/libnghttp2-1.64.0-h161d5f1_0.conda#19e57602824042dfd0446292ef90488b
https://conda.anaconda.org/conda-forge/linux-64/libopenblas-0.3.29-pthreads_h94d23a6_0.conda#0a4d0252248ef9a0f88f2ba8b8a08e12
https://conda.anaconda.org/conda-forge/linux-64/libprotobuf-5.29.3-h501fc15_1.conda#edb86556cf4a0c133e7932a1597ff236
https://conda.anaconda.org/conda-forge/linux-64/libtiff-4.7.0-hf01ce69_5.conda#e79a094918988bb1807462cd42c83962
https://conda.anaconda.org/conda-forge/linux-64/libunwind-1.6.2-h9c3ff4c_0.tar.bz2#a730b2badd586580c5752cc73842e068
https://conda.anaconda.org/conda-forge/linux-64/libvorbis-1.3.7-h9c3ff4c_0.tar.bz2#309dec04b70a3cc0f1e84a4013683bc0
https://conda.anaconda.org/conda-forge/linux-64/libvpx-1.14.1-hac33072_0.conda#cde393f461e0c169d9ffb2fc70f81c33
https://conda.anaconda.org/conda-forge/linux-64/libzip-1.11.2-h6991a6a_0.conda#a7b27c075c9b7f459f1c022090697cba
https://conda.anaconda.org/conda-forge/linux-64/mysql-libs-9.3.0-he0572af_0.conda#5eb3dd8ccc96213c0961a2bba1f611d1
https://conda.anaconda.org/conda-forge/linux-64/ocl-icd-2.3.3-hb9d3cd8_0.conda#56f8947aa9d5cf37b0b3d43b83f34192
https://conda.anaconda.org/conda-forge/linux-64/pcre2-10.45-hc749103_0.conda#b90bece58b4c2bf25969b70f3be42d25
https://conda.anaconda.org/conda-forge/linux-64/python-3.11.13-h9e4cc4f_0_cpython.conda#8c399445b6dc73eab839659e6c7b5ad1
https://conda.anaconda.org/conda-forge/linux-64/qhull-2020.2-h434a139_5.conda#353823361b1d27eb3960efb076dfcaf6
https://conda.anaconda.org/conda-forge/linux-64/sqlite-3.50.1-h9eae976_0.conda#e12789602c09a875957c1c78ff47cdf6
https://conda.anaconda.org/conda-forge/linux-64/udunits2-2.2.28-h40f5838_3.conda#6bb8deb138f87c9d48320ac21b87e7a1
https://conda.anaconda.org/conda-forge/linux-64/x265-3.5-h924138e_3.tar.bz2#e7f6ed84d4623d52ee581325c1587a6b
https://conda.anaconda.org/conda-forge/linux-64/xcb-util-0.4.1-hb711507_2.conda#8637c3e5821654d0edf97e2b0404b443
https://conda.anaconda.org/conda-forge/linux-64/xcb-util-keysyms-0.4.1-hb711507_0.conda#ad748ccca349aec3e91743e08b5e2b50
https://conda.anaconda.org/conda-forge/linux-64/xcb-util-renderutil-0.3.10-hb711507_0.conda#0e0cbe0564d03a99afd5fd7b362feecd
https://conda.anaconda.org/conda-forge/linux-64/xcb-util-wm-0.4.2-hb711507_0.conda#608e0ef8256b81d04456e8d211eee3e8
https://conda.anaconda.org/conda-forge/linux-64/xorg-libsm-1.2.6-he73a12e_0.conda#1c74ff8c35dcadf952a16f752ca5aa49
https://conda.anaconda.org/conda-forge/linux-64/xorg-libx11-1.8.12-h4f16b4b_0.conda#db038ce880f100acc74dba10302b5630
https://conda.anaconda.org/conda-forge/noarch/aiohappyeyeballs-2.6.1-pyhd8ed1ab_0.conda#18fd895e0e775622906cdabfc3cf0fb4
https://conda.anaconda.org/conda-forge/noarch/alabaster-1.0.0-pyhd8ed1ab_1.conda#1fd9696649f65fd6611fcdb4ffec738a
https://conda.anaconda.org/conda-forge/noarch/attrs-25.3.0-pyh71513ae_0.conda#a10d11958cadc13fdb43df75f8b1903f
https://conda.anaconda.org/conda-forge/linux-64/brotli-1.1.0-hb9d3cd8_3.conda#5d08a0ac29e6a5a984817584775d4131
https://conda.anaconda.org/conda-forge/linux-64/brotli-python-1.1.0-py311hfdbb021_3.conda#8565f7297b28af62e5de2d968ca32e31
https://conda.anaconda.org/conda-forge/noarch/certifi-2025.4.26-pyhd8ed1ab_0.conda#c33eeaaa33f45031be34cda513df39b6
https://conda.anaconda.org/conda-forge/noarch/cfgv-3.3.1-pyhd8ed1ab_1.conda#57df494053e17dce2ac3a0b33e1b2a2e
https://conda.anaconda.org/conda-forge/noarch/charset-normalizer-3.4.2-pyhd8ed1ab_0.conda#40fe4284b8b5835a9073a645139f35af
https://conda.anaconda.org/conda-forge/noarch/click-8.2.1-pyh707e725_0.conda#94b550b8d3a614dbd326af798c7dfb40
https://conda.anaconda.org/conda-forge/noarch/cloudpickle-3.1.1-pyhd8ed1ab_0.conda#364ba6c9fb03886ac979b482f39ebb92
https://conda.anaconda.org/conda-forge/noarch/colorama-0.4.6-pyhd8ed1ab_1.conda#962b9857ee8e7018c22f2776ffa0b2d7
https://conda.anaconda.org/conda-forge/noarch/colorcet-3.1.0-pyhd8ed1ab_1.conda#91d7152c744dc0f18ef8beb3cbc9980a
https://conda.anaconda.org/conda-forge/noarch/cycler-0.12.1-pyhd8ed1ab_1.conda#44600c4667a319d67dbe0681fc0bc833
https://conda.anaconda.org/conda-forge/linux-64/cyrus-sasl-2.1.27-h54b06d7_7.conda#dce22f70b4e5a407ce88f2be046f4ceb
https://conda.anaconda.org/conda-forge/linux-64/cython-3.1.2-py311ha3e34f5_2.conda#f56da6e1e1f310f27cca558e58882f40
https://conda.anaconda.org/conda-forge/noarch/distlib-0.3.9-pyhd8ed1ab_1.conda#8d88f4a2242e6b96f9ecff9a6a05b2f1
https://conda.anaconda.org/conda-forge/noarch/docutils-0.21.2-pyhd8ed1ab_1.conda#24c1ca34138ee57de72a943237cde4cc
https://conda.anaconda.org/conda-forge/noarch/execnet-2.1.1-pyhd8ed1ab_1.conda#a71efeae2c160f6789900ba2631a2c90
https://conda.anaconda.org/conda-forge/noarch/filelock-3.18.0-pyhd8ed1ab_0.conda#4547b39256e296bb758166893e909a7c
https://conda.anaconda.org/conda-forge/linux-64/frozenlist-1.6.0-py311h62d540b_0.conda#ad01dcb674e8792b626276999ab1825e
https://conda.anaconda.org/conda-forge/noarch/fsspec-2025.5.1-pyhd8ed1ab_0.conda#2d2c9ef879a7e64e2dc657b09272c2b6
https://conda.anaconda.org/conda-forge/linux-64/gettext-0.24.1-h5888daf_0.conda#c63e7590d4d6f4c85721040ed8b12888
https://conda.anaconda.org/conda-forge/noarch/hpack-4.1.0-pyhd8ed1ab_0.conda#0a802cb9888dd14eeefc611f05c40b6e
https://conda.anaconda.org/conda-forge/noarch/hyperframe-6.1.0-pyhd8ed1ab_0.conda#8e6923fc12f1fe8f8c4e5c9f343256ac
https://conda.anaconda.org/conda-forge/noarch/idna-3.10-pyhd8ed1ab_1.conda#39a4f67be3286c86d696df570b1201b7
https://conda.anaconda.org/conda-forge/noarch/imagesize-1.4.1-pyhd8ed1ab_0.tar.bz2#7de5386c8fea29e76b303f37dde4c352
https://conda.anaconda.org/conda-forge/noarch/iniconfig-2.0.0-pyhd8ed1ab_1.conda#6837f3eff7dcea42ecd714ce1ac2b108
https://conda.anaconda.org/conda-forge/noarch/iris-sample-data-2.5.2-pyhd8ed1ab_0.conda#895f6625dd8a246fece9279fcc12c1de
https://conda.anaconda.org/conda-forge/linux-64/kiwisolver-1.4.7-py311hd18a35c_0.conda#be34c90cce87090d24da64a7c239ca96
https://conda.anaconda.org/conda-forge/linux-64/lcms2-2.17-h717163a_0.conda#000e85703f0fd9594c81710dd5066471
https://conda.anaconda.org/conda-forge/linux-64/libblas-3.9.0-31_h59b9bed_openblas.conda#728dbebd0f7a20337218beacffd37916
https://conda.anaconda.org/conda-forge/linux-64/libcups-2.3.3-h4637d8d_4.conda#d4529f4dff3057982a7617c7ac58fde3
https://conda.anaconda.org/conda-forge/linux-64/libcurl-8.14.1-h332b0f4_0.conda#45f6713cb00f124af300342512219182
https://conda.anaconda.org/conda-forge/linux-64/libfreetype-2.13.3-ha770c72_1.conda#51f5be229d83ecd401fb369ab96ae669
https://conda.anaconda.org/conda-forge/linux-64/libglib-2.84.2-h3618099_0.conda#072ab14a02164b7c0c089055368ff776
https://conda.anaconda.org/conda-forge/linux-64/libglx-1.7.0-ha4b6fd6_2.conda#c8013e438185f33b13814c5c488acd5c
https://conda.anaconda.org/conda-forge/linux-64/libsystemd0-257.6-h4e0b6ca_0.conda#071409970083d0f99ab7b569352771c9
https://conda.anaconda.org/conda-forge/linux-64/libtheora-1.1.1-h4ab18f5_1006.conda#553281a034e9cf8693c9df49f6c78ea1
https://conda.anaconda.org/conda-forge/linux-64/libudev1-257.6-hbe16f8c_0.conda#2ddf4d040b58018f8ba3dfd464837827
https://conda.anaconda.org/conda-forge/linux-64/libxml2-2.13.8-h4bc477f_0.conda#14dbe05b929e329dbaa6f2d0aa19466d
https://conda.anaconda.org/conda-forge/noarch/locket-1.0.0-pyhd8ed1ab_0.tar.bz2#91e27ef3d05cc772ce627e51cff111c4
https://conda.anaconda.org/conda-forge/noarch/loguru-0.7.3-pyh707e725_0.conda#49647ac1de4d1e4b49124aedf3934e02
https://conda.anaconda.org/conda-forge/linux-64/markupsafe-3.0.2-py311h2dc5d0c_1.conda#6565a715337ae279e351d0abd8ffe88a
https://conda.anaconda.org/conda-forge/linux-64/msgpack-python-1.1.1-py311hd18a35c_0.conda#d0898973440adc2ad25917028669126d
https://conda.anaconda.org/conda-forge/linux-64/multidict-6.4.4-py311h2dc5d0c_0.conda#cf1ae2989d73b0e6d86f2ee7c08d7a9b
https://conda.anaconda.org/conda-forge/noarch/munkres-1.1.4-pyh9f0ad1d_0.tar.bz2#2ba8498c1018c1e9c61eb99b973dfe19
https://conda.anaconda.org/conda-forge/linux-64/openjpeg-2.5.3-h5fbd93e_0.conda#9e5816bc95d285c115a3ebc2f8563564
https://conda.anaconda.org/conda-forge/noarch/packaging-25.0-pyh29332c3_1.conda#58335b26c38bf4a20f399384c33cbcf9
https://conda.anaconda.org/conda-forge/noarch/platformdirs-4.3.8-pyhe01879c_0.conda#424844562f5d337077b445ec6b1398a7
https://conda.anaconda.org/conda-forge/noarch/pluggy-1.6.0-pyhd8ed1ab_0.conda#7da7ccd349dbf6487a7778579d2bb971
https://conda.anaconda.org/conda-forge/linux-64/propcache-0.3.1-py311h2dc5d0c_0.conda#c75eb8c91d69fe0385fce584f3ce193a
https://conda.anaconda.org/conda-forge/linux-64/psutil-7.0.0-py311h9ecbd09_0.conda#1a390a54b2752169f5ba4ada5a8108e4
https://conda.anaconda.org/conda-forge/noarch/pycparser-2.22-pyh29332c3_1.conda#12c566707c80111f9799308d9e265aef
https://conda.anaconda.org/conda-forge/noarch/pygments-2.19.1-pyhd8ed1ab_0.conda#232fb4577b6687b2d503ef8e254270c9
https://conda.anaconda.org/conda-forge/noarch/pyparsing-3.2.3-pyhd8ed1ab_1.conda#513d3c262ee49b54a8fec85c5bc99764
https://conda.anaconda.org/conda-forge/noarch/pyshp-2.3.1-pyhd8ed1ab_1.conda#856b387c270e9eaf6e41e978057a2b62
https://conda.anaconda.org/conda-forge/noarch/pysocks-1.7.1-pyha55dd90_7.conda#461219d1a5bd61342293efa2c0c90eac
https://conda.anaconda.org/conda-forge/noarch/python-tzdata-2025.2-pyhd8ed1ab_0.conda#88476ae6ebd24f39261e0854ac244f33
https://conda.anaconda.org/conda-forge/linux-64/python-xxhash-3.5.0-py311h9ecbd09_2.conda#4b49b833ad54b3e26da1e743a4e4bc13
https://conda.anaconda.org/conda-forge/noarch/pytz-2025.2-pyhd8ed1ab_0.conda#bc8e3267d44011051f2eb14d22fb0960
https://conda.anaconda.org/conda-forge/linux-64/pyyaml-6.0.2-py311h2dc5d0c_2.conda#014417753f948da1f70d132b2de573be
https://conda.anaconda.org/conda-forge/noarch/scooby-0.10.1-pyhd8ed1ab_0.conda#2151b965f8e9fa642af57b4dbe2dbc39
https://conda.anaconda.org/conda-forge/noarch/setuptools-80.9.0-pyhff2d567_0.conda#4de79c071274a53dcaf2a8c749d1499e
https://conda.anaconda.org/conda-forge/noarch/six-1.17.0-pyhd8ed1ab_0.conda#a451d576819089b0d672f18768be0f65
https://conda.anaconda.org/conda-forge/noarch/snowballstemmer-3.0.1-pyhd8ed1ab_0.conda#755cf22df8693aa0d1aec1c123fa5863
https://conda.anaconda.org/conda-forge/noarch/sortedcontainers-2.4.0-pyhd8ed1ab_1.conda#0401a17ae845fa72c7210e206ec5647d
https://conda.anaconda.org/conda-forge/noarch/soupsieve-2.7-pyhd8ed1ab_0.conda#fb32097c717486aa34b38a9db57eb49e
https://conda.anaconda.org/conda-forge/noarch/sphinxcontrib-jsmath-1.0.1-pyhd8ed1ab_1.conda#fa839b5ff59e192f411ccc7dae6588bb
https://conda.anaconda.org/conda-forge/noarch/tblib-3.1.0-pyhd8ed1ab_0.conda#a15c62b8a306b8978f094f76da2f903f
https://conda.anaconda.org/conda-forge/noarch/toml-0.10.2-pyhd8ed1ab_1.conda#b0dd904de08b7db706167240bf37b164
https://conda.anaconda.org/conda-forge/noarch/tomli-2.2.1-pyhd8ed1ab_1.conda#ac944244f1fed2eb49bae07193ae8215
https://conda.anaconda.org/conda-forge/noarch/toolz-1.0.0-pyhd8ed1ab_1.conda#40d0ed782a8aaa16ef248e68c06c168d
https://conda.anaconda.org/conda-forge/linux-64/tornado-6.5.1-py311h9ecbd09_0.conda#24e9f474abd101554b7a91313b9dfad6
https://conda.anaconda.org/conda-forge/noarch/typing_extensions-4.14.0-pyhe01879c_0.conda#2adcd9bb86f656d3d43bf84af59a1faf
https://conda.anaconda.org/conda-forge/linux-64/unicodedata2-16.0.0-py311h9ecbd09_0.conda#51a12678b609f5794985fda8372b1a49
https://conda.anaconda.org/conda-forge/noarch/wheel-0.45.1-pyhd8ed1ab_1.conda#75cb7132eb58d97896e173ef12ac9986
https://conda.anaconda.org/conda-forge/linux-64/xcb-util-image-0.4.0-hb711507_2.conda#a0901183f08b6c7107aab109733a3c91
https://conda.anaconda.org/conda-forge/linux-64/xkeyboard-config-2.45-hb9d3cd8_0.conda#397a013c2dc5145a70737871aaa87e98
https://conda.anaconda.org/conda-forge/linux-64/xorg-libxext-1.3.6-hb9d3cd8_0.conda#febbab7d15033c913d53c7a2c102309d
https://conda.anaconda.org/conda-forge/linux-64/xorg-libxfixes-6.0.1-hb9d3cd8_0.conda#4bdb303603e9821baf5fe5fdff1dc8f8
https://conda.anaconda.org/conda-forge/linux-64/xorg-libxrender-0.9.12-hb9d3cd8_0.conda#96d57aba173e878a2089d5638016dc5e
https://conda.anaconda.org/conda-forge/linux-64/xorg-libxt-1.3.1-hb9d3cd8_0.conda#279b0de5f6ba95457190a1c459a64e31
https://conda.anaconda.org/conda-forge/noarch/zict-3.0.0-pyhd8ed1ab_1.conda#e52c2ef711ccf31bb7f70ca87d144b9e
https://conda.anaconda.org/conda-forge/noarch/zipp-3.23.0-pyhd8ed1ab_0.conda#df5e78d904988eb55042c0c97446079f
https://conda.anaconda.org/conda-forge/noarch/accessible-pygments-0.0.5-pyhd8ed1ab_1.conda#74ac5069774cdbc53910ec4d631a3999
https://conda.anaconda.org/conda-forge/noarch/aiosignal-1.3.2-pyhd8ed1ab_0.conda#1a3981115a398535dbe3f6d5faae3d36
https://conda.anaconda.org/conda-forge/linux-64/atk-1.0-2.38.0-h04ea711_2.conda#f730d54ba9cd543666d7220c9f7ed563
https://conda.anaconda.org/conda-forge/noarch/babel-2.17.0-pyhd8ed1ab_0.conda#0a01c169f0ab0f91b26e77a3301fbfe4
https://conda.anaconda.org/conda-forge/linux-64/cffi-1.17.1-py311hf29c0ef_0.conda#55553ecd5328336368db611f350b7039
https://conda.anaconda.org/conda-forge/noarch/click-default-group-1.2.4-pyhd8ed1ab_1.conda#7cd83dd6831b61ad9624a694e4afd7dc
https://conda.anaconda.org/conda-forge/linux-64/coverage-7.9.1-py311h2dc5d0c_0.conda#f524bd18889f169f2fa8dc70df1c53c3
https://conda.anaconda.org/conda-forge/linux-64/cytoolz-1.0.1-py311h9ecbd09_0.conda#69a0a85acdcc5e6d0f1cc915c067ad4c
https://conda.anaconda.org/conda-forge/linux-64/dbus-1.16.2-h3c4dab8_0.conda#679616eb5ad4e521c83da4650860aba7
https://conda.anaconda.org/conda-forge/noarch/exceptiongroup-1.3.0-pyhd8ed1ab_0.conda#72e42d28960d875c7654614f8b50939a
https://conda.anaconda.org/conda-forge/linux-64/fonttools-4.58.4-py311h2dc5d0c_0.conda#dd3ef31d2bf022668f30859d5e11c83e
https://conda.anaconda.org/conda-forge/linux-64/freetype-2.13.3-ha770c72_1.conda#9ccd736d31e0c6e41f54e704e5312811
https://conda.anaconda.org/conda-forge/linux-64/gdk-pixbuf-2.42.12-hb9ae30d_0.conda#201db6c2d9a3c5e46573ac4cb2e92f4f
https://conda.anaconda.org/conda-forge/linux-64/glew-2.1.0-h9c3ff4c_2.tar.bz2#fb05eb5c47590b247658243d27fc32f1
https://conda.anaconda.org/conda-forge/linux-64/glib-tools-2.84.2-h4833e2c_0.conda#f2ec1facec64147850b7674633978050
https://conda.anaconda.org/conda-forge/linux-64/gts-0.7.6-h977cf35_4.conda#4d8df0b0db060d33c9a702ada998a8fe
https://conda.anaconda.org/conda-forge/noarch/h2-4.2.0-pyhd8ed1ab_0.conda#b4754fb1bdcb70c8fd54f918301582c6
https://conda.anaconda.org/conda-forge/linux-64/hdf5-1.14.3-nompi_h2d575fe_109.conda#e7a7a6e6f70553a31e6e79c65768d089
https://conda.anaconda.org/conda-forge/noarch/importlib-metadata-8.7.0-pyhe01879c_1.conda#63ccfdc3a3ce25b027b8767eb722fca8
https://conda.anaconda.org/conda-forge/noarch/jinja2-3.1.6-pyhd8ed1ab_0.conda#446bd6c8cb26050d528881df495ce646
https://conda.anaconda.org/conda-forge/linux-64/libcblas-3.9.0-31_he106b2a_openblas.conda#abb32c727da370c481a1c206f5159ce9
https://conda.anaconda.org/conda-forge/linux-64/libflac-1.4.3-h59595ed_0.conda#ee48bf17cc83a00f59ca1494d5646869
https://conda.anaconda.org/conda-forge/linux-64/libgl-1.7.0-ha4b6fd6_2.conda#928b8be80851f5d8ffb016f9c81dae7a
https://conda.anaconda.org/conda-forge/linux-64/libhwloc-2.11.2-default_h0d58e46_1001.conda#804ca9e91bcaea0824a341d55b1684f2
https://conda.anaconda.org/conda-forge/linux-64/liblapack-3.9.0-31_h7ac8fdf_openblas.conda#452b98eafe050ecff932f0ec832dd03f
https://conda.anaconda.org/conda-forge/linux-64/libllvm20-20.1.7-he9d0ab4_0.conda#63f1accca4913e6b66a2d546c30ff4db
https://conda.anaconda.org/conda-forge/linux-64/libusb-1.0.29-h73b1eb8_0.conda#d17e3fb595a9f24fa9e149239a33475d
https://conda.anaconda.org/conda-forge/linux-64/libxkbcommon-1.10.0-h65c71a3_0.conda#fedf6bfe5d21d21d2b1785ec00a8889a
https://conda.anaconda.org/conda-forge/noarch/nodeenv-1.9.1-pyhd8ed1ab_1.conda#7ba3f09fceae6a120d664217e58fe686
https://conda.anaconda.org/conda-forge/linux-64/openldap-2.6.10-he970967_0.conda#2e5bf4f1da39c0b32778561c3c4e5878
https://conda.anaconda.org/conda-forge/noarch/partd-1.4.2-pyhd8ed1ab_0.conda#0badf9c54e24cecfb0ad2f99d680c163
https://conda.anaconda.org/conda-forge/linux-64/pillow-11.2.1-py311h1322bbf_0.conda#4c49bdabd1d4e09386dabc676fb6bd65
https://conda.anaconda.org/conda-forge/noarch/pip-25.1.1-pyh8b19718_0.conda#32d0781ace05105cc99af55d36cbec7c
https://conda.anaconda.org/conda-forge/linux-64/proj-9.5.1-h0054346_0.conda#398cabfd9bd75e90d0901db95224f25f
https://conda.anaconda.org/conda-forge/noarch/python-dateutil-2.9.0.post0-pyhff2d567_1.conda#5ba79d7c71f03c678c8ead841f347d6e
https://conda.anaconda.org/conda-forge/noarch/typing-extensions-4.14.0-h32cad80_0.conda#a1cdd40fc962e2f7944bc19e01c7e584
https://conda.anaconda.org/conda-forge/noarch/virtualenv-20.31.2-pyhd8ed1ab_0.conda#c0600c1b374efa7a1ff444befee108ca
https://conda.anaconda.org/conda-forge/linux-64/xcb-util-cursor-0.1.5-hb9d3cd8_0.conda#eb44b3b6deb1cab08d72cb61686fe64c
https://conda.anaconda.org/conda-forge/linux-64/xorg-libxcomposite-0.4.6-hb9d3cd8_2.conda#d3c295b50f092ab525ffe3c2aa4b7413
https://conda.anaconda.org/conda-forge/linux-64/xorg-libxcursor-1.2.3-hb9d3cd8_0.conda#2ccd714aa2242315acaf0a67faea780b
https://conda.anaconda.org/conda-forge/linux-64/xorg-libxdamage-1.1.6-hb9d3cd8_0.conda#b5fcc7172d22516e1f965490e65e33a4
https://conda.anaconda.org/conda-forge/linux-64/xorg-libxi-1.8.2-hb9d3cd8_0.conda#17dcc85db3c7886650b8908b183d6876
https://conda.anaconda.org/conda-forge/linux-64/xorg-libxinerama-1.1.5-h5888daf_1.conda#5e2eb9bf77394fc2e5918beefec9f9ab
https://conda.anaconda.org/conda-forge/linux-64/xorg-libxrandr-1.5.4-hb9d3cd8_0.conda#2de7f99d6581a4a7adbff607b5c278ca
https://conda.anaconda.org/conda-forge/linux-64/xorg-libxscrnsaver-1.2.4-hb9d3cd8_0.conda#303f7a0e9e0cd7d250bb6b952cecda90
https://conda.anaconda.org/conda-forge/linux-64/xorg-libxxf86vm-1.1.6-hb9d3cd8_0.conda#5efa5fa6243a622445fdfd72aee15efa
https://conda.anaconda.org/conda-forge/linux-64/yarl-1.20.1-py311h2dc5d0c_0.conda#18c288aa6aae90e2fd8d1cf01d655e4f
https://conda.anaconda.org/conda-forge/linux-64/aiohttp-3.12.12-py311h2dc5d0c_0.conda#0f41db54546a986ff8ee792e02325754
https://conda.anaconda.org/conda-forge/noarch/asv_runner-0.2.1-pyhd8ed1ab_0.conda#fdcbeb072c80c805a2ededaa5f91cd79
https://conda.anaconda.org/conda-forge/noarch/beautifulsoup4-4.13.4-pyha770c72_0.conda#9f07c4fc992adb2d6c30da7fab3959a7
https://conda.anaconda.org/conda-forge/noarch/dask-core-2025.5.1-pyhd8ed1ab_0.conda#8f0ef561cd615a17df3256742a3457c4
https://conda.anaconda.org/conda-forge/linux-64/fontconfig-2.15.0-h7e30c49_1.conda#8f5b0b297b59e1ac160ad4beec99dbee
https://conda.anaconda.org/conda-forge/noarch/lazy-loader-0.4-pyhd8ed1ab_2.conda#d10d9393680734a8febc4b362a4c94f2
https://conda.anaconda.org/conda-forge/linux-64/libclang-cpp20.1-20.1.6-default_h1df26ce_0.conda#99ead3b974685e44df8b1e3953503cfc
https://conda.anaconda.org/conda-forge/linux-64/libclang13-20.1.6-default_he06ed0a_0.conda#cc6c469d9d7fc0ac106cef5f45d973a9
https://conda.anaconda.org/conda-forge/linux-64/libnetcdf-4.9.2-nompi_h00e09a9_116.conda#417864857bdb6c2be2e923e89bffd2e8
https://conda.anaconda.org/conda-forge/linux-64/libpq-17.5-h27ae623_0.conda#6458be24f09e1b034902ab44fe9de908
https://conda.anaconda.org/conda-forge/linux-64/libsndfile-1.2.2-hc60ed4a_1.conda#ef1910918dd895516a769ed36b5b3a4e
https://conda.anaconda.org/conda-forge/linux-64/libva-2.22.0-h4f16b4b_2.conda#2c65566e79dc11318ce689c656fb551c
https://conda.anaconda.org/conda-forge/linux-64/numpy-2.3.0-py311h519dc76_0.conda#002e600fcc82f415bfaad7d05a44c016
https://conda.anaconda.org/conda-forge/noarch/pbr-6.1.1-pyhd8ed1ab_1.conda#af09bcffe77b7aee6dfe3365e481e284
https://conda.anaconda.org/conda-forge/linux-64/pyproj-3.7.1-py311h0f98d5a_0.conda#2c17ffd168aafaa12be759e300133e1c
https://conda.anaconda.org/conda-forge/noarch/pytest-8.4.0-pyhd8ed1ab_0.conda#516d31f063ce7e49ced17f105b63a1f1
https://conda.anaconda.org/conda-forge/noarch/setuptools-scm-8.3.1-pyhd8ed1ab_0.conda#996376098e3648237b3efb0e0ad460c1
https://conda.anaconda.org/conda-forge/linux-64/tbb-2022.1.0-h4ce085d_0.conda#f0afd0c7509f6c1b8d77ee64d7ba64b8
https://conda.anaconda.org/conda-forge/linux-64/ukkonen-1.0.1-py311hd18a35c_5.conda#4e8447ca8558a203ec0577b4730073f3
https://conda.anaconda.org/conda-forge/linux-64/xorg-libxtst-1.2.5-hb9d3cd8_3.conda#7bbe9a0cc0df0ac5f5a8ad6d6a11af2f
https://conda.anaconda.org/conda-forge/linux-64/zstandard-0.23.0-py311h9ecbd09_2.conda#ca02de88df1cc3cfc8f24766ff50cb3c
https://conda.anaconda.org/conda-forge/linux-64/at-spi2-core-2.40.3-h0630a04_0.tar.bz2#8cb2fc4cd6cc63f1369cfa318f581cc3
https://conda.anaconda.org/conda-forge/linux-64/cairo-1.18.4-h3394656_0.conda#09262e66b19567aff4f592fb53b28760
https://conda.anaconda.org/conda-forge/linux-64/cftime-1.6.4-py311h9f3472d_1.conda#2c3c4f115d28ed9e001a271d5d8585aa
https://conda.anaconda.org/conda-forge/noarch/colorspacious-1.1.2-pyhecae5ae_1.conda#04151bb8e351c6209caad045e4b1f4bd
https://conda.anaconda.org/conda-forge/linux-64/contourpy-1.3.2-py311hd18a35c_0.conda#f8e440efa026c394461a45a46cea49fc
https://conda.anaconda.org/conda-forge/noarch/identify-2.6.12-pyhd8ed1ab_0.conda#84463b10c1eb198541cd54125c7efe90
https://conda.anaconda.org/conda-forge/noarch/lazy_loader-0.4-pyhd8ed1ab_2.conda#bb0230917e2473c77d615104dbe8a49d
https://conda.anaconda.org/conda-forge/linux-64/libgd-2.3.3-h6f5c62b_11.conda#68fc66282364981589ef36868b1a7c78
https://conda.anaconda.org/conda-forge/linux-64/libopenvino-2025.0.0-hdc3f47d_3.conda#3a88245058baa9d18ef4ea6df18ff63e
https://conda.anaconda.org/conda-forge/linux-64/mo_pack-0.3.1-py311h9ecbd09_1.conda#28d6b63784b350a2906dc264ad8c7f2a
https://conda.anaconda.org/conda-forge/linux-64/netcdf-fortran-4.6.1-nompi_h22f9119_108.conda#0967d692b1dd33e7d809cfa355090e4b
https://conda.anaconda.org/conda-forge/linux-64/pandas-2.3.0-py311h7db5c69_0.conda#805040d254f51cb15df55eff6e213d09
https://conda.anaconda.org/conda-forge/linux-64/pulseaudio-client-17.0-hac146a9_1.conda#66b1fa9608d8836e25f9919159adc9c6
https://conda.anaconda.org/conda-forge/linux-64/pykdtree-1.4.1-py311h9f3472d_0.conda#71a1a3016f6caabac25f77b742460248
https://conda.anaconda.org/conda-forge/noarch/pytest-cov-6.2.1-pyhd8ed1ab_0.conda#ce978e1b9ed8b8d49164e90a5cdc94cd
https://conda.anaconda.org/conda-forge/noarch/pytest-mock-3.14.1-pyhd8ed1ab_0.conda#11b313328806f1dfbab0eb1d219388c4
https://conda.anaconda.org/conda-forge/noarch/pytest-xdist-3.7.0-pyhd8ed1ab_0.conda#15353a2a0ea6dfefaa52fc5ab5b98f41
https://conda.anaconda.org/conda-forge/linux-64/python-stratify-0.3.0-py311h9f3472d_3.conda#a7c4169b1c920361597ddacb461350fd
https://conda.anaconda.org/conda-forge/linux-64/pywavelets-1.8.0-py311h9f3472d_0.conda#17334e5c12abdf2db6b25bd4187cd3e4
https://conda.anaconda.org/conda-forge/linux-64/scipy-1.15.2-py311h8f841c2_0.conda#5ec0a1732a05376241e1e4c6d50e0e91
https://conda.anaconda.org/conda-forge/linux-64/shapely-2.1.1-py311h3dc67b8_0.conda#ea7501cf4d40188cc662b29bcc07f13b
https://conda.anaconda.org/conda-forge/noarch/sphinxcontrib-apidoc-0.3.0-py_1.tar.bz2#855b087883443abb10f5faf6eef40860
https://conda.anaconda.org/conda-forge/noarch/urllib3-2.4.0-pyhd8ed1ab_0.conda#c1e349028e0052c4eea844e94f773065
https://conda.anaconda.org/conda-forge/noarch/wslink-2.3.4-pyhd8ed1ab_0.conda#9748c4ed9bb4784914bedf2efcc0ac1f
https://conda.anaconda.org/conda-forge/linux-64/at-spi2-atk-2.38.0-h0630a04_3.tar.bz2#6b889f174df1e0f816276ae69281af4d
https://conda.anaconda.org/conda-forge/linux-64/cf-units-3.3.0-py311h9f3472d_0.conda#555b148cafbd96b658499060d5e11a65
https://conda.anaconda.org/conda-forge/noarch/distributed-2025.5.1-pyhd8ed1ab_0.conda#d2949f56a1479507e36e847681903376
https://conda.anaconda.org/conda-forge/linux-64/esmf-8.8.1-nompi_h4441c20_0.conda#4d78a56a01fde77ba396e2a489d71215
https://conda.anaconda.org/conda-forge/linux-64/harfbuzz-11.2.1-h3beb420_0.conda#0e6e192d4b3d95708ad192d957cf3163
https://conda.anaconda.org/conda-forge/noarch/imagehash-4.3.2-pyhd8ed1ab_0.conda#efbc812363856906a80344b496389d2e
https://conda.anaconda.org/conda-forge/linux-64/libopenvino-auto-batch-plugin-2025.0.0-h4d9b6c2_3.conda#2e349bafc75b212879bf70ef80e0d08c
https://conda.anaconda.org/conda-forge/linux-64/libopenvino-auto-plugin-2025.0.0-h4d9b6c2_3.conda#74d074a3ac7af3378e16bfa6ff9cba30
https://conda.anaconda.org/conda-forge/linux-64/libopenvino-hetero-plugin-2025.0.0-h981d57b_3.conda#21f7997d68220d7356c1f80dc500bfad
https://conda.anaconda.org/conda-forge/linux-64/libopenvino-intel-cpu-plugin-2025.0.0-hdc3f47d_3.conda#3385f38d15c7aebcc3b453e4d8dfb0fe
https://conda.anaconda.org/conda-forge/linux-64/libopenvino-intel-gpu-plugin-2025.0.0-hdc3f47d_3.conda#f2d50e234edd843d9d695f7da34c7e96
https://conda.anaconda.org/conda-forge/linux-64/libopenvino-intel-npu-plugin-2025.0.0-hdc3f47d_3.conda#f632cad865436394eebd41c3afa2cda3
https://conda.anaconda.org/conda-forge/linux-64/libopenvino-ir-frontend-2025.0.0-h981d57b_3.conda#94f25cc6fe70f507897abb8e61603023
https://conda.anaconda.org/conda-forge/linux-64/libopenvino-onnx-frontend-2025.0.0-h0e684df_3.conda#7cd3272c3171c1d43ed1c2b3d6795269
https://conda.anaconda.org/conda-forge/linux-64/libopenvino-paddle-frontend-2025.0.0-h0e684df_3.conda#5b66cbc9965b429922b8e69cd4e464d7
https://conda.anaconda.org/conda-forge/linux-64/libopenvino-pytorch-frontend-2025.0.0-h5888daf_3.conda#a6ece96eff7f60b2559ba699156b0edf
https://conda.anaconda.org/conda-forge/linux-64/libopenvino-tensorflow-frontend-2025.0.0-h684f15b_3.conda#e1aeb108f4731db088782c8a20abf40a
https://conda.anaconda.org/conda-forge/linux-64/libopenvino-tensorflow-lite-frontend-2025.0.0-h5888daf_3.conda#a6fe9c25b834988ac88651aff731dd31
https://conda.anaconda.org/conda-forge/linux-64/matplotlib-base-3.10.3-py311h2b939e6_0.conda#0d1b7dfe2bbf983cb7907f6cbd6613e6
https://conda.anaconda.org/conda-forge/linux-64/netcdf4-1.7.2-nompi_py311hae66bec_101.conda#776c96dd51168ef9da0d63d5e49785f5
https://conda.anaconda.org/conda-forge/noarch/pre-commit-4.2.0-pyha770c72_0.conda#17e487cc8b5507cd3abc09398cf27949
https://conda.anaconda.org/conda-forge/noarch/requests-2.32.4-pyhd8ed1ab_0.conda#f6082eae112814f1447b56a5e1f6ed05
https://conda.anaconda.org/conda-forge/linux-64/sdl3-3.2.16-he3e324a_0.conda#c3ab38fdbcf36625620c9a4df786320a
https://conda.anaconda.org/conda-forge/linux-64/cartopy-0.24.0-py311h7db5c69_0.conda#20ba399d57a2b5de789a5b24341481a1
https://conda.anaconda.org/conda-forge/noarch/cmocean-4.0.3-pyhd8ed1ab_1.conda#dd71e4ec2fbffe38c0359976505f816e
https://conda.anaconda.org/conda-forge/noarch/esmpy-8.8.1-pyhecae5ae_0.conda#fe06d00073c01b5a741122e64df7ad9f
https://conda.anaconda.org/conda-forge/linux-64/libass-0.17.3-h52826cd_2.conda#01de25a48490709850221135890e09eb
https://conda.anaconda.org/conda-forge/noarch/nc-time-axis-1.4.1-pyhd8ed1ab_1.conda#9a2be7d0089f5934b550933ca0d9fe85
https://conda.anaconda.org/conda-forge/linux-64/pango-1.56.3-h9ac818e_1.conda#21899b96828014270bd24fd266096612
https://conda.anaconda.org/conda-forge/noarch/pooch-1.8.2-pyhd8ed1ab_1.conda#b3e783e8e8ed7577cf0b6dee37d1fbac
https://conda.anaconda.org/conda-forge/linux-64/qt6-main-6.8.3-h75f3359_3.conda#1badcbafab8cefdf2f90432dccbd7b2c
https://conda.anaconda.org/conda-forge/linux-64/sdl2-2.32.54-h3f2d84a_0.conda#91f8537d64c4d52cbbb2910e8bd61bd2
https://conda.anaconda.org/conda-forge/linux-64/gtk3-3.24.43-h0c6a113_5.conda#67d00e9cfe751cfe581726c5eff7c184
https://conda.anaconda.org/conda-forge/linux-64/librsvg-2.58.4-he92a37e_3.conda#d27665b20bc4d074b86e628b3ba5ab8b
https://conda.anaconda.org/conda-forge/linux-64/vtk-base-9.3.1-qt_py311hbeb5509_216.conda#961cdc92d7d631d4f6bb6269f0f9feae
https://conda.anaconda.org/conda-forge/noarch/adwaita-icon-theme-48.0-unix_0.conda#11539f9e49efaa281da735ded100b152
https://conda.anaconda.org/conda-forge/linux-64/ffmpeg-7.1.1-gpl_h127656b_906.conda#28cffcba871461840275632bc4653ce3
https://conda.anaconda.org/conda-forge/linux-64/graphviz-12.2.1-h5ae0cbf_1.conda#df7835d2c73cd1889d377cfd6694ada4
https://conda.anaconda.org/conda-forge/linux-64/vtk-io-ffmpeg-9.3.1-qt_py311h71fb23e_216.conda#fa11e02c8bed345e4a0e3b6c2cffba06
https://conda.anaconda.org/conda-forge/linux-64/vtk-9.3.1-qt_py311h71fb23e_216.conda#89d868f87f6b0da51a22248a48214bb6
https://conda.anaconda.org/conda-forge/noarch/pyvista-0.44.2-pyhd8ed1ab_1.conda#575a2593fbeda1212e1502f1d585c81c
https://conda.anaconda.org/conda-forge/noarch/geovista-0.5.3-pyhd8ed1ab_2.conda#fb12217fa769e6ab9d08763828475224
https://conda.anaconda.org/conda-forge/noarch/pydata-sphinx-theme-0.16.1-pyhd8ed1ab_0.conda#837aaf71ddf3b27acae0e7e9015eebc6
https://conda.anaconda.org/conda-forge/noarch/sphinx-copybutton-0.5.2-pyhd8ed1ab_1.conda#bf22cb9c439572760316ce0748af3713
https://conda.anaconda.org/conda-forge/noarch/sphinx-design-0.6.1-pyhd8ed1ab_2.conda#3e6c15d914b03f83fc96344f917e0838
https://conda.anaconda.org/conda-forge/noarch/sphinx-gallery-0.19.0-pyhd8ed1ab_0.conda#3cfa26d23bd7987d84051879f202a855
https://conda.anaconda.org/conda-forge/noarch/sphinxcontrib-applehelp-2.0.0-pyhd8ed1ab_1.conda#16e3f039c0aa6446513e94ab18a8784b
https://conda.anaconda.org/conda-forge/noarch/sphinxcontrib-devhelp-2.0.0-pyhd8ed1ab_1.conda#910f28a05c178feba832f842155cbfff
https://conda.anaconda.org/conda-forge/noarch/sphinxcontrib-htmlhelp-2.1.0-pyhd8ed1ab_1.conda#e9fb3fe8a5b758b4aff187d434f94f03
https://conda.anaconda.org/conda-forge/noarch/sphinxcontrib-qthelp-2.0.0-pyhd8ed1ab_1.conda#00534ebcc0375929b45c3039b5ba7636
https://conda.anaconda.org/conda-forge/noarch/sphinx-8.1.3-pyhd8ed1ab_1.conda#1a3281a0dc355c02b5506d87db2d78ac
https://conda.anaconda.org/conda-forge/noarch/sphinxcontrib-serializinghtml-1.1.10-pyhd8ed1ab_1.conda#3bc61f7161d28137797e038263c04c54
