# Generated by conda-lock.
# platform: linux-64
# input_hash: 6b92e6452b3174cffc5c890bcc0e9d97687ce8fc56c704029c2694d301418d9d
@EXPLICIT
https://conda.anaconda.org/conda-forge/linux-64/_libgcc_mutex-0.1-conda_forge.tar.bz2#d7c89558ba9fa0495403155b64376d81
https://conda.anaconda.org/conda-forge/linux-64/ca-certificates-2024.2.2-hbcca054_0.conda#2f4327a1cbe7f022401b236e915a5fef
https://conda.anaconda.org/conda-forge/noarch/font-ttf-dejavu-sans-mono-2.37-hab24e00_0.tar.bz2#0c96522c6bdaed4b1566d11387caaf45
https://conda.anaconda.org/conda-forge/noarch/font-ttf-inconsolata-3.000-h77eed37_0.tar.bz2#34893075a5c9e55cdafac56607368fc6
https://conda.anaconda.org/conda-forge/noarch/font-ttf-source-code-pro-2.038-h77eed37_0.tar.bz2#4d59c254e01d9cde7957100457e2d5fb
https://conda.anaconda.org/conda-forge/noarch/font-ttf-ubuntu-0.83-h77eed37_1.conda#6185f640c43843e5ad6fd1c5372c3f80
https://conda.anaconda.org/conda-forge/linux-64/ld_impl_linux-64-2.40-h41732ed_0.conda#7aca3059a1729aa76c597603f10b0dd3
https://conda.anaconda.org/conda-forge/linux-64/libstdcxx-ng-13.2.0-h7e041cc_5.conda#f6f6600d18a4047b54f803cf708b868a
https://conda.anaconda.org/conda-forge/linux-64/nlohmann_json-3.11.3-h59595ed_0.conda#df9ae69b85e0cab9bde23eff1e87f183
https://conda.anaconda.org/conda-forge/linux-64/python_abi-3.11-4_cp311.conda#d786502c97404c94d7d58d258a445a65
https://conda.anaconda.org/conda-forge/noarch/tzdata-2024a-h0c530f3_0.conda#161081fc7cec0bfda0d86d7cb595f8d8
https://conda.anaconda.org/conda-forge/linux-64/utfcpp-4.0.5-ha770c72_0.conda#25965c1d1d5fc00ce2b663b73008e3b7
https://conda.anaconda.org/conda-forge/noarch/fonts-conda-forge-1-0.tar.bz2#f766549260d6815b0c52253f1fb1bb29
https://conda.anaconda.org/conda-forge/linux-64/libgomp-13.2.0-h807b86a_5.conda#d211c42b9ce49aee3734fdc828731689
https://conda.anaconda.org/conda-forge/linux-64/_openmp_mutex-4.5-2_gnu.tar.bz2#73aaf86a425cc6e73fcf236a5a46396d
https://conda.anaconda.org/conda-forge/noarch/fonts-conda-ecosystem-1-0.tar.bz2#fee5683a3f04bd15cbd8318b096a27ab
https://conda.anaconda.org/conda-forge/linux-64/libgcc-ng-13.2.0-h807b86a_5.conda#d4ff227c46917d3b4565302a2bbb276b
https://conda.anaconda.org/conda-forge/linux-64/alsa-lib-1.2.11-hd590300_1.conda#0bb492cca54017ea314b809b1ee3a176
https://conda.anaconda.org/conda-forge/linux-64/aom-3.8.2-h59595ed_0.conda#625e1fed28a5139aed71b3a76117ef84
https://conda.anaconda.org/conda-forge/linux-64/attr-2.5.1-h166bdaf_1.tar.bz2#d9c69a24ad678ffce24c6543a0176b00
https://conda.anaconda.org/conda-forge/linux-64/bzip2-1.0.8-hd590300_5.conda#69b8b6202a07720f448be700e300ccf4
https://conda.anaconda.org/conda-forge/linux-64/c-ares-1.28.1-hd590300_0.conda#dcde58ff9a1f30b0037a2315d1846d1f
https://conda.anaconda.org/conda-forge/linux-64/dav1d-1.2.1-hd590300_0.conda#418c6ca5929a611cbd69204907a83995
https://conda.anaconda.org/conda-forge/linux-64/double-conversion-3.3.0-h59595ed_0.conda#c2f83a5ddadadcdb08fe05863295ee97
https://conda.anaconda.org/conda-forge/linux-64/eigen-3.4.0-h00ab1b0_0.conda#b1b879d6d093f55dd40d58b5eb2f0699
https://conda.anaconda.org/conda-forge/linux-64/fribidi-1.0.10-h36c2ea0_0.tar.bz2#ac7bc6a654f8f41b352b38f4051135f8
https://conda.anaconda.org/conda-forge/linux-64/geos-3.12.1-h59595ed_0.conda#8c0f4f71f5a59ceb0c6fa9f51501066d
https://conda.anaconda.org/conda-forge/linux-64/gettext-0.21.1-h27087fc_0.tar.bz2#14947d8770185e5153fdd04d4673ed37
https://conda.anaconda.org/conda-forge/linux-64/giflib-5.2.1-h0b41bf4_3.conda#96f3b11872ef6fad973eac856cd2624f
https://conda.anaconda.org/conda-forge/linux-64/gmp-6.3.0-h59595ed_1.conda#e358c7c5f6824c272b5034b3816438a7
https://conda.anaconda.org/conda-forge/linux-64/graphite2-1.3.13-h59595ed_1003.conda#f87c7b7c2cb45f323ffbce941c78ab7c
https://conda.anaconda.org/conda-forge/linux-64/icu-73.2-h59595ed_0.conda#cc47e1facc155f91abd89b11e48e72ff
https://conda.anaconda.org/conda-forge/linux-64/jsoncpp-1.9.5-h4bd325d_1.tar.bz2#ae7f50dd1e78c7e78b5d2cf7062e559d
https://conda.anaconda.org/conda-forge/linux-64/keyutils-1.6.1-h166bdaf_0.tar.bz2#30186d27e2c9fa62b45fb1476b7200e3
https://conda.anaconda.org/conda-forge/linux-64/lame-3.100-h166bdaf_1003.tar.bz2#a8832b479f93521a9e7b5b743803be51
https://conda.anaconda.org/conda-forge/linux-64/lerc-4.0.0-h27087fc_0.tar.bz2#76bbff344f0134279f225174e9064c8f
https://conda.anaconda.org/conda-forge/linux-64/libabseil-20240116.1-cxx17_h59595ed_2.conda#75648bc5dd3b8eab22406876c24d81ec
https://conda.anaconda.org/conda-forge/linux-64/libaec-1.1.3-h59595ed_0.conda#5e97e271911b8b2001a8b71860c32faa
https://conda.anaconda.org/conda-forge/linux-64/libbrotlicommon-1.1.0-hd590300_1.conda#aec6c91c7371c26392a06708a73c70e5
https://conda.anaconda.org/conda-forge/linux-64/libdeflate-1.20-hd590300_0.conda#8e88f9389f1165d7c0936fe40d9a9a79
https://conda.anaconda.org/conda-forge/linux-64/libev-4.33-hd590300_2.conda#172bf1cd1ff8629f2b1179945ed45055
https://conda.anaconda.org/conda-forge/linux-64/libexpat-2.5.0-hcb278e6_1.conda#6305a3dd2752c76335295da4e581f2fd
https://conda.anaconda.org/conda-forge/linux-64/libffi-3.4.2-h7f98852_5.tar.bz2#d645c6d2ac96843a2bfaccd2d62b3ac3
https://conda.anaconda.org/conda-forge/linux-64/libgfortran5-13.2.0-ha4646dd_5.conda#7a6bd7a12a4bd359e2afe6c0fa1acace
https://conda.anaconda.org/conda-forge/linux-64/libiconv-1.17-hd590300_2.conda#d66573916ffcf376178462f1b61c941e
https://conda.anaconda.org/conda-forge/linux-64/libjpeg-turbo-3.0.0-hd590300_1.conda#ea25936bb4080d843790b586850f82b8
https://conda.anaconda.org/conda-forge/linux-64/libmo_unpack-3.1.2-hf484d3e_1001.tar.bz2#95f32a6a5a666d33886ca5627239f03d
https://conda.anaconda.org/conda-forge/linux-64/libnsl-2.0.1-hd590300_0.conda#30fd6e37fe21f86f4bd26d6ee73eeec7
https://conda.anaconda.org/conda-forge/linux-64/libogg-1.3.4-h7f98852_1.tar.bz2#6e8cc2173440d77708196c5b93771680
https://conda.anaconda.org/conda-forge/linux-64/libopus-1.3.1-h7f98852_1.tar.bz2#15345e56d527b330e1cacbdf58676e8f
https://conda.anaconda.org/conda-forge/linux-64/libpciaccess-0.18-hd590300_0.conda#48f4330bfcd959c3cfb704d424903c82
https://conda.anaconda.org/conda-forge/linux-64/libtasn1-4.19.0-h166bdaf_0.tar.bz2#93840744a8552e9ebf6bb1a5dffc125a
https://conda.anaconda.org/conda-forge/linux-64/libunistring-0.9.10-h7f98852_0.tar.bz2#7245a044b4a1980ed83196176b78b73a
https://conda.anaconda.org/conda-forge/linux-64/libuuid-2.38.1-h0b41bf4_0.conda#40b61aab5c7ba9ff276c41cfffe6b80b
https://conda.anaconda.org/conda-forge/linux-64/libvpx-1.14.0-h59595ed_0.conda#01c76c6d71097a0f3bd8683a8f255123
https://conda.anaconda.org/conda-forge/linux-64/libwebp-base-1.3.2-hd590300_0.conda#30de3fd9b3b602f7473f30e684eeea8c
https://conda.anaconda.org/conda-forge/linux-64/libxcrypt-4.4.36-hd590300_1.conda#5aa797f8787fe7a17d1b0821485b5adc
https://conda.anaconda.org/conda-forge/linux-64/libzlib-1.2.13-hd590300_5.conda#f36c115f1ee199da648e0597ec2047ad
https://conda.anaconda.org/conda-forge/linux-64/lz4-c-1.9.4-hcb278e6_0.conda#318b08df404f9c9be5712aaa5a6f0bb0
https://conda.anaconda.org/conda-forge/linux-64/mpg123-1.32.6-h59595ed_0.conda#9160cdeb523a1b20cf8d2a0bf821f45d
https://conda.anaconda.org/conda-forge/linux-64/ncurses-6.4.20240210-h59595ed_0.conda#97da8860a0da5413c7c98a3b3838a645
https://conda.anaconda.org/conda-forge/linux-64/nettle-3.9.1-h7ab15ed_0.conda#2bf1915cc107738811368afcb0993a59
https://conda.anaconda.org/conda-forge/linux-64/nspr-4.35-h27087fc_0.conda#da0ec11a6454ae19bff5b02ed881a2b1
https://conda.anaconda.org/conda-forge/linux-64/ocl-icd-2.3.2-hd590300_1.conda#c66f837ac65e4d1cdeb80e2a1d5fcc3d
https://conda.anaconda.org/conda-forge/linux-64/openh264-2.4.1-h59595ed_0.conda#3dfcf61b8e78af08110f5229f79580af
https://conda.anaconda.org/conda-forge/linux-64/openssl-3.2.1-hd590300_1.conda#9d731343cff6ee2e5a25c4a091bf8e2a
https://conda.anaconda.org/conda-forge/linux-64/pixman-0.43.2-h59595ed_0.conda#71004cbf7924e19c02746ccde9fd7123
https://conda.anaconda.org/conda-forge/linux-64/pthread-stubs-0.4-h36c2ea0_1001.tar.bz2#22dad4df6e8630e8dff2428f6f6a7036
https://conda.anaconda.org/conda-forge/linux-64/pugixml-1.14-h59595ed_0.conda#2c97dd90633508b422c11bd3018206ab
https://conda.anaconda.org/conda-forge/linux-64/snappy-1.1.10-h9fff704_0.conda#e6d228cd0bb74a51dd18f5bfce0b4115
https://conda.anaconda.org/conda-forge/linux-64/svt-av1-2.0.0-h59595ed_0.conda#207e01ffa0eb2d2efb83fb6f46365a21
https://conda.anaconda.org/conda-forge/linux-64/x264-1!164.3095-h166bdaf_2.tar.bz2#6c99772d483f566d59e25037fea2c4b1
https://conda.anaconda.org/conda-forge/linux-64/x265-3.5-h924138e_3.tar.bz2#e7f6ed84d4623d52ee581325c1587a6b
https://conda.anaconda.org/conda-forge/linux-64/xorg-kbproto-1.0.7-h7f98852_1002.tar.bz2#4b230e8381279d76131116660f5a241a
https://conda.anaconda.org/conda-forge/linux-64/xorg-libice-1.1.1-hd590300_0.conda#b462a33c0be1421532f28bfe8f4a7514
https://conda.anaconda.org/conda-forge/linux-64/xorg-libxau-1.0.11-hd590300_0.conda#2c80dc38fface310c9bd81b17037fee5
https://conda.anaconda.org/conda-forge/linux-64/xorg-libxdmcp-1.1.3-h7f98852_0.tar.bz2#be93aabceefa2fac576e971aef407908
https://conda.anaconda.org/conda-forge/linux-64/xorg-renderproto-0.11.1-h7f98852_1002.tar.bz2#06feff3d2634e3097ce2fe681474b534
https://conda.anaconda.org/conda-forge/linux-64/xorg-xextproto-7.3.0-h0b41bf4_1003.conda#bce9f945da8ad2ae9b1d7165a64d0f87
https://conda.anaconda.org/conda-forge/linux-64/xorg-xf86vidmodeproto-2.3.1-h7f98852_1002.tar.bz2#3ceea9668625c18f19530de98b15d5b0
https://conda.anaconda.org/conda-forge/linux-64/xorg-xproto-7.0.31-h7f98852_1007.tar.bz2#b4a4381d54784606820704f7b5f05a15
https://conda.anaconda.org/conda-forge/linux-64/xxhash-0.8.2-hd590300_0.conda#f08fb5c89edfc4aadee1c81d4cfb1fa1
https://conda.anaconda.org/conda-forge/linux-64/xz-5.2.6-h166bdaf_0.tar.bz2#2161070d867d1b1204ea749c8eec4ef0
https://conda.anaconda.org/conda-forge/linux-64/yaml-0.2.5-h7f98852_2.tar.bz2#4cb3ad778ec2d5a7acbdf254eb1c42ae
https://conda.anaconda.org/conda-forge/linux-64/expat-2.5.0-hcb278e6_1.conda#8b9b5aca60558d02ddaa09d599e55920
https://conda.anaconda.org/conda-forge/linux-64/hdf4-4.2.15-h2a13503_7.conda#bd77f8da987968ec3927990495dc22e4
https://conda.anaconda.org/conda-forge/linux-64/libbrotlidec-1.1.0-hd590300_1.conda#f07002e225d7a60a694d42a7bf5ff53f
https://conda.anaconda.org/conda-forge/linux-64/libbrotlienc-1.1.0-hd590300_1.conda#5fc11c6020d421960607d821310fcd4d
https://conda.anaconda.org/conda-forge/linux-64/libcap-2.69-h0f662aa_0.conda#25cb5999faa414e5ccb2c1388f62d3d5
https://conda.anaconda.org/conda-forge/linux-64/libdrm-2.4.120-hd590300_0.conda#7c3071bdf1d28b331a06bda6e85ab607
https://conda.anaconda.org/conda-forge/linux-64/libedit-3.1.20191231-he28a2e2_2.tar.bz2#4d331e44109e3f0e19b4cb8f9b82f3e1
https://conda.anaconda.org/conda-forge/linux-64/libevent-2.1.12-hf998b51_1.conda#a1cfcc585f0c42bf8d5546bb1dfb668d
https://conda.anaconda.org/conda-forge/linux-64/libflac-1.4.3-h59595ed_0.conda#ee48bf17cc83a00f59ca1494d5646869
https://conda.anaconda.org/conda-forge/linux-64/libgfortran-ng-13.2.0-h69a702a_5.conda#e73e9cfd1191783392131e6238bdb3e9
https://conda.anaconda.org/conda-forge/linux-64/libgpg-error-1.48-h71f35ed_0.conda#4d18d86916705d352d5f4adfb7f0edd3
https://conda.anaconda.org/conda-forge/linux-64/libidn2-2.3.7-hd590300_0.conda#2b7b0d827c6447cc1d85dc06d5b5de46
https://conda.anaconda.org/conda-forge/linux-64/libnghttp2-1.58.0-h47da74e_1.conda#700ac6ea6d53d5510591c4344d5c989a
https://conda.anaconda.org/conda-forge/linux-64/libpng-1.6.43-h2797004_0.conda#009981dd9cfcaa4dbfa25ffaed86bcae
https://conda.anaconda.org/conda-forge/linux-64/libprotobuf-4.25.3-h08a7969_0.conda#6945825cebd2aeb16af4c69d97c32c13
https://conda.anaconda.org/conda-forge/linux-64/libsqlite-3.45.2-h2797004_0.conda#866983a220e27a80cb75e85cb30466a1
https://conda.anaconda.org/conda-forge/linux-64/libssh2-1.11.0-h0841786_0.conda#1f5a58e686b13bcfde88b93f547d23fe
https://conda.anaconda.org/conda-forge/linux-64/libudunits2-2.2.28-h40f5838_3.conda#4bdace082e911a3e1f1f0b721bed5b56
https://conda.anaconda.org/conda-forge/linux-64/libvorbis-1.3.7-h9c3ff4c_0.tar.bz2#309dec04b70a3cc0f1e84a4013683bc0
https://conda.anaconda.org/conda-forge/linux-64/libxcb-1.15-h0b41bf4_0.conda#33277193f5b92bad9fdd230eb700929c
https://conda.anaconda.org/conda-forge/linux-64/libxml2-2.12.6-h232c23b_1.conda#6853448e9ca1cfd5f15382afd2a6d123
https://conda.anaconda.org/conda-forge/linux-64/libzip-1.10.1-h2629f0a_3.conda#ac79812548e7e8cf61f7b0abdef01d3b
https://conda.anaconda.org/conda-forge/linux-64/mysql-common-8.0.33-hf1915f5_6.conda#80bf3b277c120dd294b51d404b931a75
https://conda.anaconda.org/conda-forge/linux-64/p11-kit-0.24.1-hc5aa10d_0.tar.bz2#56ee94e34b71742bbdfa832c974e47a8
https://conda.anaconda.org/conda-forge/linux-64/pcre2-10.43-hcad00b1_0.conda#8292dea9e022d9610a11fce5e0896ed8
https://conda.anaconda.org/conda-forge/linux-64/readline-8.2-h8228510_1.conda#47d31b792659ce70f470b5c82fdfb7a4
https://conda.anaconda.org/conda-forge/linux-64/tk-8.6.13-noxft_h4845f30_101.conda#d453b98d9c83e71da0741bb0ff4d76bc
https://conda.anaconda.org/conda-forge/linux-64/xorg-fixesproto-5.0-h7f98852_1002.tar.bz2#65ad6e1eb4aed2b0611855aff05e04f6
https://conda.anaconda.org/conda-forge/linux-64/xorg-libsm-1.2.4-h7391055_0.conda#93ee23f12bc2e684548181256edd2cf6
https://conda.anaconda.org/conda-forge/linux-64/zlib-1.2.13-hd590300_5.conda#68c34ec6149623be41a1933ab996a209
https://conda.anaconda.org/conda-forge/linux-64/zstd-1.5.5-hfc55251_0.conda#04b88013080254850d6c01ed54810589
https://conda.anaconda.org/conda-forge/linux-64/blosc-1.21.5-h0f2a231_0.conda#009521b7ed97cca25f8f997f9e745976
https://conda.anaconda.org/conda-forge/linux-64/brotli-bin-1.1.0-hd590300_1.conda#39f910d205726805a958da408ca194ba
https://conda.anaconda.org/conda-forge/linux-64/freetype-2.12.1-h267a509_2.conda#9ae35c3d96db2c94ce0cef86efdfa2cb
https://conda.anaconda.org/conda-forge/linux-64/gl2ps-1.4.2-h0708190_0.tar.bz2#438718bf8921ac70956d919d0e2cc487
https://conda.anaconda.org/conda-forge/linux-64/gnutls-3.7.9-hb077bed_0.conda#33eded89024f21659b1975886a4acf70
https://conda.anaconda.org/conda-forge/linux-64/krb5-1.21.2-h659d440_0.conda#cd95826dbd331ed1be26bdf401432844
https://conda.anaconda.org/conda-forge/linux-64/libgcrypt-1.10.3-hd590300_0.conda#32d16ad533c59bb0a3c5ffaf16110829
https://conda.anaconda.org/conda-forge/linux-64/libglib-2.80.0-hf2295e7_1.conda#0725f6081030c29b109088639824ff90
https://conda.anaconda.org/conda-forge/linux-64/libhwloc-2.9.3-default_h554bfaf_1009.conda#f36ddc11ca46958197a45effdd286e45
https://conda.anaconda.org/conda-forge/linux-64/libllvm15-15.0.7-hb3ce162_4.conda#8a35df3cbc0c8b12cc8af9473ae75eef
https://conda.anaconda.org/conda-forge/linux-64/libopenblas-0.3.26-pthreads_h413a1c8_0.conda#760ae35415f5ba8b15d09df5afe8b23a
https://conda.anaconda.org/conda-forge/linux-64/libsndfile-1.2.2-hc60ed4a_1.conda#ef1910918dd895516a769ed36b5b3a4e
https://conda.anaconda.org/conda-forge/linux-64/libtheora-1.1.1-h7f98852_1005.tar.bz2#1a7c35f56343b7e9e8db20b296c7566c
https://conda.anaconda.org/conda-forge/linux-64/libtiff-4.6.0-h1dd3fc0_3.conda#66f03896ffbe1a110ffda05c7a856504
https://conda.anaconda.org/conda-forge/linux-64/mysql-libs-8.0.33-hca2cd23_6.conda#e87530d1b12dd7f4e0f856dc07358d60
https://conda.anaconda.org/conda-forge/linux-64/nss-3.98-h1d7d5a4_0.conda#54b56c2fdf973656b748e0378900ec13
https://conda.anaconda.org/conda-forge/linux-64/python-3.11.8-hab00c5b_0_cpython.conda#2fdc314ee058eda0114738a9309d3683
https://conda.anaconda.org/conda-forge/linux-64/sqlite-3.45.2-h2c6b66d_0.conda#1423efca06ed343c1da0fc429bae0779
https://conda.anaconda.org/conda-forge/linux-64/udunits2-2.2.28-h40f5838_3.conda#6bb8deb138f87c9d48320ac21b87e7a1
https://conda.anaconda.org/conda-forge/linux-64/xcb-util-0.4.0-hd590300_1.conda#9bfac7ccd94d54fd21a0501296d60424
https://conda.anaconda.org/conda-forge/linux-64/xcb-util-keysyms-0.4.0-h8ee46fc_1.conda#632413adcd8bc16b515cab87a2932913
https://conda.anaconda.org/conda-forge/linux-64/xcb-util-renderutil-0.3.9-hd590300_1.conda#e995b155d938b6779da6ace6c6b13816
https://conda.anaconda.org/conda-forge/linux-64/xcb-util-wm-0.4.1-h8ee46fc_1.conda#90108a432fb5c6150ccfee3f03388656
https://conda.anaconda.org/conda-forge/linux-64/xorg-libx11-1.8.7-h8ee46fc_0.conda#49e482d882669206653b095f5206c05b
https://conda.anaconda.org/conda-forge/noarch/alabaster-0.7.16-pyhd8ed1ab_0.conda#def531a3ac77b7fb8c21d17bb5d0badb
https://conda.anaconda.org/conda-forge/noarch/antlr-python-runtime-4.11.1-pyhd8ed1ab_0.tar.bz2#15109c4977d39ad7aa3423f57243e286
https://conda.anaconda.org/conda-forge/linux-64/atk-1.0-2.38.0-hd4edc92_1.tar.bz2#6c72ec3e660a51736913ef6ea68c454b
https://conda.anaconda.org/conda-forge/noarch/attrs-23.2.0-pyh71513ae_0.conda#5e4c0743c70186509d1412e03c2d8dfa
https://conda.anaconda.org/conda-forge/linux-64/brotli-1.1.0-hd590300_1.conda#f27a24d46e3ea7b70a1f98e50c62508f
https://conda.anaconda.org/conda-forge/linux-64/brotli-python-1.1.0-py311hb755f60_1.conda#cce9e7c3f1c307f2a5fb08a2922d6164
https://conda.anaconda.org/conda-forge/noarch/certifi-2024.2.2-pyhd8ed1ab_0.conda#0876280e409658fc6f9e75d035960333
https://conda.anaconda.org/conda-forge/noarch/cfgv-3.3.1-pyhd8ed1ab_0.tar.bz2#ebb5f5f7dc4f1a3780ef7ea7738db08c
https://conda.anaconda.org/conda-forge/noarch/charset-normalizer-3.3.2-pyhd8ed1ab_0.conda#7f4a9e3fcff3f6356ae99244a014da6a
https://conda.anaconda.org/conda-forge/noarch/click-8.1.7-unix_pyh707e725_0.conda#f3ad426304898027fc619827ff428eca
https://conda.anaconda.org/conda-forge/noarch/cloudpickle-3.0.0-pyhd8ed1ab_0.conda#753d29fe41bb881e4b9c004f0abf973f
https://conda.anaconda.org/conda-forge/noarch/colorama-0.4.6-pyhd8ed1ab_0.tar.bz2#3faab06a954c2a04039983f2c4a50d99
https://conda.anaconda.org/conda-forge/noarch/colorcet-3.1.0-pyhd8ed1ab_0.conda#4d155b600b63bc6ba89d91fab74238f8
https://conda.anaconda.org/conda-forge/noarch/cycler-0.12.1-pyhd8ed1ab_0.conda#5cd86562580f274031ede6aa6aa24441
https://conda.anaconda.org/conda-forge/linux-64/cython-3.0.10-py311hb755f60_0.conda#f3a8a500a2e743ff92f418f0eaf9bf71
https://conda.anaconda.org/conda-forge/linux-64/dbus-1.13.6-h5008d03_3.tar.bz2#ecfff944ba3960ecb334b9a2663d708d
https://conda.anaconda.org/conda-forge/noarch/distlib-0.3.8-pyhd8ed1ab_0.conda#db16c66b759a64dc5183d69cc3745a52
https://conda.anaconda.org/conda-forge/linux-64/docutils-0.20.1-py311h38be061_3.conda#1c33f55e5cdcc2a2b973c432b5225bfe
https://conda.anaconda.org/conda-forge/noarch/exceptiongroup-1.2.0-pyhd8ed1ab_2.conda#8d652ea2ee8eaee02ed8dc820bc794aa
https://conda.anaconda.org/conda-forge/noarch/execnet-2.1.0-pyhd8ed1ab_0.conda#7a4b32fbe5442e46841ec77695e36d96
https://conda.anaconda.org/conda-forge/noarch/filelock-3.13.3-pyhd8ed1ab_0.conda#ff15f46b0d34308f4d40c1c51df07592
https://conda.anaconda.org/conda-forge/linux-64/fontconfig-2.14.2-h14ed4e7_0.conda#0f69b688f52ff6da70bccb7ff7001d1d
https://conda.anaconda.org/conda-forge/linux-64/frozenlist-1.4.1-py311h459d7ec_0.conda#b267e553a337e1878512621e374845c5
https://conda.anaconda.org/conda-forge/noarch/fsspec-2024.3.1-pyhca7485f_0.conda#b7f0662ef2c9d4404f0af9eef5ed2fde
https://conda.anaconda.org/conda-forge/linux-64/gdk-pixbuf-2.42.10-h829c605_5.conda#8fdb82e5d9694dd8e9ed9ac8fdf48a26
https://conda.anaconda.org/conda-forge/linux-64/glib-tools-2.80.0-hde27a5a_1.conda#939ddd853b1d98bf6fd22cc0adeda317
https://conda.anaconda.org/conda-forge/linux-64/gts-0.7.6-h977cf35_4.conda#4d8df0b0db060d33c9a702ada998a8fe
https://conda.anaconda.org/conda-forge/noarch/idna-3.6-pyhd8ed1ab_0.conda#1a76f09108576397c41c0b0c5bd84134
https://conda.anaconda.org/conda-forge/noarch/imagesize-1.4.1-pyhd8ed1ab_0.tar.bz2#7de5386c8fea29e76b303f37dde4c352
https://conda.anaconda.org/conda-forge/noarch/iniconfig-2.0.0-pyhd8ed1ab_0.conda#f800d2da156d08e289b14e87e43c1ae5
https://conda.anaconda.org/conda-forge/noarch/iris-sample-data-2.4.0-pyhd8ed1ab_0.tar.bz2#18ee9c07cf945a33f92caf1ee3d23ad9
https://conda.anaconda.org/conda-forge/linux-64/kiwisolver-1.4.5-py311h9547e67_1.conda#2c65bdf442b0d37aad080c8a4e0d452f
https://conda.anaconda.org/conda-forge/linux-64/lcms2-2.16-hb7c19ff_0.conda#51bb7010fc86f70eee639b4bb7a894f5
https://conda.anaconda.org/conda-forge/linux-64/libblas-3.9.0-21_linux64_openblas.conda#0ac9f44fc096772b0aa092119b00c3ca
https://conda.anaconda.org/conda-forge/linux-64/libclang13-15.0.7-default_h5d6823c_5.conda#2d694a9ffdcc30e89dea34a8dcdab6ae
https://conda.anaconda.org/conda-forge/linux-64/libcups-2.3.3-h4637d8d_4.conda#d4529f4dff3057982a7617c7ac58fde3
https://conda.anaconda.org/conda-forge/linux-64/libcurl-8.7.1-hca28451_0.conda#755c7f876815003337d2c61ff5d047e5
https://conda.anaconda.org/conda-forge/linux-64/libpq-16.2-h33b98f1_1.conda#9e49ec2a61d02623b379dc332eb6889d
https://conda.anaconda.org/conda-forge/linux-64/libsystemd0-255-h3516f8a_1.conda#3366af27f0b593544a6cd453c7932ac5
https://conda.anaconda.org/conda-forge/linux-64/libwebp-1.3.2-h658648e_1.conda#0ebb65e8d86843865796c7c95a941f34
https://conda.anaconda.org/conda-forge/noarch/locket-1.0.0-pyhd8ed1ab_0.tar.bz2#91e27ef3d05cc772ce627e51cff111c4
https://conda.anaconda.org/conda-forge/linux-64/loguru-0.7.2-py311h38be061_1.conda#94a4521bd7933a66d76b0274dbf8d2dd
https://conda.anaconda.org/conda-forge/linux-64/markupsafe-2.1.5-py311h459d7ec_0.conda#a322b4185121935c871d201ae00ac143
https://conda.anaconda.org/conda-forge/linux-64/msgpack-python-1.0.7-py311h9547e67_0.conda#3ac85c6c226e2a2e4b17864fc2ca88ff
https://conda.anaconda.org/conda-forge/linux-64/multidict-6.0.5-py311h459d7ec_0.conda#4288ea5cbe686d1b18fc3efb36c009a5
https://conda.anaconda.org/conda-forge/noarch/munkres-1.1.4-pyh9f0ad1d_0.tar.bz2#2ba8498c1018c1e9c61eb99b973dfe19
https://conda.anaconda.org/conda-forge/linux-64/openjpeg-2.5.2-h488ebb8_0.conda#7f2e286780f072ed750df46dc2631138
https://conda.anaconda.org/conda-forge/noarch/packaging-24.0-pyhd8ed1ab_0.conda#248f521b64ce055e7feae3105e7abeb8
https://conda.anaconda.org/conda-forge/noarch/platformdirs-4.2.0-pyhd8ed1ab_0.conda#a0bc3eec34b0fab84be6b2da94e98e20
https://conda.anaconda.org/conda-forge/noarch/pluggy-1.4.0-pyhd8ed1ab_0.conda#139e9feb65187e916162917bb2484976
https://conda.anaconda.org/conda-forge/linux-64/psutil-5.9.8-py311h459d7ec_0.conda#9bc62d25dcf64eec484974a3123c9d57
https://conda.anaconda.org/conda-forge/noarch/pycparser-2.22-pyhd8ed1ab_0.conda#844d9eb3b43095b031874477f7d70088
https://conda.anaconda.org/conda-forge/noarch/pygments-2.17.2-pyhd8ed1ab_0.conda#140a7f159396547e9799aa98f9f0742e
https://conda.anaconda.org/conda-forge/noarch/pyparsing-3.1.2-pyhd8ed1ab_0.conda#b9a4dacf97241704529131a0dfc0494f
https://conda.anaconda.org/conda-forge/noarch/pyshp-2.3.1-pyhd8ed1ab_0.tar.bz2#92a889dc236a5197612bc85bee6d7174
https://conda.anaconda.org/conda-forge/noarch/pysocks-1.7.1-pyha2e5f31_6.tar.bz2#2a7de29fb590ca14b5243c4c812c8025
https://conda.anaconda.org/conda-forge/noarch/python-tzdata-2024.1-pyhd8ed1ab_0.conda#98206ea9954216ee7540f0c773f2104d
https://conda.anaconda.org/conda-forge/linux-64/python-xxhash-3.4.1-py311h459d7ec_0.conda#60b5332b3989fda37884b92c7afd6a91
https://conda.anaconda.org/conda-forge/noarch/pytz-2024.1-pyhd8ed1ab_0.conda#3eeeeb9e4827ace8c0c1419c85d590ad
https://conda.anaconda.org/conda-forge/linux-64/pyyaml-6.0.1-py311h459d7ec_1.conda#52719a74ad130de8fb5d047dc91f247a
https://conda.anaconda.org/conda-forge/noarch/scooby-0.9.2-pyhd8ed1ab_0.conda#66dc03353b88f5f2db8c630854174a3f
https://conda.anaconda.org/conda-forge/noarch/setuptools-69.2.0-pyhd8ed1ab_0.conda#da214ecd521a720a9d521c68047682dc
https://conda.anaconda.org/conda-forge/noarch/six-1.16.0-pyh6c4a22f_0.tar.bz2#e5f25f8dbc060e9a8d912e432202afc2
https://conda.anaconda.org/conda-forge/noarch/snowballstemmer-2.2.0-pyhd8ed1ab_0.tar.bz2#4d22a9315e78c6827f806065957d566e
https://conda.anaconda.org/conda-forge/noarch/sortedcontainers-2.4.0-pyhd8ed1ab_0.tar.bz2#6d6552722448103793743dabfbda532d
https://conda.anaconda.org/conda-forge/noarch/soupsieve-2.5-pyhd8ed1ab_1.conda#3f144b2c34f8cb5a9abd9ed23a39c561
https://conda.anaconda.org/conda-forge/noarch/sphinxcontrib-jsmath-1.0.1-pyhd8ed1ab_0.conda#da1d979339e2714c30a8e806a33ec087
https://conda.anaconda.org/conda-forge/linux-64/tbb-2021.11.0-h00ab1b0_1.conda#4531d2927578e7e254ff3bcf6457518c
https://conda.anaconda.org/conda-forge/noarch/tblib-3.0.0-pyhd8ed1ab_0.conda#04eedddeb68ad39871c8127dd1c21f4f
https://conda.anaconda.org/conda-forge/noarch/toml-0.10.2-pyhd8ed1ab_0.tar.bz2#f832c45a477c78bebd107098db465095
https://conda.anaconda.org/conda-forge/noarch/tomli-2.0.1-pyhd8ed1ab_0.tar.bz2#5844808ffab9ebdb694585b50ba02a96
https://conda.anaconda.org/conda-forge/noarch/toolz-0.12.1-pyhd8ed1ab_0.conda#2fcb582444635e2c402e8569bb94e039
https://conda.anaconda.org/conda-forge/linux-64/tornado-6.4-py311h459d7ec_0.conda#cc7727006191b8f3630936b339a76cd0
https://conda.anaconda.org/conda-forge/noarch/typing_extensions-4.11.0-pyha770c72_0.conda#6ef2fc37559256cf682d8b3375e89b80
https://conda.anaconda.org/conda-forge/noarch/wheel-0.43.0-pyhd8ed1ab_1.conda#0b5293a157c2b5cd513dd1b03d8d3aae
https://conda.anaconda.org/conda-forge/linux-64/xcb-util-image-0.4.0-h8ee46fc_1.conda#9d7bcddf49cbf727730af10e71022c73
https://conda.anaconda.org/conda-forge/linux-64/xkeyboard-config-2.41-hd590300_0.conda#81f740407b45e3f9047b3174fa94eb9e
https://conda.anaconda.org/conda-forge/linux-64/xorg-libxext-1.3.4-h0b41bf4_2.conda#82b6df12252e6f32402b96dacc656fec
https://conda.anaconda.org/conda-forge/linux-64/xorg-libxfixes-5.0.3-h7f98852_1004.tar.bz2#e9a21aa4d5e3e5f1aed71e8cefd46b6a
https://conda.anaconda.org/conda-forge/linux-64/xorg-libxrender-0.9.11-hd590300_0.conda#ed67c36f215b310412b2af935bf3e530
https://conda.anaconda.org/conda-forge/linux-64/xorg-libxt-1.3.0-hd590300_1.conda#ae92aab42726eb29d16488924f7312cb
https://conda.anaconda.org/conda-forge/noarch/zict-3.0.0-pyhd8ed1ab_0.conda#cf30c2c15b82aacb07f9c09e28ff2275
https://conda.anaconda.org/conda-forge/noarch/zipp-3.17.0-pyhd8ed1ab_0.conda#2e4d6bc0b14e10f895fc6791a7d9b26a
https://conda.anaconda.org/conda-forge/noarch/accessible-pygments-0.0.4-pyhd8ed1ab_0.conda#46a2e6e3dfa718ce3492018d5a110dd6
https://conda.anaconda.org/conda-forge/noarch/aiosignal-1.3.1-pyhd8ed1ab_0.tar.bz2#d1e1eb7e21a9e2c74279d87dafb68156
https://conda.anaconda.org/conda-forge/noarch/babel-2.14.0-pyhd8ed1ab_0.conda#9669586875baeced8fc30c0826c3270e
https://conda.anaconda.org/conda-forge/noarch/beautifulsoup4-4.12.3-pyha770c72_0.conda#332493000404d8411859539a5a630865
https://conda.anaconda.org/conda-forge/linux-64/cairo-1.18.0-h3faef2a_0.conda#f907bb958910dc404647326ca80c263e
https://conda.anaconda.org/conda-forge/linux-64/cffi-1.16.0-py311hb3a22ac_0.conda#b3469563ac5e808b0cd92810d0697043
https://conda.anaconda.org/conda-forge/noarch/click-default-group-1.2.4-pyhd8ed1ab_0.conda#7c2b6931f9b3548ed78478332095c3e9
https://conda.anaconda.org/conda-forge/linux-64/coverage-7.4.4-py311h459d7ec_0.conda#1aa22cb84e68841ec206ee066457bdf0
https://conda.anaconda.org/conda-forge/linux-64/cytoolz-0.12.3-py311h459d7ec_0.conda#13d385f635d7fbe9acc93600f67a6cb4
https://conda.anaconda.org/conda-forge/linux-64/fonttools-4.51.0-py311h459d7ec_0.conda#17e1997cc17c571d5ad27bd0159f616c
https://conda.anaconda.org/conda-forge/linux-64/glib-2.80.0-hf2295e7_1.conda#d3bcc5c186f78feba6f39ea047c35950
https://conda.anaconda.org/conda-forge/linux-64/hdf5-1.14.3-nompi_h4f84152_100.conda#d471a5c3abc984b662d9bae3bb7fd8a5
https://conda.anaconda.org/conda-forge/noarch/importlib-metadata-7.1.0-pyha770c72_0.conda#0896606848b2dc5cebdf111b6543aa04
https://conda.anaconda.org/conda-forge/noarch/jinja2-3.1.3-pyhd8ed1ab_0.conda#e7d8df6509ba635247ff9aea31134262
https://conda.anaconda.org/conda-forge/linux-64/libcblas-3.9.0-21_linux64_openblas.conda#4a3816d06451c4946e2db26b86472cb6
https://conda.anaconda.org/conda-forge/linux-64/libclang-15.0.7-default_h127d8a8_5.conda#09b94dd3a7e304df5b83176239347920
https://conda.anaconda.org/conda-forge/linux-64/libgd-2.3.3-h119a65a_9.conda#cfebc557e54905dadc355c0e9f003004
https://conda.anaconda.org/conda-forge/linux-64/libglu-9.0.0-hac7e632_1003.conda#50c389a09b6b7babaef531eb7cb5e0ca
https://conda.anaconda.org/conda-forge/linux-64/liblapack-3.9.0-21_linux64_openblas.conda#1a42f305615c3867684e049e85927531
https://conda.anaconda.org/conda-forge/linux-64/libopenvino-2024.0.0-h2e90f83_4.conda#126a2a61d276c4268f71adeef25bfc33
https://conda.anaconda.org/conda-forge/linux-64/libva-2.21.0-hd590300_0.conda#e50a2609159a3e336fe4092738c00687
https://conda.anaconda.org/conda-forge/linux-64/libxkbcommon-1.7.0-h662e7e4_0.conda#b32c0da42b1f24a98577bb3d7fc0b995
https://conda.anaconda.org/conda-forge/noarch/nodeenv-1.8.0-pyhd8ed1ab_0.conda#2a75b296096adabbabadd5e9782e5fcc
https://conda.anaconda.org/conda-forge/noarch/partd-1.4.1-pyhd8ed1ab_0.conda#acf4b7c0bcd5fa3b0e05801c4d2accd6
https://conda.anaconda.org/conda-forge/linux-64/pillow-10.3.0-py311h18e6fac_0.conda#6c520a9d36c9d7270988c7a6c360d6d4
https://conda.anaconda.org/conda-forge/noarch/pip-24.0-pyhd8ed1ab_0.conda#f586ac1e56c8638b64f9c8122a7b8a67
https://conda.anaconda.org/conda-forge/linux-64/proj-9.3.1-h1d62c97_0.conda#44ec51d0857d9be26158bb85caa74fdb
https://conda.anaconda.org/conda-forge/linux-64/pulseaudio-client-16.1-hb77b528_5.conda#ac902ff3c1c6d750dd0dfc93a974ab74
https://conda.anaconda.org/conda-forge/noarch/pytest-8.1.1-pyhd8ed1ab_0.conda#94ff09cdedcb7b17e9cd5097ee2cfcff
https://conda.anaconda.org/conda-forge/noarch/python-dateutil-2.9.0-pyhd8ed1ab_0.conda#2cf4264fffb9e6eff6031c5b6884d61c
https://conda.anaconda.org/conda-forge/linux-64/tbb-devel-2021.11.0-h5ccd973_1.conda#9dd2dc16536b2839b8f895f716c0366c
https://conda.anaconda.org/conda-forge/noarch/typing-extensions-4.11.0-hd8ed1ab_0.conda#471e3988f8ca5e9eb3ce6be7eac3bcee
https://conda.anaconda.org/conda-forge/noarch/urllib3-2.2.1-pyhd8ed1ab_0.conda#08807a87fa7af10754d46f63b368e016
https://conda.anaconda.org/conda-forge/noarch/virtualenv-20.25.1-pyhd8ed1ab_0.conda#8797a4e26be36880a603aba29c785352
https://conda.anaconda.org/conda-forge/linux-64/yarl-1.9.4-py311h459d7ec_0.conda#fff0f2058e9d86c8bf5848ee93917a8d
https://conda.anaconda.org/conda-forge/linux-64/aiohttp-3.9.3-py311h459d7ec_1.conda#7fd17e8947afbddd2855720d643a48f0
https://conda.anaconda.org/conda-forge/noarch/asv_runner-0.2.1-pyhd8ed1ab_0.conda#fdcbeb072c80c805a2ededaa5f91cd79
https://conda.anaconda.org/conda-forge/linux-64/glew-2.1.0-h9c3ff4c_2.tar.bz2#fb05eb5c47590b247658243d27fc32f1
https://conda.anaconda.org/conda-forge/linux-64/gstreamer-1.22.9-h98fc4e7_0.conda#bcc7157b06fce7f5e055402a8135dfd8
https://conda.anaconda.org/conda-forge/linux-64/harfbuzz-8.3.0-h3d44ed6_0.conda#5a6f6c00ef982a9bc83558d9ac8f64a0
https://conda.anaconda.org/conda-forge/noarch/importlib_metadata-7.1.0-hd8ed1ab_0.conda#6ef2b72d291b39e479d7694efa2b2b98
https://conda.anaconda.org/conda-forge/linux-64/libnetcdf-4.9.2-nompi_h9612171_113.conda#b2414908e43c442ddc68e6148774a304
https://conda.anaconda.org/conda-forge/linux-64/libopenvino-auto-batch-plugin-2024.0.0-hd5fc58b_4.conda#de9c380fea8634540db5fc8422888df1
https://conda.anaconda.org/conda-forge/linux-64/libopenvino-auto-plugin-2024.0.0-hd5fc58b_4.conda#de1cbf145ecdc1d29af18e14eb267bca
https://conda.anaconda.org/conda-forge/linux-64/libopenvino-hetero-plugin-2024.0.0-h3ecfda7_4.conda#016b763e4776b4c2c536420a7e6a2349
https://conda.anaconda.org/conda-forge/linux-64/libopenvino-intel-cpu-plugin-2024.0.0-h2e90f83_4.conda#d866cc8dc37f101505e65a4372794631
https://conda.anaconda.org/conda-forge/linux-64/libopenvino-intel-gpu-plugin-2024.0.0-h2e90f83_4.conda#6ebefdc74cb700ec82cd6702125cc422
https://conda.anaconda.org/conda-forge/linux-64/libopenvino-ir-frontend-2024.0.0-h3ecfda7_4.conda#6397395a4677d59bbd32c4f05bb8fa63
https://conda.anaconda.org/conda-forge/linux-64/libopenvino-onnx-frontend-2024.0.0-h757c851_4.conda#24c9cf1dd8f6d6189102a136a731758c
https://conda.anaconda.org/conda-forge/linux-64/libopenvino-paddle-frontend-2024.0.0-h757c851_4.conda#259bd0c788f447fe78aab69895365528
https://conda.anaconda.org/conda-forge/linux-64/libopenvino-pytorch-frontend-2024.0.0-h59595ed_4.conda#ec121a4195acadad086f84719cc91430
https://conda.anaconda.org/conda-forge/linux-64/libopenvino-tensorflow-frontend-2024.0.0-hca94c1a_4.conda#bdbf11f760f1a3b35d766e03cebd9c42
https://conda.anaconda.org/conda-forge/linux-64/libopenvino-tensorflow-lite-frontend-2024.0.0-h59595ed_4.conda#4354ea9f30a8c5111403fa4b24a2ad66
https://conda.anaconda.org/conda-forge/linux-64/numpy-1.26.4-py311h64a7726_0.conda#a502d7aad449a1206efb366d6a12c52d
https://conda.anaconda.org/conda-forge/noarch/pbr-6.0.0-pyhd8ed1ab_0.conda#8dbab5ba746ed14aa32cb232dc437f8f
https://conda.anaconda.org/conda-forge/linux-64/pyproj-3.6.1-py311hca0b8b9_5.conda#cac429fcb9126d5e6f02c8ba61c2a811
https://conda.anaconda.org/conda-forge/noarch/pytest-cov-5.0.0-pyhd8ed1ab_0.conda#c54c0107057d67ddf077751339ec2c63
https://conda.anaconda.org/conda-forge/noarch/pytest-xdist-3.5.0-pyhd8ed1ab_0.conda#d5f595da2daead898ca958ac62f0307b
https://conda.anaconda.org/conda-forge/noarch/requests-2.31.0-pyhd8ed1ab_0.conda#a30144e4156cdbb236f99ebb49828f8b
https://conda.anaconda.org/conda-forge/noarch/setuptools-scm-8.0.4-pyhd8ed1ab_1.conda#a1986ad21c766ff22f7bae93f0641020
https://conda.anaconda.org/conda-forge/linux-64/ukkonen-1.0.1-py311h9547e67_4.conda#586da7df03b68640de14dc3e8bcbf76f
https://conda.anaconda.org/conda-forge/linux-64/cftime-1.6.3-py311h1f0f07a_0.conda#b7e6d52b39e199238c3400cafaabafb3
https://conda.anaconda.org/conda-forge/noarch/colorspacious-1.1.2-pyh24bf2e0_0.tar.bz2#b73afa0d009a51cabd3ec99c4d2ef4f3
https://conda.anaconda.org/conda-forge/linux-64/contourpy-1.2.0-py311h9547e67_0.conda#40828c5b36ef52433e21f89943e09f33
https://conda.anaconda.org/conda-forge/noarch/dask-core-2024.4.1-pyhd8ed1ab_0.conda#52387f00fee8dcd5cf75f8886025293f
https://conda.anaconda.org/conda-forge/linux-64/gst-plugins-base-1.22.9-h8e1006c_0.conda#614b81f8ed66c56b640faee7076ad14a
https://conda.anaconda.org/conda-forge/noarch/identify-2.5.35-pyhd8ed1ab_0.conda#9472bfd206a2b7bb8143835e37667054
https://conda.anaconda.org/conda-forge/linux-64/libass-0.17.1-h8fe9dca_1.conda#c306fd9cc90c0585171167d09135a827
https://conda.anaconda.org/conda-forge/linux-64/mo_pack-0.3.0-py311h459d7ec_1.conda#45b8d355bbcdd27588c2d266bcfdff84
https://conda.anaconda.org/conda-forge/linux-64/netcdf-fortran-4.6.1-nompi_hacb5139_103.conda#50f05f98d084805642d24dff910e11e8
https://conda.anaconda.org/conda-forge/linux-64/pandas-2.2.1-py311h320fe9a_0.conda#aac8d7137fedc2fd5f8320bf50e4204c
https://conda.anaconda.org/conda-forge/linux-64/pango-1.52.2-ha41ecd1_0.conda#a658eeabf188c3040da36b0763de2bfd
https://conda.anaconda.org/conda-forge/noarch/pooch-1.8.1-pyhd8ed1ab_0.conda#d15917f33140f8d2ac9ca44db7ec8a25
https://conda.anaconda.org/conda-forge/linux-64/pykdtree-1.3.11-py311h1f0f07a_0.conda#8a18202ff25c26a81a230e3eaf657b3c
https://conda.anaconda.org/conda-forge/linux-64/pywavelets-1.4.1-py311h1f0f07a_1.conda#86b71ff85f3e4c8a98b5bace6d9c4565
https://conda.anaconda.org/conda-forge/linux-64/scipy-1.13.0-py311h64a7726_0.conda#d443c70b4a05f50236c70b9c79beff64
https://conda.anaconda.org/conda-forge/linux-64/shapely-2.0.3-py311h2032efe_0.conda#e982956906078eeac9feb3b8db10d011
https://conda.anaconda.org/conda-forge/noarch/sphinxcontrib-apidoc-0.3.0-py_1.tar.bz2#855b087883443abb10f5faf6eef40860
https://conda.anaconda.org/conda-forge/noarch/wslink-1.12.4-pyhd8ed1ab_0.conda#9c8a6235a36aaf096be3118daba08a7b
https://conda.anaconda.org/conda-forge/linux-64/cf-units-3.2.0-py311h1f0f07a_4.conda#1e105c1a8ea2163507726144b401eb1b
https://conda.anaconda.org/conda-forge/noarch/distributed-2024.4.1-pyhd8ed1ab_0.conda#822b8d8216764941bb099fea588127ad
https://conda.anaconda.org/conda-forge/linux-64/esmf-8.6.0-nompi_h7b237b1_0.conda#a5f1925a75d9fcf0bffd07a194f83895
https://conda.anaconda.org/conda-forge/linux-64/ffmpeg-6.1.1-gpl_hee4b679_107.conda#a9865c001fa2e03272895e23b10bc55f
https://conda.anaconda.org/conda-forge/linux-64/gtk2-2.24.33-h280cfa0_4.conda#410f86e58e880dcc7b0e910a8e89c05c
https://conda.anaconda.org/conda-forge/noarch/imagehash-4.3.1-pyhd8ed1ab_0.tar.bz2#132ad832787a2156be1f1b309835001a
https://conda.anaconda.org/conda-forge/linux-64/librsvg-2.58.0-hce6bd6c_0.conda#0891de8980ee29828542dbf9578838b9
https://conda.anaconda.org/conda-forge/linux-64/matplotlib-base-3.8.3-py311h54ef318_0.conda#014c115be880802d2372ac6ed665f526
https://conda.anaconda.org/conda-forge/linux-64/netcdf4-1.6.5-nompi_py311he8ad708_100.conda#597b1ad6cb7011b7561c20ea30295cae
https://conda.anaconda.org/conda-forge/noarch/pre-commit-3.7.0-pyha770c72_0.conda#846ba0877cda9c4f11e13720cacd1968
https://conda.anaconda.org/conda-forge/linux-64/python-stratify-0.3.0-py311h1f0f07a_1.conda#cd36a89a048ad2bcc6d8b43f648fb1d0
https://conda.anaconda.org/conda-forge/linux-64/qt-main-5.15.8-h5810be5_19.conda#54866f708d43002a514d0b9b0f84bc11
https://conda.anaconda.org/conda-forge/linux-64/cartopy-0.22.0-py311h320fe9a_1.conda#10d1806e20da040c58c36deddf51c70c
https://conda.anaconda.org/conda-forge/noarch/cmocean-3.1.3-pyhd8ed1ab_0.conda#671543f081d6be0b6b3e99b586386b44
https://conda.anaconda.org/conda-forge/noarch/esmpy-8.6.0-pyhc1e730c_0.conda#60404b48ef1ccfb92cfd055f8844b700
https://conda.anaconda.org/conda-forge/linux-64/graphviz-9.0.0-h78e8752_1.conda#a3f4cd4a512ec5db35ffbf25ba11f537
https://conda.anaconda.org/conda-forge/noarch/nc-time-axis-1.4.1-pyhd8ed1ab_0.tar.bz2#281b58948bf60a2582de9e548bcc5369
https://conda.anaconda.org/conda-forge/linux-64/vtk-base-9.2.6-qt_py311h1234567_220.conda#bbfafb0cc0483c89ea2289381dc157a5
https://conda.anaconda.org/conda-forge/linux-64/vtk-io-ffmpeg-9.2.6-qt_py311h1234567_220.conda#0e894286dd36bdc569d7fd4e8033f8d9
https://conda.anaconda.org/conda-forge/linux-64/vtk-9.2.6-qt_py311h1234567_220.conda#bd6689b3212fc662bd6cbc57e29ec0dc
https://conda.anaconda.org/conda-forge/noarch/pyvista-0.43.4-pyhd8ed1ab_0.conda#21e567168518369ce3f1c51e69b8ac0e
https://conda.anaconda.org/conda-forge/noarch/geovista-0.4.1-pyhd8ed1ab_0.conda#8dbe5526321fa7f1cb4dbc4f1644dcb3
https://conda.anaconda.org/conda-forge/noarch/pydata-sphinx-theme-0.15.2-pyhd8ed1ab_0.conda#ce99859070b0e17ccc63234ca58f3ed8
https://conda.anaconda.org/conda-forge/noarch/sphinx-copybutton-0.5.2-pyhd8ed1ab_0.conda#ac832cc43adc79118cf6e23f1f9b8995
https://conda.anaconda.org/conda-forge/noarch/sphinx-design-0.5.0-pyhd8ed1ab_0.conda#264b3c697fa9cdade87eb0abe4440d54
https://conda.anaconda.org/conda-forge/noarch/sphinx-gallery-0.15.0-pyhd8ed1ab_0.conda#1a49ca9515ef9a96edff2eea06143dc6
https://conda.anaconda.org/conda-forge/noarch/sphinxcontrib-applehelp-1.0.8-pyhd8ed1ab_0.conda#611a35a27914fac3aa37611a6fe40bb5
https://conda.anaconda.org/conda-forge/noarch/sphinxcontrib-devhelp-1.0.6-pyhd8ed1ab_0.conda#d7e4954df0d3aea2eacc7835ad12671d
https://conda.anaconda.org/conda-forge/noarch/sphinxcontrib-htmlhelp-2.0.5-pyhd8ed1ab_0.conda#7e1e7437273682ada2ed5e9e9714b140
https://conda.anaconda.org/conda-forge/noarch/sphinxcontrib-qthelp-1.0.7-pyhd8ed1ab_0.conda#26acae54b06f178681bfb551760f5dd1
https://conda.anaconda.org/conda-forge/noarch/sphinx-7.2.6-pyhd8ed1ab_0.conda#bbfd1120d1824d2d073bc65935f0e4c0
https://conda.anaconda.org/conda-forge/noarch/sphinxcontrib-serializinghtml-1.1.10-pyhd8ed1ab_0.conda#e507335cb4ca9cff4c3d0fa9cdab255e
