# Generated by conda-lock.
# platform: linux-64
# input_hash: 29893e360453069f14a5a78fd18b3d54c6692768c76550a051ce8af63e1fafe2
@EXPLICIT
https://conda.anaconda.org/conda-forge/linux-64/_libgcc_mutex-0.1-conda_forge.tar.bz2#d7c89558ba9fa0495403155b64376d81
https://conda.anaconda.org/conda-forge/noarch/font-ttf-dejavu-sans-mono-2.37-hab24e00_0.tar.bz2#0c96522c6bdaed4b1566d11387caaf45
https://conda.anaconda.org/conda-forge/noarch/font-ttf-inconsolata-3.000-h77eed37_0.tar.bz2#34893075a5c9e55cdafac56607368fc6
https://conda.anaconda.org/conda-forge/noarch/font-ttf-source-code-pro-2.038-h77eed37_0.tar.bz2#4d59c254e01d9cde7957100457e2d5fb
https://conda.anaconda.org/conda-forge/noarch/font-ttf-ubuntu-0.83-h77eed37_3.conda#49023d73832ef61042f6a237cb2687e7
https://conda.anaconda.org/conda-forge/linux-64/hicolor-icon-theme-0.17-ha770c72_2.tar.bz2#bbf6f174dcd3254e19a2f5d2295ce808
https://conda.anaconda.org/conda-forge/linux-64/libboost-headers-1.88.0-ha770c72_5.conda#7979d926494139d08eeb16edbd9a6c5e
https://conda.anaconda.org/conda-forge/linux-64/nlohmann_json-3.12.0-h54a6638_1.conda#16c2a0e9c4a166e53632cfca4f68d020
https://conda.anaconda.org/conda-forge/noarch/python_abi-3.13-8_cp313.conda#94305520c52a4aa3f6c2b1ff6008d9f8
https://conda.anaconda.org/conda-forge/noarch/tzdata-2025b-h78e105d_0.conda#4222072737ccff51314b5ece9c7d6f5a
https://conda.anaconda.org/conda-forge/linux-64/utfcpp-4.0.8-ha770c72_0.conda#a480ee3eb9c95364a229673a28384899
https://conda.anaconda.org/conda-forge/noarch/wayland-protocols-1.45-hd8ed1ab_0.conda#6db9be3b67190229479780eeeee1b35b
https://conda.anaconda.org/conda-forge/noarch/ca-certificates-2025.10.5-hbd8a1cb_0.conda#f9e5fbc24009179e8b0409624691758a
https://conda.anaconda.org/conda-forge/noarch/fonts-conda-forge-1-0.tar.bz2#f766549260d6815b0c52253f1fb1bb29
https://conda.anaconda.org/conda-forge/linux-64/ld_impl_linux-64-2.44-ha97dd6f_2.conda#14bae321b8127b63cba276bd53fac237
https://conda.anaconda.org/conda-forge/linux-64/libglvnd-1.7.0-ha4b6fd6_2.conda#434ca7e50e40f4918ab701e3facd59a0
https://conda.anaconda.org/conda-forge/linux-64/libgomp-15.2.0-h767d61c_6.conda#a8637a77aec40557feb12dbc8dc37c6f
https://conda.anaconda.org/conda-forge/linux-64/_openmp_mutex-4.5-2_gnu.tar.bz2#73aaf86a425cc6e73fcf236a5a46396d
https://conda.anaconda.org/conda-forge/noarch/fonts-conda-ecosystem-1-0.tar.bz2#fee5683a3f04bd15cbd8318b096a27ab
https://conda.anaconda.org/conda-forge/linux-64/libegl-1.7.0-ha4b6fd6_2.conda#c151d5eb730e9b7480e6d48c0fc44048
https://conda.anaconda.org/conda-forge/linux-64/libopengl-1.7.0-ha4b6fd6_2.conda#7df50d44d4a14d6c31a2c54f2cd92157
https://conda.anaconda.org/conda-forge/linux-64/libgcc-15.2.0-h767d61c_6.conda#99eee6aa5abea12f326f7fc010aef0c8
https://conda.anaconda.org/conda-forge/linux-64/libopengl-devel-1.7.0-ha4b6fd6_2.conda#75b039b1e51525f4572f828be8441970
https://conda.anaconda.org/conda-forge/linux-64/alsa-lib-1.2.14-hb9d3cd8_0.conda#76df83c2a9035c54df5d04ff81bcc02d
https://conda.anaconda.org/conda-forge/linux-64/attr-2.5.2-h39aace5_0.conda#791365c5f65975051e4e017b5da3abf5
https://conda.anaconda.org/conda-forge/linux-64/bzip2-1.0.8-hda65f42_8.conda#51a19bba1b8ebfb60df25cde030b7ebc
https://conda.anaconda.org/conda-forge/linux-64/c-ares-1.34.5-hb9d3cd8_0.conda#f7f0d6cc2dc986d42ac2689ec88192be
https://conda.anaconda.org/conda-forge/linux-64/fribidi-1.0.16-hb03c661_0.conda#f9f81ea472684d75b9dd8d0b328cf655
https://conda.anaconda.org/conda-forge/linux-64/json-c-0.18-h6688a6e_0.conda#38f5dbc9ac808e31c00650f7be1db93f
https://conda.anaconda.org/conda-forge/linux-64/keyutils-1.6.3-hb9d3cd8_0.conda#b38117a3c920364aff79f870c984b4a3
https://conda.anaconda.org/conda-forge/linux-64/libbrotlicommon-1.1.0-hb03c661_4.conda#1d29d2e33fe59954af82ef54a8af3fe1
https://conda.anaconda.org/conda-forge/linux-64/libdeflate-1.24-h86f0d12_0.conda#64f0c503da58ec25ebd359e4d990afa8
https://conda.anaconda.org/conda-forge/linux-64/libexpat-2.7.1-hecca717_0.conda#4211416ecba1866fab0c6470986c22d6
https://conda.anaconda.org/conda-forge/linux-64/libffi-3.4.6-h2dba641_1.conda#ede4673863426c0883c0063d853bbd85
https://conda.anaconda.org/conda-forge/linux-64/libgcc-ng-15.2.0-h69a702a_6.conda#d9717466cca9b9584226ce57a7cd58e6
https://conda.anaconda.org/conda-forge/linux-64/libgfortran5-15.2.0-hcd61629_6.conda#8fc1650fb7c7fca583cc3537a808e21b
https://conda.anaconda.org/conda-forge/linux-64/libiconv-1.18-h3b78370_2.conda#915f5995e94f60e9a4826e0b0920ee88
https://conda.anaconda.org/conda-forge/linux-64/libjpeg-turbo-3.1.0-hb9d3cd8_0.conda#9fa334557db9f63da6c9285fd2a48638
https://conda.anaconda.org/conda-forge/linux-64/liblzma-5.8.1-hb9d3cd8_2.conda#1a580f7796c7bf6393fddb8bbbde58dc
https://conda.anaconda.org/conda-forge/linux-64/libmpdec-4.0.0-hb9d3cd8_0.conda#c7e925f37e3b40d893459e625f6a53f1
https://conda.anaconda.org/conda-forge/linux-64/libnsl-2.0.1-hb9d3cd8_1.conda#d864d34357c3b65a4b731f78c0801dc4
https://conda.anaconda.org/conda-forge/linux-64/libntlm-1.8-hb9d3cd8_0.conda#7c7927b404672409d9917d49bff5f2d6
https://conda.anaconda.org/conda-forge/linux-64/libogg-1.3.5-hd0c01bc_1.conda#68e52064ed3897463c0e958ab5c8f91b
https://conda.anaconda.org/conda-forge/linux-64/libopus-1.5.2-hd0c01bc_0.conda#b64523fb87ac6f87f0790f324ad43046
https://conda.anaconda.org/conda-forge/linux-64/libpciaccess-0.18-hb9d3cd8_0.conda#70e3400cbbfa03e96dcde7fc13e38c7b
https://conda.anaconda.org/conda-forge/linux-64/libstdcxx-15.2.0-h8f9b012_6.conda#9acaf38d72dcddace144f28506d45afa
https://conda.anaconda.org/conda-forge/linux-64/libuuid-2.41.2-he9a06e4_0.conda#80c07c68d2f6870250959dcc95b209d1
https://conda.anaconda.org/conda-forge/linux-64/libwebp-base-1.6.0-hd42ef1d_0.conda#aea31d2e5b1091feca96fcfe945c3cf9
https://conda.anaconda.org/conda-forge/linux-64/libzlib-1.3.1-hb9d3cd8_2.conda#edb0dca6bc32e4f4789199455a1dbeb8
https://conda.anaconda.org/conda-forge/linux-64/lzo-2.10-h280c20c_1002.conda#45161d96307e3a447cc3eb5896cf6f8c
https://conda.anaconda.org/conda-forge/linux-64/ncurses-6.5-h2d0b736_3.conda#47e340acb35de30501a76c7c799c41d7
https://conda.anaconda.org/conda-forge/linux-64/openssl-3.5.4-h26f9b46_0.conda#14edad12b59ccbfa3910d42c72adc2a0
https://conda.anaconda.org/conda-forge/linux-64/pthread-stubs-0.4-hb9d3cd8_1002.conda#b3c17d95b5a10c6e64a21fa17573e70e
https://conda.anaconda.org/conda-forge/linux-64/xorg-libice-1.1.2-hb9d3cd8_0.conda#fb901ff28063514abb6046c9ec2c4a45
https://conda.anaconda.org/conda-forge/linux-64/xorg-libxau-1.0.12-hb9d3cd8_0.conda#f6ebe2cb3f82ba6c057dde5d9debe4f7
https://conda.anaconda.org/conda-forge/linux-64/xorg-libxdmcp-1.1.5-hb9d3cd8_0.conda#8035c64cb77ed555e3f150b7b3972480
https://conda.anaconda.org/conda-forge/linux-64/xorg-xorgproto-2024.1-hb9d3cd8_1.conda#7c21106b851ec72c037b162c216d8f05
https://conda.anaconda.org/conda-forge/linux-64/xxhash-0.8.3-hb47aa4a_0.conda#607e13a8caac17f9a664bcab5302ce06
https://conda.anaconda.org/conda-forge/linux-64/yaml-0.2.5-h280c20c_3.conda#a77f85f77be52ff59391544bfe73390a
https://conda.anaconda.org/conda-forge/linux-64/cli11-2.5.0-h3f2d84a_0.conda#4a7c3dc241bb268078116434b4d2ad12
https://conda.anaconda.org/conda-forge/linux-64/dav1d-1.2.1-hd590300_0.conda#418c6ca5929a611cbd69204907a83995
https://conda.anaconda.org/conda-forge/linux-64/double-conversion-3.3.1-h5888daf_0.conda#bfd56492d8346d669010eccafe0ba058
https://conda.anaconda.org/conda-forge/linux-64/eigen-3.4.0-h171cf75_1.conda#ea2db216eae84bc83b0b2961f38f5c0d
https://conda.anaconda.org/conda-forge/linux-64/expat-2.7.1-hecca717_0.conda#6033d8c2bb9b460929d00ba54154614c
https://conda.anaconda.org/conda-forge/linux-64/fmt-11.2.0-h07f6e7f_0.conda#0c2f855a88fab6afa92a7aa41217dc8e
https://conda.anaconda.org/conda-forge/linux-64/geos-3.14.0-h480dda7_0.conda#5dc479effdabf54a0ff240d565287495
https://conda.anaconda.org/conda-forge/linux-64/gettext-tools-0.25.1-h3f43e3d_1.conda#a59c05d22bdcbb4e984bf0c021a2a02f
https://conda.anaconda.org/conda-forge/linux-64/giflib-5.2.2-hd590300_0.conda#3bf7b9fd5a7136126e0234db4b87c8b6
https://conda.anaconda.org/conda-forge/linux-64/graphite2-1.3.14-hecca717_2.conda#2cd94587f3a401ae05e03a6caf09539d
https://conda.anaconda.org/conda-forge/linux-64/intel-gmmlib-22.8.2-hb700be7_0.conda#478edf896b4dfca175c27b052d76fbc2
https://conda.anaconda.org/conda-forge/linux-64/jsoncpp-1.9.6-hf42df4d_1.conda#7bdc5e2cc11cb0a0f795bdad9732b0f2
https://conda.anaconda.org/conda-forge/linux-64/lame-3.100-h166bdaf_1003.tar.bz2#a8832b479f93521a9e7b5b743803be51
https://conda.anaconda.org/conda-forge/linux-64/lerc-4.0.0-h0aef613_1.conda#9344155d33912347b37f0ae6c410a835
https://conda.anaconda.org/conda-forge/linux-64/level-zero-1.24.3-hb700be7_0.conda#753ddaa1303e04cfef8e1e5f9e9b7a2a
https://conda.anaconda.org/conda-forge/linux-64/libabseil-20250512.1-cxx17_hba17884_0.conda#83b160d4da3e1e847bf044997621ed63
https://conda.anaconda.org/conda-forge/linux-64/libaec-1.1.4-h3f801dc_0.conda#01ba04e414e47f95c03d6ddd81fd37be
https://conda.anaconda.org/conda-forge/linux-64/libasprintf-0.25.1-h3f43e3d_1.conda#3b0d184bc9404516d418d4509e418bdc
https://conda.anaconda.org/conda-forge/linux-64/libbrotlidec-1.1.0-hb03c661_4.conda#5cb5a1c9a94a78f5b23684bcb845338d
https://conda.anaconda.org/conda-forge/linux-64/libbrotlienc-1.1.0-hb03c661_4.conda#2e55011fa483edb8bfe3fd92e860cd79
https://conda.anaconda.org/conda-forge/linux-64/libcap-2.76-h0b2e76d_0.conda#0f7f0c878c8dceb3b9ec67f5c06d6057
https://conda.anaconda.org/conda-forge/linux-64/libdrm-2.4.125-hb03c661_1.conda#9314bc5a1fe7d1044dc9dfd3ef400535
https://conda.anaconda.org/conda-forge/linux-64/libedit-3.1.20250104-pl5321h7949ede_0.conda#c277e0a4d549b03ac1e9d6cbbe3d017b
https://conda.anaconda.org/conda-forge/linux-64/libev-4.33-hd590300_2.conda#172bf1cd1ff8629f2b1179945ed45055
https://conda.anaconda.org/conda-forge/linux-64/libgettextpo-0.25.1-h3f43e3d_1.conda#2f4de899028319b27eb7a4023be5dfd2
https://conda.anaconda.org/conda-forge/linux-64/libgfortran-15.2.0-h69a702a_6.conda#c41f84a30601e911a1e7a30f53531a59
https://conda.anaconda.org/conda-forge/linux-64/libglu-9.0.3-h5888daf_1.conda#8422fcc9e5e172c91e99aef703b3ce65
https://conda.anaconda.org/conda-forge/linux-64/libgpg-error-1.55-h3f2d84a_0.conda#2bd47db5807daade8500ed7ca4c512a4
https://conda.anaconda.org/conda-forge/linux-64/liblzma-devel-5.8.1-hb9d3cd8_2.conda#f61edadbb301530bd65a32646bd81552
https://conda.anaconda.org/conda-forge/linux-64/libpng-1.6.50-h421ea60_1.conda#7af8e91b0deb5f8e25d1a595dea79614
https://conda.anaconda.org/conda-forge/linux-64/libsqlite-3.50.4-h0c1763c_0.conda#0b367fad34931cb79e0d6b7e5c06bb1c
https://conda.anaconda.org/conda-forge/linux-64/libssh2-1.11.1-hcf80075_0.conda#eecce068c7e4eddeb169591baac20ac4
https://conda.anaconda.org/conda-forge/linux-64/libstdcxx-ng-15.2.0-h4852527_6.conda#89611cb5b685d19e6201065720f97561
https://conda.anaconda.org/conda-forge/linux-64/libudunits2-2.2.28-h40f5838_3.conda#4bdace082e911a3e1f1f0b721bed5b56
https://conda.anaconda.org/conda-forge/linux-64/libunwind-1.8.3-h65a8314_0.conda#e179a69edd30d75c0144d7a380b88f28
https://conda.anaconda.org/conda-forge/linux-64/liburing-2.12-hb700be7_0.conda#f0531fc1ebc0902555670e9cb0127758
https://conda.anaconda.org/conda-forge/linux-64/libvorbis-1.3.7-h54a6638_2.conda#b4ecbefe517ed0157c37f8182768271c
https://conda.anaconda.org/conda-forge/linux-64/libxcb-1.17.0-h8a09558_0.conda#92ed62436b625154323d40d5f2f11dd7
https://conda.anaconda.org/conda-forge/linux-64/libxcrypt-4.4.36-hd590300_1.conda#5aa797f8787fe7a17d1b0821485b5adc
https://conda.anaconda.org/conda-forge/linux-64/libzip-1.11.2-h6991a6a_0.conda#a7b27c075c9b7f459f1c022090697cba
https://conda.anaconda.org/conda-forge/linux-64/lz4-c-1.10.0-h5888daf_1.conda#9de5350a85c4a20c685259b889aa6393
https://conda.anaconda.org/conda-forge/linux-64/mpg123-1.32.9-hc50e24c_0.conda#c7f302fd11eeb0987a6a5e1f3aed6a21
https://conda.anaconda.org/conda-forge/linux-64/opencl-headers-2025.06.13-h5888daf_0.conda#45c3d2c224002d6d0d7769142b29f986
https://conda.anaconda.org/conda-forge/linux-64/openh264-2.6.0-hc22cd8d_0.conda#b28cf020fd2dead0ca6d113608683842
https://conda.anaconda.org/conda-forge/linux-64/pcre2-10.46-h1321c63_0.conda#7fa07cb0fb1b625a089ccc01218ee5b1
https://conda.anaconda.org/conda-forge/linux-64/pixman-0.46.4-h54a6638_1.conda#c01af13bdc553d1a8fbfff6e8db075f0
https://conda.anaconda.org/conda-forge/linux-64/pugixml-1.15-h3f63f65_0.conda#b11a4c6bf6f6f44e5e143f759ffa2087
https://conda.anaconda.org/conda-forge/linux-64/readline-8.2-h8c095d6_2.conda#283b96675859b20a825f8fa30f311446
https://conda.anaconda.org/conda-forge/linux-64/snappy-1.2.2-h03e3b7b_0.conda#3d8da0248bdae970b4ade636a104b7f5
https://conda.anaconda.org/conda-forge/linux-64/spirv-tools-2025.4-hb700be7_0.conda#aace50912e0f7361d0d223e7f7cfa6e5
https://conda.anaconda.org/conda-forge/linux-64/svt-av1-3.1.2-hecca717_0.conda#9859766c658e78fec9afa4a54891d920
https://conda.anaconda.org/conda-forge/linux-64/tk-8.6.13-noxft_hd72426e_102.conda#a0116df4f4ed05c303811a837d5b39d8
https://conda.anaconda.org/conda-forge/linux-64/wayland-1.24.0-h3e06ad9_0.conda#0f2ca7906bf166247d1d760c3422cb8a
https://conda.anaconda.org/conda-forge/linux-64/x264-1%21164.3095-h166bdaf_2.tar.bz2#6c99772d483f566d59e25037fea2c4b1
https://conda.anaconda.org/conda-forge/linux-64/xorg-libsm-1.2.6-he73a12e_0.conda#1c74ff8c35dcadf952a16f752ca5aa49
https://conda.anaconda.org/conda-forge/linux-64/zlib-1.3.1-hb9d3cd8_2.conda#c9f075ab2f33b3bbee9e62d4ad0a6cd8
https://conda.anaconda.org/conda-forge/linux-64/zstd-1.5.7-hb8e6e7a_2.conda#6432cb5d4ac0046c3ac0a8a0f95842f9
https://conda.anaconda.org/conda-forge/linux-64/aom-3.9.1-hac33072_0.conda#346722a0be40f6edc53f12640d301338
https://conda.anaconda.org/conda-forge/linux-64/blosc-1.21.6-he440d0b_1.conda#2c2fae981fd2afd00812c92ac47d023d
https://conda.anaconda.org/conda-forge/linux-64/brotli-bin-1.1.0-hb03c661_4.conda#ca4ed8015764937c81b830f7f5b68543
https://conda.anaconda.org/conda-forge/linux-64/gl2ps-1.4.2-hae5d5c5_1.conda#00e642ec191a19bf806a3915800e9524
https://conda.anaconda.org/conda-forge/linux-64/glslang-16.0.0-hfd11570_0.conda#8fc94e8de494e675c6ca1426b97ed67a
https://conda.anaconda.org/conda-forge/linux-64/gmp-6.3.0-hac33072_2.conda#c94a5994ef49749880a8139cf9afcbe1
https://conda.anaconda.org/conda-forge/linux-64/hdf4-4.2.15-h2a13503_7.conda#bd77f8da987968ec3927990495dc22e4
https://conda.anaconda.org/conda-forge/linux-64/icu-75.1-he02047a_0.conda#8b189310083baabfb622af68fd9d3ae3
https://conda.anaconda.org/conda-forge/linux-64/krb5-1.21.3-h659f571_0.conda#3f43953b7d3fb3aaa1d0d0723d91e368
https://conda.anaconda.org/conda-forge/linux-64/libasprintf-devel-0.25.1-h3f43e3d_1.conda#fd9cf4a11d07f0ef3e44fc061611b1ed
https://conda.anaconda.org/conda-forge/linux-64/libfreetype6-2.14.1-h73754d4_0.conda#8e7251989bca326a28f4a5ffbd74557a
https://conda.anaconda.org/conda-forge/linux-64/libgcrypt-lib-1.11.1-hb9d3cd8_0.conda#8504a291085c9fb809b66cabd5834307
https://conda.anaconda.org/conda-forge/linux-64/libgettextpo-devel-0.25.1-h3f43e3d_1.conda#3f7a43b3160ec0345c9535a9f0d7908e
https://conda.anaconda.org/conda-forge/linux-64/libglib-2.86.0-h1fed272_0.conda#b8e4c93f4ab70c3b6f6499299627dbdc
https://conda.anaconda.org/conda-forge/linux-64/libmo_unpack-3.1.2-hf484d3e_1001.tar.bz2#95f32a6a5a666d33886ca5627239f03d
https://conda.anaconda.org/conda-forge/linux-64/libnghttp2-1.67.0-had1ee68_0.conda#b499ce4b026493a13774bcf0f4c33849
https://conda.anaconda.org/conda-forge/linux-64/libopenblas-0.3.30-pthreads_h94d23a6_2.conda#dfc5aae7b043d9f56ba99514d5e60625
https://conda.anaconda.org/conda-forge/linux-64/libprotobuf-6.31.1-h9ef548d_1.conda#b92e2a26764fcadb4304add7e698ccf2
https://conda.anaconda.org/conda-forge/linux-64/librttopo-1.1.0-h96cd706_19.conda#212a9378a85ad020b8dc94853fdbeb6c
https://conda.anaconda.org/conda-forge/linux-64/libtheora-1.1.1-h4ab18f5_1006.conda#553281a034e9cf8693c9df49f6c78ea1
https://conda.anaconda.org/conda-forge/linux-64/libtiff-4.7.1-h8261f1e_0.conda#72b531694ebe4e8aa6f5745d1015c1b4
https://conda.anaconda.org/conda-forge/linux-64/libudev1-257.9-h085a93f_0.conda#973f365f19c1d702bda523658a77de26
https://conda.anaconda.org/conda-forge/linux-64/libvpx-1.14.1-hac33072_0.conda#cde393f461e0c169d9ffb2fc70f81c33
https://conda.anaconda.org/conda-forge/linux-64/minizip-4.0.10-h05a5f5f_0.conda#da01bb40572e689bd1535a5cee6b1d68
https://conda.anaconda.org/conda-forge/linux-64/ocl-icd-2.3.3-hb9d3cd8_0.conda#56f8947aa9d5cf37b0b3d43b83f34192
https://conda.anaconda.org/conda-forge/linux-64/python-3.13.7-h2b335a9_100_cp313.conda#724dcf9960e933838247971da07fe5cf
https://conda.anaconda.org/conda-forge/linux-64/qhull-2020.2-h434a139_5.conda#353823361b1d27eb3960efb076dfcaf6
https://conda.anaconda.org/conda-forge/linux-64/sqlite-3.50.4-hbc0de68_0.conda#8376bd3854542be0c8c7cd07525d31c6
https://conda.anaconda.org/conda-forge/linux-64/udunits2-2.2.28-h40f5838_3.conda#6bb8deb138f87c9d48320ac21b87e7a1
https://conda.anaconda.org/conda-forge/linux-64/uriparser-0.9.8-hac33072_0.conda#d71d3a66528853c0a1ac2c02d79a0284
https://conda.anaconda.org/conda-forge/linux-64/x265-3.5-h924138e_3.tar.bz2#e7f6ed84d4623d52ee581325c1587a6b
https://conda.anaconda.org/conda-forge/linux-64/xcb-util-0.4.1-h4f16b4b_2.conda#fdc27cb255a7a2cc73b7919a968b48f0
https://conda.anaconda.org/conda-forge/linux-64/xcb-util-keysyms-0.4.1-hb711507_0.conda#ad748ccca349aec3e91743e08b5e2b50
https://conda.anaconda.org/conda-forge/linux-64/xcb-util-renderutil-0.3.10-hb711507_0.conda#0e0cbe0564d03a99afd5fd7b362feecd
https://conda.anaconda.org/conda-forge/linux-64/xcb-util-wm-0.4.2-hb711507_0.conda#608e0ef8256b81d04456e8d211eee3e8
https://conda.anaconda.org/conda-forge/linux-64/xorg-libx11-1.8.12-h4f16b4b_0.conda#db038ce880f100acc74dba10302b5630
https://conda.anaconda.org/conda-forge/noarch/affine-2.4.0-pyhd8ed1ab_1.conda#8c4061f499edec6b8ac7000f6d586829
https://conda.anaconda.org/conda-forge/noarch/aiohappyeyeballs-2.6.1-pyhd8ed1ab_0.conda#18fd895e0e775622906cdabfc3cf0fb4
https://conda.anaconda.org/conda-forge/noarch/alabaster-1.0.0-pyhd8ed1ab_1.conda#1fd9696649f65fd6611fcdb4ffec738a
https://conda.anaconda.org/conda-forge/linux-64/atk-1.0-2.38.0-h04ea711_2.conda#f730d54ba9cd543666d7220c9f7ed563
https://conda.anaconda.org/conda-forge/noarch/attrs-25.4.0-pyh71513ae_0.conda#c7944d55af26b6d2d7629e27e9a972c1
https://conda.anaconda.org/conda-forge/linux-64/brotli-1.1.0-hb03c661_4.conda#eaf3fbd2aa97c212336de38a51fe404e
https://conda.anaconda.org/conda-forge/linux-64/brotli-python-1.1.0-py313h7033f15_4.conda#bc8624c405856b1d047dd0a81829b08c
https://conda.anaconda.org/conda-forge/noarch/certifi-2025.10.5-pyhd8ed1ab_0.conda#257ae203f1d204107ba389607d375ded
https://conda.anaconda.org/conda-forge/noarch/cfgv-3.3.1-pyhd8ed1ab_1.conda#57df494053e17dce2ac3a0b33e1b2a2e
https://conda.anaconda.org/conda-forge/noarch/charset-normalizer-3.4.3-pyhd8ed1ab_0.conda#7e7d5ef1b9ed630e4a1c358d6bc62284
https://conda.anaconda.org/conda-forge/noarch/click-8.3.0-pyh707e725_0.conda#e76c4ba9e1837847679421b8d549b784
https://conda.anaconda.org/conda-forge/noarch/cloudpickle-3.1.1-pyhd8ed1ab_0.conda#364ba6c9fb03886ac979b482f39ebb92
https://conda.anaconda.org/conda-forge/noarch/colorama-0.4.6-pyhd8ed1ab_1.conda#962b9857ee8e7018c22f2776ffa0b2d7
https://conda.anaconda.org/conda-forge/noarch/colorcet-3.1.0-pyhd8ed1ab_1.conda#91d7152c744dc0f18ef8beb3cbc9980a
https://conda.anaconda.org/conda-forge/noarch/cycler-0.12.1-pyhd8ed1ab_1.conda#44600c4667a319d67dbe0681fc0bc833
https://conda.anaconda.org/conda-forge/linux-64/cyrus-sasl-2.1.28-hd9c7081_0.conda#cae723309a49399d2949362f4ab5c9e4
https://conda.anaconda.org/conda-forge/linux-64/cython-3.1.4-py313h3484ee8_2.conda#778102be2ae2df0ca7a4927ee3938453
https://conda.anaconda.org/conda-forge/linux-64/dbus-1.16.2-h3c4dab8_0.conda#679616eb5ad4e521c83da4650860aba7
https://conda.anaconda.org/conda-forge/noarch/distlib-0.4.0-pyhd8ed1ab_0.conda#003b8ba0a94e2f1e117d0bd46aebc901
https://conda.anaconda.org/conda-forge/noarch/docutils-0.21.2-pyhd8ed1ab_1.conda#24c1ca34138ee57de72a943237cde4cc
https://conda.anaconda.org/conda-forge/noarch/execnet-2.1.1-pyhd8ed1ab_1.conda#a71efeae2c160f6789900ba2631a2c90
https://conda.anaconda.org/conda-forge/noarch/filelock-3.19.1-pyhd8ed1ab_0.conda#9c418d067409452b2e87e0016257da68
https://conda.anaconda.org/conda-forge/linux-64/freexl-2.0.0-h9dce30a_2.conda#ecb5d11305b8ba1801543002e69d2f2f
https://conda.anaconda.org/conda-forge/linux-64/frozenlist-1.7.0-py313h6b9daa2_0.conda#3a0be7abedcbc2aee92ea228efea8eba
https://conda.anaconda.org/conda-forge/noarch/fsspec-2025.9.0-pyhd8ed1ab_0.conda#76f492bd8ba8a0fb80ffe16fc1a75b3b
https://conda.anaconda.org/conda-forge/linux-64/gdk-pixbuf-2.44.3-h2b0a6b4_0.conda#8a6c305c6c6b169f839eefb951608e29
https://conda.anaconda.org/conda-forge/linux-64/gettext-0.25.1-h3f43e3d_1.conda#c42356557d7f2e37676e121515417e3b
https://conda.anaconda.org/conda-forge/linux-64/glib-tools-2.86.0-hf516916_0.conda#1a8e49615381c381659de1bc6a3bf9ec
https://conda.anaconda.org/conda-forge/linux-64/gts-0.7.6-h977cf35_4.conda#4d8df0b0db060d33c9a702ada998a8fe
https://conda.anaconda.org/conda-forge/noarch/hpack-4.1.0-pyhd8ed1ab_0.conda#0a802cb9888dd14eeefc611f05c40b6e
https://conda.anaconda.org/conda-forge/noarch/hyperframe-6.1.0-pyhd8ed1ab_0.conda#8e6923fc12f1fe8f8c4e5c9f343256ac
https://conda.anaconda.org/conda-forge/noarch/idna-3.10-pyhd8ed1ab_1.conda#39a4f67be3286c86d696df570b1201b7
https://conda.anaconda.org/conda-forge/noarch/imagesize-1.4.1-pyhd8ed1ab_0.tar.bz2#7de5386c8fea29e76b303f37dde4c352
https://conda.anaconda.org/conda-forge/noarch/iniconfig-2.0.0-pyhd8ed1ab_1.conda#6837f3eff7dcea42ecd714ce1ac2b108
https://conda.anaconda.org/conda-forge/noarch/iris-sample-data-2.5.2-pyhd8ed1ab_0.conda#895f6625dd8a246fece9279fcc12c1de
https://conda.anaconda.org/conda-forge/linux-64/kiwisolver-1.4.9-py313hc8edb43_1.conda#87215c60837a8494bf3453d08b404eed
https://conda.anaconda.org/conda-forge/linux-64/lcms2-2.17-h717163a_0.conda#000e85703f0fd9594c81710dd5066471
https://conda.anaconda.org/conda-forge/linux-64/libblas-3.9.0-36_h4a7cf45_openblas.conda#2a6122504dc8ea139337046d34a110cb
https://conda.anaconda.org/conda-forge/linux-64/libboost-1.88.0-hed09d94_5.conda#f0cb6133ea736a8aa0feca310894caf0
https://conda.anaconda.org/conda-forge/linux-64/libcups-2.3.3-hb8b1518_5.conda#d4a250da4737ee127fb1fa6452a9002e
https://conda.anaconda.org/conda-forge/linux-64/libcurl-8.14.1-h332b0f4_0.conda#45f6713cb00f124af300342512219182
https://conda.anaconda.org/conda-forge/linux-64/libfreetype-2.14.1-ha770c72_0.conda#f4084e4e6577797150f9b04a4560ceb0
https://conda.anaconda.org/conda-forge/linux-64/libglx-1.7.0-ha4b6fd6_2.conda#c8013e438185f33b13814c5c488acd5c
https://conda.anaconda.org/conda-forge/linux-64/libkml-1.3.0-hf539b9f_1021.conda#e8c7620cc49de0c6a2349b6dd6e39beb
https://conda.anaconda.org/conda-forge/linux-64/libsystemd0-257.9-h996ca69_0.conda#b6d222422c17dc11123e63fae4ad4178
https://conda.anaconda.org/conda-forge/linux-64/libusb-1.0.29-h73b1eb8_0.conda#d17e3fb595a9f24fa9e149239a33475d
https://conda.anaconda.org/conda-forge/linux-64/libxml2-16-2.15.0-ha9997c6_1.conda#b24dd2bd61cd8e4f8a13ee2a945a723c
https://conda.anaconda.org/conda-forge/noarch/locket-1.0.0-pyhd8ed1ab_0.tar.bz2#91e27ef3d05cc772ce627e51cff111c4
https://conda.anaconda.org/conda-forge/noarch/loguru-0.7.3-pyh707e725_0.conda#49647ac1de4d1e4b49124aedf3934e02
https://conda.anaconda.org/conda-forge/linux-64/markupsafe-3.0.3-py313h3dea7bd_0.conda#c14389156310b8ed3520d84f854be1ee
https://conda.anaconda.org/conda-forge/linux-64/msgpack-python-1.1.1-py313h7037e92_1.conda#cc41d40a7ec345da56c496767d4bb61b
https://conda.anaconda.org/conda-forge/linux-64/multidict-6.6.3-py313h8060acc_0.conda#0cabb3f2ba71300370fcebe973d9ae38
https://conda.anaconda.org/conda-forge/noarch/munkres-1.1.4-pyhd8ed1ab_1.conda#37293a85a0f4f77bbd9cf7aaefc62609
https://conda.anaconda.org/conda-forge/linux-64/openjpeg-2.5.4-h55fea9a_0.conda#11b3379b191f63139e29c0d19dee24cd
https://conda.anaconda.org/conda-forge/noarch/packaging-25.0-pyh29332c3_1.conda#58335b26c38bf4a20f399384c33cbcf9
https://conda.anaconda.org/conda-forge/noarch/pip-25.2-pyh145f28c_0.conda#e7ab34d5a93e0819b62563c78635d937
https://conda.anaconda.org/conda-forge/noarch/platformdirs-4.4.0-pyhcf101f3_0.conda#cc9d9a3929503785403dbfad9f707145
https://conda.anaconda.org/conda-forge/noarch/pluggy-1.6.0-pyhd8ed1ab_0.conda#7da7ccd349dbf6487a7778579d2bb971
https://conda.anaconda.org/conda-forge/linux-64/propcache-0.3.1-py313h8060acc_0.conda#b62867739241368f43f164889b45701b
https://conda.anaconda.org/conda-forge/linux-64/psutil-7.1.0-py313h07c4f96_0.conda#f25cdf145885936fe458452d73d991dc
https://conda.anaconda.org/conda-forge/noarch/pycparser-2.22-pyh29332c3_1.conda#12c566707c80111f9799308d9e265aef
https://conda.anaconda.org/conda-forge/noarch/pygments-2.19.2-pyhd8ed1ab_0.conda#6b6ece66ebcae2d5f326c77ef2c5a066
https://conda.anaconda.org/conda-forge/noarch/pyparsing-3.2.5-pyhcf101f3_0.conda#6c8979be6d7a17692793114fa26916e8
https://conda.anaconda.org/conda-forge/noarch/pyshp-3.0.1-pyhd8ed1ab_0.conda#205ac0b2873addb372a4384361990043
https://conda.anaconda.org/conda-forge/noarch/pysocks-1.7.1-pyha55dd90_7.conda#461219d1a5bd61342293efa2c0c90eac
https://conda.anaconda.org/conda-forge/noarch/python-tzdata-2025.2-pyhd8ed1ab_0.conda#88476ae6ebd24f39261e0854ac244f33
https://conda.anaconda.org/conda-forge/linux-64/python-xxhash-3.6.0-py313heab5758_0.conda#4f0a865122dfe6f5240964dcbccfec57
https://conda.anaconda.org/conda-forge/noarch/pytz-2025.2-pyhd8ed1ab_0.conda#bc8e3267d44011051f2eb14d22fb0960
https://conda.anaconda.org/conda-forge/linux-64/pyyaml-6.0.3-py313h3dea7bd_0.conda#4794ea0adaebd9f844414e594b142cb2
https://conda.anaconda.org/conda-forge/noarch/scooby-0.10.2-pyhd8ed1ab_0.conda#75759dcc013374c298c4b504c9fcc606
https://conda.anaconda.org/conda-forge/noarch/setuptools-80.9.0-pyhff2d567_0.conda#4de79c071274a53dcaf2a8c749d1499e
https://conda.anaconda.org/conda-forge/linux-64/shaderc-2025.4-h3e344bc_0.conda#d3b1d75357bce20e29a5ba4072603889
https://conda.anaconda.org/conda-forge/noarch/six-1.17.0-pyhe01879c_1.conda#3339e3b65d58accf4ca4fb8748ab16b3
https://conda.anaconda.org/conda-forge/noarch/snowballstemmer-3.0.1-pyhd8ed1ab_0.conda#755cf22df8693aa0d1aec1c123fa5863
https://conda.anaconda.org/conda-forge/noarch/sortedcontainers-2.4.0-pyhd8ed1ab_1.conda#0401a17ae845fa72c7210e206ec5647d
https://conda.anaconda.org/conda-forge/noarch/soupsieve-2.8-pyhd8ed1ab_0.conda#18c019ccf43769d211f2cf78e9ad46c2
https://conda.anaconda.org/conda-forge/noarch/sphinxcontrib-jsmath-1.0.1-pyhd8ed1ab_1.conda#fa839b5ff59e192f411ccc7dae6588bb
https://conda.anaconda.org/conda-forge/noarch/tblib-3.1.0-pyhd8ed1ab_0.conda#a15c62b8a306b8978f094f76da2f903f
https://conda.anaconda.org/conda-forge/noarch/tomli-2.2.1-pyhe01879c_2.conda#30a0a26c8abccf4b7991d590fe17c699
https://conda.anaconda.org/conda-forge/noarch/toolz-1.0.0-pyhd8ed1ab_1.conda#40d0ed782a8aaa16ef248e68c06c168d
https://conda.anaconda.org/conda-forge/linux-64/tornado-6.5.2-py313h07c4f96_1.conda#45821154b9cb2fb63c2b354c76086954
https://conda.anaconda.org/conda-forge/noarch/typing_extensions-4.15.0-pyhcf101f3_0.conda#0caa1af407ecff61170c9437a808404d
https://conda.anaconda.org/conda-forge/linux-64/xcb-util-image-0.4.0-hb711507_2.conda#a0901183f08b6c7107aab109733a3c91
https://conda.anaconda.org/conda-forge/linux-64/xerces-c-3.2.5-h988505b_2.conda#9dda9667feba914e0e80b95b82f7402b
https://conda.anaconda.org/conda-forge/linux-64/xkeyboard-config-2.46-hb03c661_0.conda#71ae752a748962161b4740eaff510258
https://conda.anaconda.org/conda-forge/linux-64/xorg-libxext-1.3.6-hb9d3cd8_0.conda#febbab7d15033c913d53c7a2c102309d
https://conda.anaconda.org/conda-forge/linux-64/xorg-libxfixes-6.0.2-hb03c661_0.conda#ba231da7fccf9ea1e768caf5c7099b84
https://conda.anaconda.org/conda-forge/linux-64/xorg-libxrender-0.9.12-hb9d3cd8_0.conda#96d57aba173e878a2089d5638016dc5e
https://conda.anaconda.org/conda-forge/noarch/zict-3.0.0-pyhd8ed1ab_1.conda#e52c2ef711ccf31bb7f70ca87d144b9e
https://conda.anaconda.org/conda-forge/noarch/zipp-3.23.0-pyhd8ed1ab_0.conda#df5e78d904988eb55042c0c97446079f
https://conda.anaconda.org/conda-forge/noarch/accessible-pygments-0.0.5-pyhd8ed1ab_1.conda#74ac5069774cdbc53910ec4d631a3999
https://conda.anaconda.org/conda-forge/noarch/aiosignal-1.4.0-pyhd8ed1ab_0.conda#421a865222cd0c9d83ff08bc78bf3a61
https://conda.anaconda.org/conda-forge/noarch/babel-2.17.0-pyhd8ed1ab_0.conda#0a01c169f0ab0f91b26e77a3301fbfe4
https://conda.anaconda.org/conda-forge/linux-64/cffi-2.0.0-py313hf01b4d8_0.conda#062317cc1cd26fbf6454e86ddd3622c4
https://conda.anaconda.org/conda-forge/noarch/click-default-group-1.2.4-pyhd8ed1ab_1.conda#7cd83dd6831b61ad9624a694e4afd7dc
https://conda.anaconda.org/conda-forge/noarch/click-plugins-1.1.1.2-pyhd8ed1ab_0.conda#e9b05deb91c013e5224672a4ba9cf8d1
https://conda.anaconda.org/conda-forge/noarch/cligj-0.7.2-pyhd8ed1ab_2.conda#55c7804f428719241a90b152016085a1
https://conda.anaconda.org/conda-forge/linux-64/coverage-7.10.7-py313h3dea7bd_0.conda#2847245cb868cdf87bb7fee7b8605d10
https://conda.anaconda.org/conda-forge/linux-64/cytoolz-1.0.1-py313h536fd9c_0.conda#e886bb6a3c24f8b9dd4fcd1d617a1f64
https://conda.anaconda.org/conda-forge/noarch/exceptiongroup-1.3.0-pyhd8ed1ab_0.conda#72e42d28960d875c7654614f8b50939a
https://conda.anaconda.org/conda-forge/linux-64/fonttools-4.60.1-py313h3dea7bd_0.conda#904860fc0d57532d28e9c6c4501f19a9
https://conda.anaconda.org/conda-forge/linux-64/freetype-2.14.1-ha770c72_0.conda#4afc585cd97ba8a23809406cd8a9eda8
https://conda.anaconda.org/conda-forge/noarch/h2-4.3.0-pyhcf101f3_0.conda#164fc43f0b53b6e3a7bc7dce5e4f1dc9
https://conda.anaconda.org/conda-forge/linux-64/hdf5-1.14.6-nompi_h6e4c0c1_103.conda#c74d83614aec66227ae5199d98852aaf
https://conda.anaconda.org/conda-forge/noarch/importlib-metadata-8.7.0-pyhe01879c_1.conda#63ccfdc3a3ce25b027b8767eb722fca8
https://conda.anaconda.org/conda-forge/noarch/jinja2-3.1.6-pyhd8ed1ab_0.conda#446bd6c8cb26050d528881df495ce646
https://conda.anaconda.org/conda-forge/linux-64/libboost-devel-1.88.0-hfcd1e18_5.conda#4f40998415c3222cfa03845ee5f029fd
https://conda.anaconda.org/conda-forge/linux-64/libcblas-3.9.0-36_h0358290_openblas.conda#13a3fe5f9812ac8c5710ef8c03105121
https://conda.anaconda.org/conda-forge/linux-64/libflac-1.4.3-h59595ed_0.conda#ee48bf17cc83a00f59ca1494d5646869
https://conda.anaconda.org/conda-forge/linux-64/libgl-1.7.0-ha4b6fd6_2.conda#928b8be80851f5d8ffb016f9c81dae7a
https://conda.anaconda.org/conda-forge/linux-64/libglx-devel-1.7.0-ha4b6fd6_2.conda#27ac5ae872a21375d980bd4a6f99edf3
https://conda.anaconda.org/conda-forge/linux-64/liblapack-3.9.0-36_h47877c9_openblas.conda#55daaac7ecf8ebd169cdbe34dc79549e
https://conda.anaconda.org/conda-forge/linux-64/libxml2-2.15.0-h26afc86_1.conda#8337b675e0cad517fbcb3daf7588087a
https://conda.anaconda.org/conda-forge/noarch/nodeenv-1.9.1-pyhd8ed1ab_1.conda#7ba3f09fceae6a120d664217e58fe686
https://conda.anaconda.org/conda-forge/linux-64/openldap-2.6.10-he970967_0.conda#2e5bf4f1da39c0b32778561c3c4e5878
https://conda.anaconda.org/conda-forge/noarch/partd-1.4.2-pyhd8ed1ab_0.conda#0badf9c54e24cecfb0ad2f99d680c163
https://conda.anaconda.org/conda-forge/noarch/pbr-7.0.1-pyhd8ed1ab_0.conda#0d118f1c98cec5ebd0cdfd066e49a446
https://conda.anaconda.org/conda-forge/linux-64/pillow-11.3.0-py313ha492abd_3.conda#3354141a95eee5d29000147578dbc13f
https://conda.anaconda.org/conda-forge/linux-64/proj-9.6.2-h18fbb6c_2.conda#1aeede769ec2fa0f474f8b73a7ac057f
https://conda.anaconda.org/conda-forge/noarch/python-dateutil-2.9.0.post0-pyhe01879c_2.conda#5b8d21249ff20967101ffa321cab24e8
https://conda.anaconda.org/conda-forge/noarch/typing-extensions-4.15.0-h396c80c_0.conda#edd329d7d3a4ab45dcf905899a7a6115
https://conda.anaconda.org/conda-forge/noarch/virtualenv-20.34.0-pyhd8ed1ab_0.conda#2bd6c0c96cfc4dbe9bde604a122e3e55
https://conda.anaconda.org/conda-forge/linux-64/xcb-util-cursor-0.1.5-hb9d3cd8_0.conda#eb44b3b6deb1cab08d72cb61686fe64c
https://conda.anaconda.org/conda-forge/linux-64/xorg-libxcomposite-0.4.6-hb9d3cd8_2.conda#d3c295b50f092ab525ffe3c2aa4b7413
https://conda.anaconda.org/conda-forge/linux-64/xorg-libxcursor-1.2.3-hb9d3cd8_0.conda#2ccd714aa2242315acaf0a67faea780b
https://conda.anaconda.org/conda-forge/linux-64/xorg-libxdamage-1.1.6-hb9d3cd8_0.conda#b5fcc7172d22516e1f965490e65e33a4
https://conda.anaconda.org/conda-forge/linux-64/xorg-libxi-1.8.2-hb9d3cd8_0.conda#17dcc85db3c7886650b8908b183d6876
https://conda.anaconda.org/conda-forge/linux-64/xorg-libxinerama-1.1.5-h5888daf_1.conda#5e2eb9bf77394fc2e5918beefec9f9ab
https://conda.anaconda.org/conda-forge/linux-64/xorg-libxrandr-1.5.4-hb9d3cd8_0.conda#2de7f99d6581a4a7adbff607b5c278ca
https://conda.anaconda.org/conda-forge/linux-64/xorg-libxscrnsaver-1.2.4-hb9d3cd8_0.conda#303f7a0e9e0cd7d250bb6b952cecda90
https://conda.anaconda.org/conda-forge/linux-64/xorg-libxxf86vm-1.1.6-hb9d3cd8_0.conda#5efa5fa6243a622445fdfd72aee15efa
https://conda.anaconda.org/conda-forge/linux-64/yarl-1.20.1-py313h8060acc_0.conda#b3659ec61a97eb6f64aeca04effb999d
https://conda.anaconda.org/conda-forge/linux-64/aiohttp-3.12.15-py313h3dea7bd_0.conda#a913416ef27a54d4f1c0241d3249017a
https://conda.anaconda.org/conda-forge/noarch/asv_runner-0.2.1-pyhd8ed1ab_0.conda#fdcbeb072c80c805a2ededaa5f91cd79
https://conda.anaconda.org/conda-forge/noarch/beautifulsoup4-4.14.2-pyha770c72_0.conda#749ebebabc2cae99b2e5b3edd04c6ca2
https://conda.anaconda.org/conda-forge/noarch/dask-core-2025.9.1-pyhcf101f3_0.conda#c49de33395d775a92ea90e0cb34c3577
https://conda.anaconda.org/conda-forge/linux-64/fontconfig-2.15.0-h7e30c49_1.conda#8f5b0b297b59e1ac160ad4beec99dbee
https://conda.anaconda.org/conda-forge/linux-64/geotiff-1.7.4-h239500f_2.conda#b0c42bce162a38b1aa2f6dfb5c412bc4
https://conda.anaconda.org/conda-forge/noarch/lazy-loader-0.4-pyhd8ed1ab_2.conda#d10d9393680734a8febc4b362a4c94f2
https://conda.anaconda.org/conda-forge/linux-64/libarchive-3.8.1-gpl_h7be2006_101.conda#e6f55365ce179b10b48de5a1677ae013
https://conda.anaconda.org/conda-forge/linux-64/libgl-devel-1.7.0-ha4b6fd6_2.conda#53e7cbb2beb03d69a478631e23e340e9
https://conda.anaconda.org/conda-forge/linux-64/libhwloc-2.12.1-default_h7f8ec31_1002.conda#c01021ae525a76fe62720c7346212d74
https://conda.anaconda.org/conda-forge/linux-64/libllvm21-21.1.2-hf7376ad_0.conda#85ccb5afca5e1fa67364ea19154e8148
https://conda.anaconda.org/conda-forge/linux-64/libnetcdf-4.9.3-nompi_h11f7409_103.conda#3ccff1066c05a1e6c221356eecc40581
https://conda.anaconda.org/conda-forge/linux-64/libpq-18.0-h3675c94_0.conda#064887eafa473cbfae9ee8bedd3b7432
https://conda.anaconda.org/conda-forge/linux-64/libsndfile-1.2.2-hc60ed4a_1.conda#ef1910918dd895516a769ed36b5b3a4e
https://conda.anaconda.org/conda-forge/linux-64/libva-2.22.0-h4f16b4b_2.conda#2c65566e79dc11318ce689c656fb551c
https://conda.anaconda.org/conda-forge/linux-64/libvulkan-loader-1.4.328.0-h5279c79_0.conda#73afdfbc5bb1233a4634f287f4b92119
https://conda.anaconda.org/conda-forge/linux-64/libxkbcommon-1.11.0-hca5e8e5_1.conda#9abb1e8cbc0039155a8ed2aa149b1067
https://conda.anaconda.org/conda-forge/linux-64/libxml2-devel-2.15.0-h26afc86_1.conda#4c56a411f4b51c24d809172b44970a34
https://conda.anaconda.org/conda-forge/linux-64/numpy-2.3.3-py313hf6604e3_0.conda#3122d20dc438287e125fb5acff1df170
https://conda.anaconda.org/conda-forge/linux-64/pyproj-3.7.2-py313hcfca4fd_1.conda#201de8a14ac92c0cf704f4ea5489f34d
https://conda.anaconda.org/conda-forge/noarch/pytest-8.4.2-pyhd8ed1ab_0.conda#1f987505580cb972cf28dc5f74a0f81b
https://conda.anaconda.org/conda-forge/noarch/setuptools-scm-9.2.0-pyhd8ed1ab_0.conda#ad8f901272d56cfb6bf22bb89e9be59b
https://conda.anaconda.org/conda-forge/noarch/sphinxcontrib-apidoc-0.3.0-py_1.tar.bz2#855b087883443abb10f5faf6eef40860
https://conda.anaconda.org/conda-forge/linux-64/ukkonen-1.0.1-py313h33d0bda_5.conda#5bcffe10a500755da4a71cc0fb62a420
https://conda.anaconda.org/conda-forge/linux-64/xorg-libxtst-1.2.5-hb9d3cd8_3.conda#7bbe9a0cc0df0ac5f5a8ad6d6a11af2f
https://conda.anaconda.org/conda-forge/linux-64/zstandard-0.25.0-py313h54dd161_0.conda#1fe43bd1fc86e22ad3eb0edec637f8a2
https://conda.anaconda.org/conda-forge/linux-64/at-spi2-core-2.40.3-h0630a04_0.tar.bz2#8cb2fc4cd6cc63f1369cfa318f581cc3
https://conda.anaconda.org/conda-forge/linux-64/cairo-1.18.4-h3394656_0.conda#09262e66b19567aff4f592fb53b28760
https://conda.anaconda.org/conda-forge/linux-64/cftime-1.6.4-py313h29aa505_2.conda#1363e8db910e403edc8fd486f8470ec6
https://conda.anaconda.org/conda-forge/noarch/colorspacious-1.1.2-pyhecae5ae_1.conda#04151bb8e351c6209caad045e4b1f4bd
https://conda.anaconda.org/conda-forge/linux-64/contourpy-1.3.3-py313h7037e92_2.conda#6c8b4c12099023fcd85e520af74fd755
https://conda.anaconda.org/conda-forge/noarch/identify-2.6.15-pyhd8ed1ab_0.conda#25f954b7dae6dd7b0dc004dab74f1ce9
https://conda.anaconda.org/conda-forge/linux-64/intel-media-driver-25.3.4-hecca717_0.conda#7ae2034a0e2e24eb07468f1a50cdf0bb
https://conda.anaconda.org/conda-forge/noarch/lazy_loader-0.4-pyhd8ed1ab_2.conda#bb0230917e2473c77d615104dbe8a49d
https://conda.anaconda.org/conda-forge/linux-64/libclang-cpp21.1-21.1.2-default_h99862b1_2.conda#e062fd46c26c8ddf8189123a0d9e363e
https://conda.anaconda.org/conda-forge/linux-64/libclang13-21.1.2-default_h746c552_2.conda#594b05398fe0afa089103e934453368f
https://conda.anaconda.org/conda-forge/linux-64/libegl-devel-1.7.0-ha4b6fd6_2.conda#b513eb83b3137eca1192c34bf4f013a7
https://conda.anaconda.org/conda-forge/linux-64/libgd-2.3.3-h6f5c62b_11.conda#68fc66282364981589ef36868b1a7c78
https://conda.anaconda.org/conda-forge/linux-64/libspatialite-5.1.0-h2eee824_16.conda#0704f614584aefd5fdaf56c75b047fdb
https://conda.anaconda.org/conda-forge/linux-64/mo_pack-0.3.1-py313h29aa505_2.conda#ad53894d278895bf15c8fc324727d224
https://conda.anaconda.org/conda-forge/linux-64/netcdf-fortran-4.6.2-nompi_h90de81b_102.conda#f4c67a50ac3008a578530e7fc32f3d98
https://conda.anaconda.org/conda-forge/linux-64/pandas-2.3.3-py313h08cd8bf_1.conda#9e87d4bda0c2711161d765332fa38781
https://conda.anaconda.org/conda-forge/linux-64/pulseaudio-client-17.0-h9a8bead_2.conda#b6f21b1c925ee2f3f7fc37798c5988db
https://conda.anaconda.org/conda-forge/linux-64/pykdtree-1.4.3-py313h29aa505_1.conda#094a1bcea4ac73f86b82f050dbc42c74
https://conda.anaconda.org/conda-forge/noarch/pytest-cov-7.0.0-pyhcf101f3_1.conda#6891acad5e136cb62a8c2ed2679d6528
https://conda.anaconda.org/conda-forge/noarch/pytest-mock-3.15.1-pyhd8ed1ab_0.conda#0511afbe860b1a653125d77c719ece53
https://conda.anaconda.org/conda-forge/noarch/pytest-xdist-3.8.0-pyhd8ed1ab_0.conda#8375cfbda7c57fbceeda18229be10417
https://conda.anaconda.org/conda-forge/linux-64/python-stratify-0.4.0-py313h07c4f96_1.conda#5ccb0566ef58b0d9b3973ff1da006593
https://conda.anaconda.org/conda-forge/linux-64/pywavelets-1.9.0-py313h29aa505_1.conda#952d8629c239c33a1a3087aa373f965f
https://conda.anaconda.org/conda-forge/linux-64/scipy-1.16.2-py313h11c21cd_0.conda#85a80978a04be9c290b8fe6d9bccff1c
https://conda.anaconda.org/conda-forge/linux-64/shapely-2.1.2-py313hfc84eb1_0.conda#63f3a31e1933ebf61a15be43f880fea4
https://conda.anaconda.org/conda-forge/noarch/snuggs-1.4.7-pyhd8ed1ab_2.conda#9aa358575bbd4be126eaa5e0039f835c
https://conda.anaconda.org/conda-forge/linux-64/tbb-2022.2.0-hb60516a_1.conda#29ed2be4b47b5aa1b07689e12407fbfd
https://conda.anaconda.org/conda-forge/noarch/urllib3-2.5.0-pyhd8ed1ab_0.conda#436c165519e140cb08d246a4472a9d6a
https://conda.anaconda.org/conda-forge/noarch/wslink-2.4.0-pyhd8ed1ab_0.conda#a7c17eeb817efebaf59a48fdeab284a4
https://conda.anaconda.org/conda-forge/linux-64/at-spi2-atk-2.38.0-h0630a04_3.tar.bz2#6b889f174df1e0f816276ae69281af4d
https://conda.anaconda.org/conda-forge/linux-64/cf-units-3.3.0-py313h29aa505_1.conda#36a704169c6a0b4ce8335d160103e218
https://conda.anaconda.org/conda-forge/noarch/distributed-2025.9.1-pyhcf101f3_0.conda#f140b63da44c9a3fc7ae75cb9cc53c47
https://conda.anaconda.org/conda-forge/linux-64/epoxy-1.5.10-hb03c661_2.conda#057083b06ccf1c2778344b6dabace38b
https://conda.anaconda.org/conda-forge/linux-64/esmf-8.9.0-nompi_h8d4c64c_3.conda#9102d5f5b8d01fcfa81efec370815772
https://conda.anaconda.org/conda-forge/linux-64/harfbuzz-12.1.0-h15599e2_0.conda#7704b1edaa8316b8792424f254c1f586
https://conda.anaconda.org/conda-forge/noarch/imagehash-4.3.2-pyhd8ed1ab_0.conda#efbc812363856906a80344b496389d2e
https://conda.anaconda.org/conda-forge/linux-64/libgdal-core-3.10.3-h95ec890_18.conda#7de0158b4bc2efa21ccd72784813274a
https://conda.anaconda.org/conda-forge/linux-64/libopenvino-2025.2.0-hb617929_1.conda#1da20cc4ff32dc74424dec68ec087dba
https://conda.anaconda.org/conda-forge/linux-64/libvpl-2.15.0-h54a6638_1.conda#a41a299c157cc6d0eff05e5fc298cc45
https://conda.anaconda.org/conda-forge/linux-64/matplotlib-base-3.10.6-py313h683a580_1.conda#0483ab1c5b6956442195742a5df64196
https://conda.anaconda.org/conda-forge/linux-64/netcdf4-1.7.2-nompi_py313hfae5b86_104.conda#b6ddba788230a41a534cf288d41a1df4
https://conda.anaconda.org/conda-forge/noarch/pre-commit-4.3.0-pyha770c72_0.conda#bc6c44af2a9e6067dd7e949ef10cdfba
https://conda.anaconda.org/conda-forge/noarch/requests-2.32.5-pyhd8ed1ab_0.conda#db0c6b99149880c8ba515cf4abe93ee4
https://conda.anaconda.org/conda-forge/linux-64/sdl3-3.2.24-h68140b3_0.conda#eeb4cfa6070a7882ad50936c7ade65ec
https://conda.anaconda.org/conda-forge/linux-64/tbb-devel-2022.2.0-h74b38a2_1.conda#7add6fd0b1f39c7edbfff8704b34b6b6
https://conda.anaconda.org/conda-forge/linux-64/cartopy-0.25.0-py313h08cd8bf_1.conda#a0d8dc5c90850d9f1a79f69c98aef0ff
https://conda.anaconda.org/conda-forge/noarch/cmocean-4.0.3-pyhd8ed1ab_1.conda#dd71e4ec2fbffe38c0359976505f816e
https://conda.anaconda.org/conda-forge/noarch/esmpy-8.9.0-pyhc455866_0.conda#37e9756efac1b155daface77417f0463
https://conda.anaconda.org/conda-forge/linux-64/libass-0.17.4-h96ad9f0_0.conda#d3be7b2870bf7aff45b12ea53165babd
https://conda.anaconda.org/conda-forge/linux-64/libopenvino-auto-batch-plugin-2025.2.0-hed573e4_1.conda#94f9d17be1d658213b66b22f63cc6578
https://conda.anaconda.org/conda-forge/linux-64/libopenvino-auto-plugin-2025.2.0-hed573e4_1.conda#071b3a82342715a411f216d379ab6205
https://conda.anaconda.org/conda-forge/linux-64/libopenvino-hetero-plugin-2025.2.0-hd41364c_1.conda#77c0c7028a8110076d40314dc7b1fa98
https://conda.anaconda.org/conda-forge/linux-64/libopenvino-intel-cpu-plugin-2025.2.0-hb617929_1.conda#e4cc6db5bdc8b554c06bf569de57f85f
https://conda.anaconda.org/conda-forge/linux-64/libopenvino-intel-gpu-plugin-2025.2.0-hb617929_1.conda#b846fe6c158ca417e246122172d68d3a
https://conda.anaconda.org/conda-forge/linux-64/libopenvino-intel-npu-plugin-2025.2.0-hb617929_1.conda#86fd4c25f6accaf646c86adf0f1382d3
https://conda.anaconda.org/conda-forge/linux-64/libopenvino-ir-frontend-2025.2.0-hd41364c_1.conda#75e595d9f2019a60f6dcb500266da615
https://conda.anaconda.org/conda-forge/linux-64/libopenvino-onnx-frontend-2025.2.0-h1862bb8_1.conda#68f5ad9d8e3979362bb9dfc9388980aa
https://conda.anaconda.org/conda-forge/linux-64/libopenvino-paddle-frontend-2025.2.0-h1862bb8_1.conda#a032d03468dee9fb5b8eaf635b4571c2
https://conda.anaconda.org/conda-forge/linux-64/libopenvino-pytorch-frontend-2025.2.0-hecca717_1.conda#cd40cf2d10a3279654c9769f3bc8caf5
https://conda.anaconda.org/conda-forge/linux-64/libopenvino-tensorflow-frontend-2025.2.0-h0767aad_1.conda#f71c6b4e342b560cc40687063ef62c50
https://conda.anaconda.org/conda-forge/linux-64/libopenvino-tensorflow-lite-frontend-2025.2.0-hecca717_1.conda#fd9dacd7101f80ff1110ea6b76adb95d
https://conda.anaconda.org/conda-forge/noarch/nc-time-axis-1.4.1-pyhd8ed1ab_1.conda#9a2be7d0089f5934b550933ca0d9fe85
https://conda.anaconda.org/conda-forge/linux-64/pango-1.56.4-hadf4263_0.conda#79f71230c069a287efe3a8614069ddf1
https://conda.anaconda.org/conda-forge/noarch/pooch-1.8.2-pyhd8ed1ab_3.conda#d2bbbd293097e664ffb01fc4cdaf5729
https://conda.anaconda.org/conda-forge/linux-64/qt6-main-6.9.3-h5c1c036_0.conda#cc0bffcaf6410aba9c6581dfdc18012d
https://conda.anaconda.org/conda-forge/linux-64/rasterio-1.4.3-py313h9000cf5_2.conda#80000c679f00cfe4430294d2b7f34c20
https://conda.anaconda.org/conda-forge/linux-64/sdl2-2.32.56-h54a6638_0.conda#cdd138897d94dc07d99afe7113a07bec
https://conda.anaconda.org/conda-forge/linux-64/gtk3-3.24.43-h021d004_4.conda#a891e341072432fafb853b3762957cbf
https://conda.anaconda.org/conda-forge/linux-64/librsvg-2.60.0-h61e6d4b_0.conda#91e6d4d684e237fba31b9815c4b40edf
https://conda.anaconda.org/conda-forge/linux-64/vtk-base-9.5.1-py313hb596631_4.conda#3f8f6ab4a20d063d45e1e66199a55f10
https://conda.anaconda.org/conda-forge/noarch/adwaita-icon-theme-49.0-unix_0.conda#b3f0179590f3c0637b7eb5309898f79e
https://conda.anaconda.org/conda-forge/linux-64/ffmpeg-8.0.0-gpl_hbbdf940_906.conda#e345ae3d8bc570a3f6ea89f03ff1110a
https://conda.anaconda.org/conda-forge/linux-64/graphviz-13.1.2-h87b6fe6_0.conda#0adddc9b820f596638d8b0ff9e3b4823
https://conda.anaconda.org/conda-forge/linux-64/vtk-io-ffmpeg-9.5.1-h0227780_4.conda#983df2ceb57c7379fbfff7dbcaadb4de
https://conda.anaconda.org/conda-forge/linux-64/vtk-9.5.1-hf01d5fc_4.conda#9441b210e4b3ed66b9926678b62c8a15
https://conda.anaconda.org/conda-forge/noarch/pyvista-0.44.1-pyhd8ed1ab_0.conda#0731b45087c0358ca8b7d9fe855dec1a
https://conda.anaconda.org/conda-forge/noarch/geovista-0.5.3-pyhd8ed1ab_1.conda#64348d05eedb1b1b5676f63101d004f2
https://conda.anaconda.org/conda-forge/noarch/pydata-sphinx-theme-0.16.1-pyhd8ed1ab_0.conda#837aaf71ddf3b27acae0e7e9015eebc6
https://conda.anaconda.org/conda-forge/noarch/sphinx-copybutton-0.5.2-pyhd8ed1ab_1.conda#bf22cb9c439572760316ce0748af3713
https://conda.anaconda.org/conda-forge/noarch/sphinx-design-0.6.1-pyhd8ed1ab_2.conda#3e6c15d914b03f83fc96344f917e0838
https://conda.anaconda.org/conda-forge/noarch/sphinx-gallery-0.19.0-pyhd8ed1ab_0.conda#3cfa26d23bd7987d84051879f202a855
https://conda.anaconda.org/conda-forge/noarch/sphinxcontrib-applehelp-2.0.0-pyhd8ed1ab_1.conda#16e3f039c0aa6446513e94ab18a8784b
https://conda.anaconda.org/conda-forge/noarch/sphinxcontrib-devhelp-2.0.0-pyhd8ed1ab_1.conda#910f28a05c178feba832f842155cbfff
https://conda.anaconda.org/conda-forge/noarch/sphinxcontrib-htmlhelp-2.1.0-pyhd8ed1ab_1.conda#e9fb3fe8a5b758b4aff187d434f94f03
https://conda.anaconda.org/conda-forge/noarch/sphinxcontrib-qthelp-2.0.0-pyhd8ed1ab_1.conda#00534ebcc0375929b45c3039b5ba7636
https://conda.anaconda.org/conda-forge/noarch/sphinx-8.1.3-pyhd8ed1ab_1.conda#1a3281a0dc355c02b5506d87db2d78ac
https://conda.anaconda.org/conda-forge/noarch/sphinxcontrib-serializinghtml-1.1.10-pyhd8ed1ab_1.conda#3bc61f7161d28137797e038263c04c54

