# Generated by conda-lock.
# platform: linux-64
# input_hash: a45f73f1b97a56ff99d022f070c005c4df54d79339b00f9e2eed332b90811baf
@EXPLICIT
https://conda.anaconda.org/conda-forge/linux-64/_libgcc_mutex-0.1-conda_forge.tar.bz2#d7c89558ba9fa0495403155b64376d81
https://conda.anaconda.org/conda-forge/linux-64/ca-certificates-2024.6.2-hbcca054_0.conda#847c3c2905cc467cea52c24f9cfa8080
https://conda.anaconda.org/conda-forge/noarch/font-ttf-dejavu-sans-mono-2.37-hab24e00_0.tar.bz2#0c96522c6bdaed4b1566d11387caaf45
https://conda.anaconda.org/conda-forge/noarch/font-ttf-inconsolata-3.000-h77eed37_0.tar.bz2#34893075a5c9e55cdafac56607368fc6
https://conda.anaconda.org/conda-forge/noarch/font-ttf-source-code-pro-2.038-h77eed37_0.tar.bz2#4d59c254e01d9cde7957100457e2d5fb
https://conda.anaconda.org/conda-forge/noarch/font-ttf-ubuntu-0.83-h77eed37_2.conda#cbbe59391138ea5ad3658c76912e147f
https://conda.anaconda.org/conda-forge/linux-64/ld_impl_linux-64-2.40-hf3520f5_7.conda#b80f2f396ca2c28b8c14c437a4ed1e74
https://conda.anaconda.org/conda-forge/linux-64/nlohmann_json-3.11.3-h59595ed_0.conda#df9ae69b85e0cab9bde23eff1e87f183
https://conda.anaconda.org/conda-forge/linux-64/python_abi-3.10-4_cp310.conda#26322ec5d7712c3ded99dd656142b8ce
https://conda.anaconda.org/conda-forge/noarch/tzdata-2024a-h0c530f3_0.conda#161081fc7cec0bfda0d86d7cb595f8d8
https://conda.anaconda.org/conda-forge/linux-64/utfcpp-4.0.5-ha770c72_0.conda#25965c1d1d5fc00ce2b663b73008e3b7
https://conda.anaconda.org/conda-forge/noarch/fonts-conda-forge-1-0.tar.bz2#f766549260d6815b0c52253f1fb1bb29
https://conda.anaconda.org/conda-forge/linux-64/libgomp-13.2.0-h77fa898_11.conda#8c462ced2af33648195dc9459f331f31
https://conda.anaconda.org/conda-forge/linux-64/_openmp_mutex-4.5-2_gnu.tar.bz2#73aaf86a425cc6e73fcf236a5a46396d
https://conda.anaconda.org/conda-forge/noarch/fonts-conda-ecosystem-1-0.tar.bz2#fee5683a3f04bd15cbd8318b096a27ab
https://conda.anaconda.org/conda-forge/linux-64/libgcc-ng-13.2.0-h77fa898_11.conda#0b3b218a596bb4c3854cc9ee799f94e5
https://conda.anaconda.org/conda-forge/linux-64/alsa-lib-1.2.12-h4ab18f5_0.conda#7ed427f0871fd41cb1d9c17727c17589
https://conda.anaconda.org/conda-forge/linux-64/attr-2.5.1-h166bdaf_1.tar.bz2#d9c69a24ad678ffce24c6543a0176b00
https://conda.anaconda.org/conda-forge/linux-64/bzip2-1.0.8-hd590300_5.conda#69b8b6202a07720f448be700e300ccf4
https://conda.anaconda.org/conda-forge/linux-64/c-ares-1.28.1-hd590300_0.conda#dcde58ff9a1f30b0037a2315d1846d1f
https://conda.anaconda.org/conda-forge/linux-64/dav1d-1.2.1-hd590300_0.conda#418c6ca5929a611cbd69204907a83995
https://conda.anaconda.org/conda-forge/linux-64/fribidi-1.0.10-h36c2ea0_0.tar.bz2#ac7bc6a654f8f41b352b38f4051135f8
https://conda.anaconda.org/conda-forge/linux-64/gettext-tools-0.22.5-h59595ed_2.conda#985f2f453fb72408d6b6f1be0f324033
https://conda.anaconda.org/conda-forge/linux-64/giflib-5.2.2-hd590300_0.conda#3bf7b9fd5a7136126e0234db4b87c8b6
https://conda.anaconda.org/conda-forge/linux-64/keyutils-1.6.1-h166bdaf_0.tar.bz2#30186d27e2c9fa62b45fb1476b7200e3
https://conda.anaconda.org/conda-forge/linux-64/lame-3.100-h166bdaf_1003.tar.bz2#a8832b479f93521a9e7b5b743803be51
https://conda.anaconda.org/conda-forge/linux-64/libbrotlicommon-1.1.0-hd590300_1.conda#aec6c91c7371c26392a06708a73c70e5
https://conda.anaconda.org/conda-forge/linux-64/libdeflate-1.20-hd590300_0.conda#8e88f9389f1165d7c0936fe40d9a9a79
https://conda.anaconda.org/conda-forge/linux-64/libev-4.33-hd590300_2.conda#172bf1cd1ff8629f2b1179945ed45055
https://conda.anaconda.org/conda-forge/linux-64/libexpat-2.6.2-h59595ed_0.conda#e7ba12deb7020dd080c6c70e7b6f6a3d
https://conda.anaconda.org/conda-forge/linux-64/libffi-3.4.2-h7f98852_5.tar.bz2#d645c6d2ac96843a2bfaccd2d62b3ac3
https://conda.anaconda.org/conda-forge/linux-64/libgettextpo-0.22.5-h59595ed_2.conda#172bcc51059416e7ce99e7b528cede83
https://conda.anaconda.org/conda-forge/linux-64/libgfortran5-13.2.0-h3d2ce59_11.conda#c485da4fdb454539f852a90ae06e9bb7
https://conda.anaconda.org/conda-forge/linux-64/libiconv-1.17-hd590300_2.conda#d66573916ffcf376178462f1b61c941e
https://conda.anaconda.org/conda-forge/linux-64/libjpeg-turbo-3.0.0-hd590300_1.conda#ea25936bb4080d843790b586850f82b8
https://conda.anaconda.org/conda-forge/linux-64/libnsl-2.0.1-hd590300_0.conda#30fd6e37fe21f86f4bd26d6ee73eeec7
https://conda.anaconda.org/conda-forge/linux-64/libogg-1.3.4-h7f98852_1.tar.bz2#6e8cc2173440d77708196c5b93771680
https://conda.anaconda.org/conda-forge/linux-64/libopus-1.3.1-h7f98852_1.tar.bz2#15345e56d527b330e1cacbdf58676e8f
https://conda.anaconda.org/conda-forge/linux-64/libpciaccess-0.18-hd590300_0.conda#48f4330bfcd959c3cfb704d424903c82
https://conda.anaconda.org/conda-forge/linux-64/libstdcxx-ng-13.2.0-hc0a3c3a_11.conda#eaa8ea74083fb4a78ae19e431e556003
https://conda.anaconda.org/conda-forge/linux-64/libtasn1-4.19.0-h166bdaf_0.tar.bz2#93840744a8552e9ebf6bb1a5dffc125a
https://conda.anaconda.org/conda-forge/linux-64/libunistring-0.9.10-h7f98852_0.tar.bz2#7245a044b4a1980ed83196176b78b73a
https://conda.anaconda.org/conda-forge/linux-64/libuuid-2.38.1-h0b41bf4_0.conda#40b61aab5c7ba9ff276c41cfffe6b80b
https://conda.anaconda.org/conda-forge/linux-64/libwebp-base-1.4.0-hd590300_0.conda#b26e8aa824079e1be0294e7152ca4559
https://conda.anaconda.org/conda-forge/linux-64/libxcrypt-4.4.36-hd590300_1.conda#5aa797f8787fe7a17d1b0821485b5adc
https://conda.anaconda.org/conda-forge/linux-64/libzlib-1.2.13-h4ab18f5_6.conda#27329162c0dc732bcf67a4e0cd488125
https://conda.anaconda.org/conda-forge/linux-64/ncurses-6.5-h59595ed_0.conda#fcea371545eda051b6deafb24889fc69
https://conda.anaconda.org/conda-forge/linux-64/nettle-3.9.1-h7ab15ed_0.conda#2bf1915cc107738811368afcb0993a59
https://conda.anaconda.org/conda-forge/linux-64/ocl-icd-2.3.2-hd590300_1.conda#c66f837ac65e4d1cdeb80e2a1d5fcc3d
https://conda.anaconda.org/conda-forge/linux-64/openssl-3.3.1-h4ab18f5_0.conda#a41fa0e391cc9e0d6b78ac69ca047a6c
https://conda.anaconda.org/conda-forge/linux-64/pthread-stubs-0.4-h36c2ea0_1001.tar.bz2#22dad4df6e8630e8dff2428f6f6a7036
https://conda.anaconda.org/conda-forge/linux-64/x264-1!164.3095-h166bdaf_2.tar.bz2#6c99772d483f566d59e25037fea2c4b1
https://conda.anaconda.org/conda-forge/linux-64/xorg-kbproto-1.0.7-h7f98852_1002.tar.bz2#4b230e8381279d76131116660f5a241a
https://conda.anaconda.org/conda-forge/linux-64/xorg-libice-1.1.1-hd590300_0.conda#b462a33c0be1421532f28bfe8f4a7514
https://conda.anaconda.org/conda-forge/linux-64/xorg-libxau-1.0.11-hd590300_0.conda#2c80dc38fface310c9bd81b17037fee5
https://conda.anaconda.org/conda-forge/linux-64/xorg-libxdmcp-1.1.3-h7f98852_0.tar.bz2#be93aabceefa2fac576e971aef407908
https://conda.anaconda.org/conda-forge/linux-64/xorg-renderproto-0.11.1-h7f98852_1002.tar.bz2#06feff3d2634e3097ce2fe681474b534
https://conda.anaconda.org/conda-forge/linux-64/xorg-xextproto-7.3.0-h0b41bf4_1003.conda#bce9f945da8ad2ae9b1d7165a64d0f87
https://conda.anaconda.org/conda-forge/linux-64/xorg-xproto-7.0.31-h7f98852_1007.tar.bz2#b4a4381d54784606820704f7b5f05a15
https://conda.anaconda.org/conda-forge/linux-64/xxhash-0.8.2-hd590300_0.conda#f08fb5c89edfc4aadee1c81d4cfb1fa1
https://conda.anaconda.org/conda-forge/linux-64/xz-5.2.6-h166bdaf_0.tar.bz2#2161070d867d1b1204ea749c8eec4ef0
https://conda.anaconda.org/conda-forge/linux-64/yaml-0.2.5-h7f98852_2.tar.bz2#4cb3ad778ec2d5a7acbdf254eb1c42ae
https://conda.anaconda.org/conda-forge/linux-64/aom-3.9.1-hac33072_0.conda#346722a0be40f6edc53f12640d301338
https://conda.anaconda.org/conda-forge/linux-64/double-conversion-3.3.0-h59595ed_0.conda#c2f83a5ddadadcdb08fe05863295ee97
https://conda.anaconda.org/conda-forge/linux-64/eigen-3.4.0-h00ab1b0_0.conda#b1b879d6d093f55dd40d58b5eb2f0699
https://conda.anaconda.org/conda-forge/linux-64/expat-2.6.2-h59595ed_0.conda#53fb86322bdb89496d7579fe3f02fd61
https://conda.anaconda.org/conda-forge/linux-64/geos-3.12.1-h59595ed_0.conda#8c0f4f71f5a59ceb0c6fa9f51501066d
https://conda.anaconda.org/conda-forge/linux-64/gmp-6.3.0-hac33072_2.conda#c94a5994ef49749880a8139cf9afcbe1
https://conda.anaconda.org/conda-forge/linux-64/graphite2-1.3.13-h59595ed_1003.conda#f87c7b7c2cb45f323ffbce941c78ab7c
https://conda.anaconda.org/conda-forge/linux-64/hdf4-4.2.15-h2a13503_7.conda#bd77f8da987968ec3927990495dc22e4
https://conda.anaconda.org/conda-forge/linux-64/icu-73.2-h59595ed_0.conda#cc47e1facc155f91abd89b11e48e72ff
https://conda.anaconda.org/conda-forge/linux-64/jsoncpp-1.9.5-h4bd325d_1.tar.bz2#ae7f50dd1e78c7e78b5d2cf7062e559d
https://conda.anaconda.org/conda-forge/linux-64/lerc-4.0.0-h27087fc_0.tar.bz2#76bbff344f0134279f225174e9064c8f
https://conda.anaconda.org/conda-forge/linux-64/libabseil-20240116.2-cxx17_h59595ed_0.conda#682bdbe046a68f749769b492f3625c5c
https://conda.anaconda.org/conda-forge/linux-64/libaec-1.1.3-h59595ed_0.conda#5e97e271911b8b2001a8b71860c32faa
https://conda.anaconda.org/conda-forge/linux-64/libasprintf-0.22.5-h661eb56_2.conda#dd197c968bf9760bba0031888d431ede
https://conda.anaconda.org/conda-forge/linux-64/libbrotlidec-1.1.0-hd590300_1.conda#f07002e225d7a60a694d42a7bf5ff53f
https://conda.anaconda.org/conda-forge/linux-64/libbrotlienc-1.1.0-hd590300_1.conda#5fc11c6020d421960607d821310fcd4d
https://conda.anaconda.org/conda-forge/linux-64/libcap-2.69-h0f662aa_0.conda#25cb5999faa414e5ccb2c1388f62d3d5
https://conda.anaconda.org/conda-forge/linux-64/libdrm-2.4.121-h4ab18f5_0.conda#3bcee3436b1effa9a3caee2b74175c08
https://conda.anaconda.org/conda-forge/linux-64/libedit-3.1.20191231-he28a2e2_2.tar.bz2#4d331e44109e3f0e19b4cb8f9b82f3e1
https://conda.anaconda.org/conda-forge/linux-64/libgettextpo-devel-0.22.5-h59595ed_2.conda#b63d9b6da3653179a278077f0de20014
https://conda.anaconda.org/conda-forge/linux-64/libgfortran-ng-13.2.0-h69a702a_11.conda#4c3e460d6acf8e43e4ce8bf405187eb7
https://conda.anaconda.org/conda-forge/linux-64/libmo_unpack-3.1.2-hf484d3e_1001.tar.bz2#95f32a6a5a666d33886ca5627239f03d
https://conda.anaconda.org/conda-forge/linux-64/libnghttp2-1.58.0-h47da74e_1.conda#700ac6ea6d53d5510591c4344d5c989a
https://conda.anaconda.org/conda-forge/linux-64/libpng-1.6.43-h2797004_0.conda#009981dd9cfcaa4dbfa25ffaed86bcae
https://conda.anaconda.org/conda-forge/linux-64/libsqlite-3.46.0-hde9e2c9_0.conda#18aa975d2094c34aef978060ae7da7d8
https://conda.anaconda.org/conda-forge/linux-64/libssh2-1.11.0-h0841786_0.conda#1f5a58e686b13bcfde88b93f547d23fe
https://conda.anaconda.org/conda-forge/linux-64/libudunits2-2.2.28-h40f5838_3.conda#4bdace082e911a3e1f1f0b721bed5b56
https://conda.anaconda.org/conda-forge/linux-64/libvorbis-1.3.7-h9c3ff4c_0.tar.bz2#309dec04b70a3cc0f1e84a4013683bc0
https://conda.anaconda.org/conda-forge/linux-64/libvpx-1.14.1-hac33072_0.conda#cde393f461e0c169d9ffb2fc70f81c33
https://conda.anaconda.org/conda-forge/linux-64/libxcb-1.15-h0b41bf4_0.conda#33277193f5b92bad9fdd230eb700929c
https://conda.anaconda.org/conda-forge/linux-64/libzip-1.10.1-h2629f0a_3.conda#ac79812548e7e8cf61f7b0abdef01d3b
https://conda.anaconda.org/conda-forge/linux-64/lz4-c-1.9.4-hcb278e6_0.conda#318b08df404f9c9be5712aaa5a6f0bb0
https://conda.anaconda.org/conda-forge/linux-64/mpg123-1.32.6-h59595ed_0.conda#9160cdeb523a1b20cf8d2a0bf821f45d
https://conda.anaconda.org/conda-forge/linux-64/mysql-common-8.3.0-hf1915f5_4.conda#784a4df6676c581ca624fbe460703a6d
https://conda.anaconda.org/conda-forge/linux-64/openh264-2.4.1-h59595ed_0.conda#3dfcf61b8e78af08110f5229f79580af
https://conda.anaconda.org/conda-forge/linux-64/p11-kit-0.24.1-hc5aa10d_0.tar.bz2#56ee94e34b71742bbdfa832c974e47a8
https://conda.anaconda.org/conda-forge/linux-64/pcre2-10.43-hcad00b1_0.conda#8292dea9e022d9610a11fce5e0896ed8
https://conda.anaconda.org/conda-forge/linux-64/pixman-0.43.2-h59595ed_0.conda#71004cbf7924e19c02746ccde9fd7123
https://conda.anaconda.org/conda-forge/linux-64/pugixml-1.14-h59595ed_0.conda#2c97dd90633508b422c11bd3018206ab
https://conda.anaconda.org/conda-forge/linux-64/readline-8.2-h8228510_1.conda#47d31b792659ce70f470b5c82fdfb7a4
https://conda.anaconda.org/conda-forge/linux-64/snappy-1.2.0-hdb0a2a9_1.conda#843bbb8ace1d64ac50d64639ff38b014
https://conda.anaconda.org/conda-forge/linux-64/svt-av1-2.1.0-hac33072_0.conda#2a08edb7cd75e56623f2712292a97325
https://conda.anaconda.org/conda-forge/linux-64/tk-8.6.13-noxft_h4845f30_101.conda#d453b98d9c83e71da0741bb0ff4d76bc
https://conda.anaconda.org/conda-forge/linux-64/wayland-1.23.0-h5291e77_0.conda#c13ca0abd5d1d31d0eebcf86d51da8a4
https://conda.anaconda.org/conda-forge/linux-64/x265-3.5-h924138e_3.tar.bz2#e7f6ed84d4623d52ee581325c1587a6b
https://conda.anaconda.org/conda-forge/linux-64/xorg-fixesproto-5.0-h7f98852_1002.tar.bz2#65ad6e1eb4aed2b0611855aff05e04f6
https://conda.anaconda.org/conda-forge/linux-64/xorg-libsm-1.2.4-h7391055_0.conda#93ee23f12bc2e684548181256edd2cf6
https://conda.anaconda.org/conda-forge/linux-64/zlib-1.2.13-h4ab18f5_6.conda#559d338a4234c2ad6e676f460a093e67
https://conda.anaconda.org/conda-forge/linux-64/zstd-1.5.6-ha6fb4c9_0.conda#4d056880988120e29d75bfff282e0f45
https://conda.anaconda.org/conda-forge/linux-64/blosc-1.21.5-hc2324a3_1.conda#11d76bee958b1989bd1ac6ee7372ea6d
https://conda.anaconda.org/conda-forge/linux-64/brotli-bin-1.1.0-hd590300_1.conda#39f910d205726805a958da408ca194ba
https://conda.anaconda.org/conda-forge/linux-64/freetype-2.12.1-h267a509_2.conda#9ae35c3d96db2c94ce0cef86efdfa2cb
https://conda.anaconda.org/conda-forge/linux-64/gl2ps-1.4.2-h0708190_0.tar.bz2#438718bf8921ac70956d919d0e2cc487
https://conda.anaconda.org/conda-forge/linux-64/krb5-1.21.2-h659d440_0.conda#cd95826dbd331ed1be26bdf401432844
https://conda.anaconda.org/conda-forge/linux-64/libasprintf-devel-0.22.5-h661eb56_2.conda#02e41ab5834dcdcc8590cf29d9526f50
https://conda.anaconda.org/conda-forge/linux-64/libglib-2.80.2-hf974151_0.conda#72724f6a78ecb15559396966226d5838
https://conda.anaconda.org/conda-forge/linux-64/libopenblas-0.3.27-pthreads_h413a1c8_0.conda#a356024784da6dfd4683dc5ecf45b155
https://conda.anaconda.org/conda-forge/linux-64/libprotobuf-4.25.3-h08a7969_0.conda#6945825cebd2aeb16af4c69d97c32c13
https://conda.anaconda.org/conda-forge/linux-64/libtheora-1.1.1-h7f98852_1005.tar.bz2#1a7c35f56343b7e9e8db20b296c7566c
https://conda.anaconda.org/conda-forge/linux-64/libtiff-4.6.0-h1dd3fc0_3.conda#66f03896ffbe1a110ffda05c7a856504
https://conda.anaconda.org/conda-forge/linux-64/libxml2-2.12.7-hc051c1a_1.conda#340278ded8b0dc3a73f3660bbb0adbc6
https://conda.anaconda.org/conda-forge/linux-64/mysql-libs-8.3.0-hca2cd23_4.conda#1b50eebe2a738a3146c154d2eceaa8b6
https://conda.anaconda.org/conda-forge/linux-64/python-3.10.14-hd12c33a_0_cpython.conda#2b4ba962994e8bd4be9ff5b64b75aff2
https://conda.anaconda.org/conda-forge/linux-64/sqlite-3.46.0-h6d4b2fc_0.conda#77ea8dff5cf8550cc8f5629a6af56323
https://conda.anaconda.org/conda-forge/linux-64/udunits2-2.2.28-h40f5838_3.conda#6bb8deb138f87c9d48320ac21b87e7a1
https://conda.anaconda.org/conda-forge/linux-64/xcb-util-0.4.0-hd590300_1.conda#9bfac7ccd94d54fd21a0501296d60424
https://conda.anaconda.org/conda-forge/linux-64/xcb-util-keysyms-0.4.0-h8ee46fc_1.conda#632413adcd8bc16b515cab87a2932913
https://conda.anaconda.org/conda-forge/linux-64/xcb-util-renderutil-0.3.9-hd590300_1.conda#e995b155d938b6779da6ace6c6b13816
https://conda.anaconda.org/conda-forge/linux-64/xcb-util-wm-0.4.1-h8ee46fc_1.conda#90108a432fb5c6150ccfee3f03388656
https://conda.anaconda.org/conda-forge/linux-64/xorg-libx11-1.8.9-h8ee46fc_0.conda#077b6e8ad6a3ddb741fce2496dd01bec
https://conda.anaconda.org/conda-forge/noarch/alabaster-0.7.16-pyhd8ed1ab_0.conda#def531a3ac77b7fb8c21d17bb5d0badb
https://conda.anaconda.org/conda-forge/noarch/antlr-python-runtime-4.11.1-pyhd8ed1ab_0.tar.bz2#15109c4977d39ad7aa3423f57243e286
https://conda.anaconda.org/conda-forge/linux-64/atk-1.0-2.38.0-h04ea711_2.conda#f730d54ba9cd543666d7220c9f7ed563
https://conda.anaconda.org/conda-forge/noarch/attrs-23.2.0-pyh71513ae_0.conda#5e4c0743c70186509d1412e03c2d8dfa
https://conda.anaconda.org/conda-forge/linux-64/brotli-1.1.0-hd590300_1.conda#f27a24d46e3ea7b70a1f98e50c62508f
https://conda.anaconda.org/conda-forge/linux-64/brotli-python-1.1.0-py310hc6cd4ac_1.conda#1f95722c94f00b69af69a066c7433714
https://conda.anaconda.org/conda-forge/noarch/certifi-2024.6.2-pyhd8ed1ab_0.conda#8821ec1c8fcdc9e1d291d7b9f6e9968a
https://conda.anaconda.org/conda-forge/noarch/cfgv-3.3.1-pyhd8ed1ab_0.tar.bz2#ebb5f5f7dc4f1a3780ef7ea7738db08c
https://conda.anaconda.org/conda-forge/noarch/charset-normalizer-3.3.2-pyhd8ed1ab_0.conda#7f4a9e3fcff3f6356ae99244a014da6a
https://conda.anaconda.org/conda-forge/noarch/click-8.1.7-unix_pyh707e725_0.conda#f3ad426304898027fc619827ff428eca
https://conda.anaconda.org/conda-forge/noarch/cloudpickle-3.0.0-pyhd8ed1ab_0.conda#753d29fe41bb881e4b9c004f0abf973f
https://conda.anaconda.org/conda-forge/noarch/colorama-0.4.6-pyhd8ed1ab_0.tar.bz2#3faab06a954c2a04039983f2c4a50d99
https://conda.anaconda.org/conda-forge/noarch/colorcet-3.1.0-pyhd8ed1ab_0.conda#4d155b600b63bc6ba89d91fab74238f8
https://conda.anaconda.org/conda-forge/noarch/cycler-0.12.1-pyhd8ed1ab_0.conda#5cd86562580f274031ede6aa6aa24441
https://conda.anaconda.org/conda-forge/linux-64/cython-3.0.10-py310hc6cd4ac_0.conda#bd1d71ee240be36f1d85c86177d6964f
https://conda.anaconda.org/conda-forge/linux-64/dbus-1.13.6-h5008d03_3.tar.bz2#ecfff944ba3960ecb334b9a2663d708d
https://conda.anaconda.org/conda-forge/noarch/distlib-0.3.8-pyhd8ed1ab_0.conda#db16c66b759a64dc5183d69cc3745a52
https://conda.anaconda.org/conda-forge/noarch/docutils-0.21.2-pyhd8ed1ab_0.conda#e8cd5d629f65bdf0f3bb312cde14659e
https://conda.anaconda.org/conda-forge/noarch/exceptiongroup-1.2.0-pyhd8ed1ab_2.conda#8d652ea2ee8eaee02ed8dc820bc794aa
https://conda.anaconda.org/conda-forge/noarch/execnet-2.1.1-pyhd8ed1ab_0.conda#15dda3cdbf330abfe9f555d22f66db46
https://conda.anaconda.org/conda-forge/noarch/filelock-3.15.3-pyhd8ed1ab_0.conda#eae681f708bd52d9d172bd5c9af23898
https://conda.anaconda.org/conda-forge/linux-64/fontconfig-2.14.2-h14ed4e7_0.conda#0f69b688f52ff6da70bccb7ff7001d1d
https://conda.anaconda.org/conda-forge/linux-64/frozenlist-1.4.1-py310h2372a71_0.conda#f20cd4d9c1f4a8377d0818c819918bbb
https://conda.anaconda.org/conda-forge/noarch/fsspec-2024.6.0-pyhff2d567_0.conda#ad6af3f92e71b1579ac2362b6cf29105
https://conda.anaconda.org/conda-forge/linux-64/gdk-pixbuf-2.42.12-hb9ae30d_0.conda#201db6c2d9a3c5e46573ac4cb2e92f4f
https://conda.anaconda.org/conda-forge/linux-64/gettext-0.22.5-h59595ed_2.conda#219ba82e95d7614cf7140d2a4afc0926
https://conda.anaconda.org/conda-forge/linux-64/glib-tools-2.80.2-hb6ce0ca_0.conda#a965aeaf060289528a3fbe09326edae2
https://conda.anaconda.org/conda-forge/linux-64/gts-0.7.6-h977cf35_4.conda#4d8df0b0db060d33c9a702ada998a8fe
https://conda.anaconda.org/conda-forge/noarch/idna-3.7-pyhd8ed1ab_0.conda#c0cc1420498b17414d8617d0b9f506ca
https://conda.anaconda.org/conda-forge/noarch/imagesize-1.4.1-pyhd8ed1ab_0.tar.bz2#7de5386c8fea29e76b303f37dde4c352
https://conda.anaconda.org/conda-forge/noarch/iniconfig-2.0.0-pyhd8ed1ab_0.conda#f800d2da156d08e289b14e87e43c1ae5
https://conda.anaconda.org/conda-forge/noarch/iris-sample-data-2.4.0-pyhd8ed1ab_0.tar.bz2#18ee9c07cf945a33f92caf1ee3d23ad9
https://conda.anaconda.org/conda-forge/linux-64/kiwisolver-1.4.5-py310hd41b1e2_1.conda#b8d67603d43b23ce7e988a5d81a7ab79
https://conda.anaconda.org/conda-forge/linux-64/lcms2-2.16-hb7c19ff_0.conda#51bb7010fc86f70eee639b4bb7a894f5
https://conda.anaconda.org/conda-forge/linux-64/libblas-3.9.0-22_linux64_openblas.conda#1a2a0cd3153464fee6646f3dd6dad9b8
https://conda.anaconda.org/conda-forge/linux-64/libcups-2.3.3-h4637d8d_4.conda#d4529f4dff3057982a7617c7ac58fde3
https://conda.anaconda.org/conda-forge/linux-64/libcurl-8.8.0-hca28451_0.conda#f21c27f076a07907e70c49bb57bd0f20
https://conda.anaconda.org/conda-forge/linux-64/libhwloc-2.10.0-default_h5622ce7_1001.conda#fc2d5b79c2d3f8568fbab31db7ae02f3
https://conda.anaconda.org/conda-forge/linux-64/libllvm18-18.1.7-hb77312f_0.conda#bc0ea7e1f75a9b1c8467597fbbd9f86b
https://conda.anaconda.org/conda-forge/linux-64/libpq-16.3-ha72fbe1_0.conda#bac737ae28b79cfbafd515258d97d29e
https://conda.anaconda.org/conda-forge/linux-64/libwebp-1.4.0-h2c329e2_0.conda#80030debaa84cfc31755d53742df3ca6
https://conda.anaconda.org/conda-forge/noarch/locket-1.0.0-pyhd8ed1ab_0.tar.bz2#91e27ef3d05cc772ce627e51cff111c4
https://conda.anaconda.org/conda-forge/linux-64/loguru-0.7.2-py310hff52083_1.conda#157e6221a079a60c7f6f6fcb87c722aa
https://conda.anaconda.org/conda-forge/linux-64/markupsafe-2.1.5-py310h2372a71_0.conda#f6703fa0214a00bf49d1bef6dc7672d0
https://conda.anaconda.org/conda-forge/linux-64/msgpack-python-1.0.8-py310h25c7140_0.conda#ad681a3290620ca6196bcd46ed3101cd
https://conda.anaconda.org/conda-forge/linux-64/multidict-6.0.5-py310h2372a71_0.conda#d4c91d19e4f2f18b64753ac660edad79
https://conda.anaconda.org/conda-forge/noarch/munkres-1.1.4-pyh9f0ad1d_0.tar.bz2#2ba8498c1018c1e9c61eb99b973dfe19
https://conda.anaconda.org/conda-forge/linux-64/openjpeg-2.5.2-h488ebb8_0.conda#7f2e286780f072ed750df46dc2631138
https://conda.anaconda.org/conda-forge/noarch/packaging-24.1-pyhd8ed1ab_0.conda#cbe1bb1f21567018ce595d9c2be0f0db
https://conda.anaconda.org/conda-forge/noarch/platformdirs-4.2.2-pyhd8ed1ab_0.conda#6f6cf28bf8e021933869bae3f84b8fc9
https://conda.anaconda.org/conda-forge/noarch/pluggy-1.5.0-pyhd8ed1ab_0.conda#d3483c8fc2dc2cc3f5cf43e26d60cabf
https://conda.anaconda.org/conda-forge/linux-64/psutil-5.9.8-py310h2372a71_0.conda#bd19b3096442ea342c4a5208379660b1
https://conda.anaconda.org/conda-forge/noarch/pycparser-2.22-pyhd8ed1ab_0.conda#844d9eb3b43095b031874477f7d70088
https://conda.anaconda.org/conda-forge/noarch/pygments-2.18.0-pyhd8ed1ab_0.conda#b7f5c092b8f9800150d998a71b76d5a1
https://conda.anaconda.org/conda-forge/noarch/pyparsing-3.1.2-pyhd8ed1ab_0.conda#b9a4dacf97241704529131a0dfc0494f
https://conda.anaconda.org/conda-forge/noarch/pyshp-2.3.1-pyhd8ed1ab_0.tar.bz2#92a889dc236a5197612bc85bee6d7174
https://conda.anaconda.org/conda-forge/noarch/pysocks-1.7.1-pyha2e5f31_6.tar.bz2#2a7de29fb590ca14b5243c4c812c8025
https://conda.anaconda.org/conda-forge/noarch/python-tzdata-2024.1-pyhd8ed1ab_0.conda#98206ea9954216ee7540f0c773f2104d
https://conda.anaconda.org/conda-forge/linux-64/python-xxhash-3.4.1-py310h2372a71_0.conda#b631b889b0b4bc2fca7b8b977ca484b2
https://conda.anaconda.org/conda-forge/noarch/pytz-2024.1-pyhd8ed1ab_0.conda#3eeeeb9e4827ace8c0c1419c85d590ad
https://conda.anaconda.org/conda-forge/linux-64/pyyaml-6.0.1-py310h2372a71_1.conda#bb010e368de4940771368bc3dc4c63e7
https://conda.anaconda.org/conda-forge/noarch/scooby-0.10.0-pyhd8ed1ab_0.conda#9e57330f431abbb4c88a5f898a4ba223
https://conda.anaconda.org/conda-forge/noarch/setuptools-70.1.0-pyhd8ed1ab_0.conda#258e66f95f814d51ada2a1fe9274039b
https://conda.anaconda.org/conda-forge/noarch/six-1.16.0-pyh6c4a22f_0.tar.bz2#e5f25f8dbc060e9a8d912e432202afc2
https://conda.anaconda.org/conda-forge/noarch/snowballstemmer-2.2.0-pyhd8ed1ab_0.tar.bz2#4d22a9315e78c6827f806065957d566e
https://conda.anaconda.org/conda-forge/noarch/sortedcontainers-2.4.0-pyhd8ed1ab_0.tar.bz2#6d6552722448103793743dabfbda532d
https://conda.anaconda.org/conda-forge/noarch/soupsieve-2.5-pyhd8ed1ab_1.conda#3f144b2c34f8cb5a9abd9ed23a39c561
https://conda.anaconda.org/conda-forge/noarch/sphinxcontrib-jsmath-1.0.1-pyhd8ed1ab_0.conda#da1d979339e2714c30a8e806a33ec087
https://conda.anaconda.org/conda-forge/noarch/tblib-3.0.0-pyhd8ed1ab_0.conda#04eedddeb68ad39871c8127dd1c21f4f
https://conda.anaconda.org/conda-forge/noarch/toml-0.10.2-pyhd8ed1ab_0.tar.bz2#f832c45a477c78bebd107098db465095
https://conda.anaconda.org/conda-forge/noarch/tomli-2.0.1-pyhd8ed1ab_0.tar.bz2#5844808ffab9ebdb694585b50ba02a96
https://conda.anaconda.org/conda-forge/noarch/toolz-0.12.1-pyhd8ed1ab_0.conda#2fcb582444635e2c402e8569bb94e039
https://conda.anaconda.org/conda-forge/linux-64/tornado-6.4.1-py310hc51659f_0.conda#c5a6aac4a1e0989986d9f06b3c2be2a0
https://conda.anaconda.org/conda-forge/noarch/typing_extensions-4.12.2-pyha770c72_0.conda#ebe6952715e1d5eb567eeebf25250fa7
https://conda.anaconda.org/conda-forge/linux-64/unicodedata2-15.1.0-py310h2372a71_0.conda#72637c58d36d9475fda24700c9796f19
https://conda.anaconda.org/conda-forge/noarch/wheel-0.43.0-pyhd8ed1ab_1.conda#0b5293a157c2b5cd513dd1b03d8d3aae
https://conda.anaconda.org/conda-forge/linux-64/xcb-util-image-0.4.0-h8ee46fc_1.conda#9d7bcddf49cbf727730af10e71022c73
https://conda.anaconda.org/conda-forge/linux-64/xkeyboard-config-2.42-h4ab18f5_0.conda#b193af204da1bfb8c13882d131a14bd2
https://conda.anaconda.org/conda-forge/linux-64/xorg-libxext-1.3.4-h0b41bf4_2.conda#82b6df12252e6f32402b96dacc656fec
https://conda.anaconda.org/conda-forge/linux-64/xorg-libxfixes-5.0.3-h7f98852_1004.tar.bz2#e9a21aa4d5e3e5f1aed71e8cefd46b6a
https://conda.anaconda.org/conda-forge/linux-64/xorg-libxrender-0.9.11-hd590300_0.conda#ed67c36f215b310412b2af935bf3e530
https://conda.anaconda.org/conda-forge/linux-64/xorg-libxt-1.3.0-hd590300_1.conda#ae92aab42726eb29d16488924f7312cb
https://conda.anaconda.org/conda-forge/noarch/zict-3.0.0-pyhd8ed1ab_0.conda#cf30c2c15b82aacb07f9c09e28ff2275
https://conda.anaconda.org/conda-forge/noarch/zipp-3.19.2-pyhd8ed1ab_0.conda#49808e59df5535116f6878b2a820d6f4
https://conda.anaconda.org/conda-forge/noarch/accessible-pygments-0.0.5-pyhd8ed1ab_0.conda#1bb1ef9806a9a20872434f58b3e7fc1a
https://conda.anaconda.org/conda-forge/noarch/aiosignal-1.3.1-pyhd8ed1ab_0.tar.bz2#d1e1eb7e21a9e2c74279d87dafb68156
https://conda.anaconda.org/conda-forge/noarch/babel-2.14.0-pyhd8ed1ab_0.conda#9669586875baeced8fc30c0826c3270e
https://conda.anaconda.org/conda-forge/noarch/beautifulsoup4-4.12.3-pyha770c72_0.conda#332493000404d8411859539a5a630865
https://conda.anaconda.org/conda-forge/linux-64/cairo-1.18.0-h3faef2a_0.conda#f907bb958910dc404647326ca80c263e
https://conda.anaconda.org/conda-forge/linux-64/cffi-1.16.0-py310h2fee648_0.conda#45846a970e71ac98fd327da5d40a0a2c
https://conda.anaconda.org/conda-forge/noarch/click-default-group-1.2.4-pyhd8ed1ab_0.conda#7c2b6931f9b3548ed78478332095c3e9
https://conda.anaconda.org/conda-forge/linux-64/coverage-7.5.3-py310hc51659f_0.conda#4be0e55c0f724d339be3d4dc9dfc5752
https://conda.anaconda.org/conda-forge/linux-64/cytoolz-0.12.3-py310h2372a71_0.conda#21362970a6fea90ca507c253c20465f2
https://conda.anaconda.org/conda-forge/linux-64/fonttools-4.53.0-py310hc51659f_0.conda#0b6cd00b80d5af0bbfa261606ed56a18
https://conda.anaconda.org/conda-forge/linux-64/glib-2.80.2-hf974151_0.conda#d427988dc3dbd0a4c136f52db356cc6a
https://conda.anaconda.org/conda-forge/linux-64/hdf5-1.14.3-nompi_hdf9ad27_105.conda#7e1729554e209627636a0f6fabcdd115
https://conda.anaconda.org/conda-forge/noarch/importlib-metadata-7.2.0-pyha770c72_0.conda#e1d9f6dc77209defc283bdf61588e968
https://conda.anaconda.org/conda-forge/noarch/jinja2-3.1.4-pyhd8ed1ab_0.conda#7b86ecb7d3557821c649b3c31e3eb9f2
https://conda.anaconda.org/conda-forge/linux-64/libcblas-3.9.0-22_linux64_openblas.conda#4b31699e0ec5de64d5896e580389c9a1
https://conda.anaconda.org/conda-forge/linux-64/libclang-cpp18.1-18.1.7-default_h9bb3924_0.conda#bff3d36fbd1b1a2f1e6d34aa3eb6b58c
https://conda.anaconda.org/conda-forge/linux-64/libclang13-18.1.7-default_h087397f_0.conda#536526073c2e7f9056fdce8584da779e
https://conda.anaconda.org/conda-forge/linux-64/libflac-1.4.3-h59595ed_0.conda#ee48bf17cc83a00f59ca1494d5646869
https://conda.anaconda.org/conda-forge/linux-64/libgd-2.3.3-h119a65a_9.conda#cfebc557e54905dadc355c0e9f003004
https://conda.anaconda.org/conda-forge/linux-64/libglu-9.0.0-hac7e632_1003.conda#50c389a09b6b7babaef531eb7cb5e0ca
https://conda.anaconda.org/conda-forge/linux-64/libgpg-error-1.49-h4f305b6_0.conda#dfcfd72c7a430d3616763ecfbefe4ca9
https://conda.anaconda.org/conda-forge/linux-64/libidn2-2.3.7-hd590300_0.conda#2b7b0d827c6447cc1d85dc06d5b5de46
https://conda.anaconda.org/conda-forge/linux-64/liblapack-3.9.0-22_linux64_openblas.conda#b083767b6c877e24ee597d93b87ab838
https://conda.anaconda.org/conda-forge/linux-64/libva-2.21.0-h4ab18f5_2.conda#109300f4eeeb8a61498283565106b474
https://conda.anaconda.org/conda-forge/linux-64/libxkbcommon-1.7.0-h662e7e4_0.conda#b32c0da42b1f24a98577bb3d7fc0b995
https://conda.anaconda.org/conda-forge/noarch/nodeenv-1.9.1-pyhd8ed1ab_0.conda#dfe0528d0f1c16c1f7c528ea5536ab30
https://conda.anaconda.org/conda-forge/noarch/partd-1.4.2-pyhd8ed1ab_0.conda#0badf9c54e24cecfb0ad2f99d680c163
https://conda.anaconda.org/conda-forge/linux-64/pillow-10.3.0-py310hf73ecf8_0.conda#1de56cf017dfd02aa84093206a0141a8
https://conda.anaconda.org/conda-forge/noarch/pip-24.0-pyhd8ed1ab_0.conda#f586ac1e56c8638b64f9c8122a7b8a67
https://conda.anaconda.org/conda-forge/linux-64/proj-9.3.1-h1d62c97_0.conda#44ec51d0857d9be26158bb85caa74fdb
https://conda.anaconda.org/conda-forge/noarch/pytest-8.2.2-pyhd8ed1ab_0.conda#0f3f49c22c7ef3a1195fa61dad3c43be
https://conda.anaconda.org/conda-forge/noarch/python-dateutil-2.9.0-pyhd8ed1ab_0.conda#2cf4264fffb9e6eff6031c5b6884d61c
https://conda.anaconda.org/conda-forge/linux-64/tbb-2021.12.0-h297d8ca_1.conda#3ff978d8994f591818a506640c6a7071
https://conda.anaconda.org/conda-forge/noarch/typing-extensions-4.12.2-hd8ed1ab_0.conda#52d648bd608f5737b123f510bb5514b5
https://conda.anaconda.org/conda-forge/noarch/urllib3-2.2.2-pyhd8ed1ab_0.conda#92cdb6fe54b78739ad70637e4f0deb07
https://conda.anaconda.org/conda-forge/noarch/virtualenv-20.26.2-pyhd8ed1ab_0.conda#7d36e7a485ea2f5829408813bdbbfb38
https://conda.anaconda.org/conda-forge/linux-64/xcb-util-cursor-0.1.4-hd590300_1.conda#1ecae8461689e44fe0f0e3d18e58e799
https://conda.anaconda.org/conda-forge/linux-64/yarl-1.9.4-py310h2372a71_0.conda#4ad35c8f6a64a6ab708780dad603aef4
https://conda.anaconda.org/conda-forge/noarch/asv_runner-0.2.1-pyhd8ed1ab_0.conda#fdcbeb072c80c805a2ededaa5f91cd79
https://conda.anaconda.org/conda-forge/noarch/async-timeout-4.0.3-pyhd8ed1ab_0.conda#3ce482ec3066e6d809dbbb1d1679f215
https://conda.anaconda.org/conda-forge/linux-64/glew-2.1.0-h9c3ff4c_2.tar.bz2#fb05eb5c47590b247658243d27fc32f1
https://conda.anaconda.org/conda-forge/linux-64/gnutls-3.7.9-hb077bed_0.conda#33eded89024f21659b1975886a4acf70
https://conda.anaconda.org/conda-forge/linux-64/gstreamer-1.24.4-haf2f30d_0.conda#926c2c7ee7a0b48d6d70783a33f7bc80
https://conda.anaconda.org/conda-forge/linux-64/harfbuzz-8.5.0-hfac3d4d_0.conda#f5126317dd0ce0ba26945e411ecc6960
https://conda.anaconda.org/conda-forge/noarch/importlib_metadata-7.2.0-hd8ed1ab_0.conda#3de0087b2b86443cfae650dea6ecec6f
https://conda.anaconda.org/conda-forge/linux-64/libgcrypt-1.10.3-hd590300_0.conda#32d16ad533c59bb0a3c5ffaf16110829
https://conda.anaconda.org/conda-forge/linux-64/libnetcdf-4.9.2-nompi_h135f659_114.conda#a908e463c710bd6b10a9eaa89fdf003c
https://conda.anaconda.org/conda-forge/linux-64/libopenvino-2024.1.0-h2da1b83_7.conda#692bb11510bfceb34723c5115045096e
https://conda.anaconda.org/conda-forge/linux-64/libsndfile-1.2.2-hc60ed4a_1.conda#ef1910918dd895516a769ed36b5b3a4e
https://conda.anaconda.org/conda-forge/linux-64/numpy-1.26.4-py310hb13e2d6_0.conda#6593de64c935768b6bad3e19b3e978be
https://conda.anaconda.org/conda-forge/noarch/pbr-6.0.0-pyhd8ed1ab_0.conda#8dbab5ba746ed14aa32cb232dc437f8f
https://conda.anaconda.org/conda-forge/linux-64/pyproj-3.6.1-py310hd5c30f3_5.conda#dc2ee770a2299307f3c127af79160d25
https://conda.anaconda.org/conda-forge/noarch/pytest-cov-5.0.0-pyhd8ed1ab_0.conda#c54c0107057d67ddf077751339ec2c63
https://conda.anaconda.org/conda-forge/noarch/pytest-xdist-3.6.1-pyhd8ed1ab_0.conda#b39568655c127a9c4a44d178ac99b6d0
https://conda.anaconda.org/conda-forge/noarch/requests-2.32.3-pyhd8ed1ab_0.conda#5ede4753180c7a550a443c430dc8ab52
https://conda.anaconda.org/conda-forge/noarch/setuptools-scm-8.1.0-pyhd8ed1ab_0.conda#ba9f7f0ec4f2a18de3e7bce67c4a431e
https://conda.anaconda.org/conda-forge/linux-64/tbb-devel-2021.12.0-h7c56ddd_1.conda#f896f49efc2e33ab5d4d3690bb4f32ef
https://conda.anaconda.org/conda-forge/linux-64/ukkonen-1.0.1-py310hd41b1e2_4.conda#35e87277fba9944b8a975113538bb5df
https://conda.anaconda.org/conda-forge/linux-64/aiohttp-3.9.5-py310h2372a71_0.conda#00b6dda5bb36ac4226a051db2d406d22
https://conda.anaconda.org/conda-forge/linux-64/cftime-1.6.4-py310h261611a_0.conda#5c0e2cd80ceab2ac5201459cc016b88b
https://conda.anaconda.org/conda-forge/noarch/colorspacious-1.1.2-pyh24bf2e0_0.tar.bz2#b73afa0d009a51cabd3ec99c4d2ef4f3
https://conda.anaconda.org/conda-forge/linux-64/contourpy-1.2.1-py310hd41b1e2_0.conda#60ee50b1968f802f2a487ba36d4cce0d
https://conda.anaconda.org/conda-forge/noarch/dask-core-2024.6.2-pyhd8ed1ab_0.conda#048ca0ec2cd1f3995d2d36dec0efd99a
https://conda.anaconda.org/conda-forge/linux-64/gst-plugins-base-1.24.4-h9ad1361_0.conda#147cce520ec59367549fd0d96d404213
https://conda.anaconda.org/conda-forge/noarch/identify-2.5.36-pyhd8ed1ab_0.conda#ba68cb5105760379432cebc82b45af40
https://conda.anaconda.org/conda-forge/linux-64/libass-0.17.1-h8fe9dca_1.conda#c306fd9cc90c0585171167d09135a827
https://conda.anaconda.org/conda-forge/linux-64/libopenvino-auto-batch-plugin-2024.1.0-hb045406_7.conda#d83d6787a9a002b626e20de84719da64
https://conda.anaconda.org/conda-forge/linux-64/libopenvino-auto-plugin-2024.1.0-hb045406_7.conda#928f79281dbcc73e8e8fc2096b993b97
https://conda.anaconda.org/conda-forge/linux-64/libopenvino-hetero-plugin-2024.1.0-h5c03a75_7.conda#34db2a8d0504a807a735da48234e2a1d
https://conda.anaconda.org/conda-forge/linux-64/libopenvino-intel-cpu-plugin-2024.1.0-h2da1b83_7.conda#22ef5cad44c9e3caecbee37465c33fca
https://conda.anaconda.org/conda-forge/linux-64/libopenvino-intel-gpu-plugin-2024.1.0-h2da1b83_7.conda#98d53dafdd090d01ae50719eabe374e7
https://conda.anaconda.org/conda-forge/linux-64/libopenvino-intel-npu-plugin-2024.1.0-he02047a_7.conda#e766c8a98f4efef2e9be7146fad9b6f2
https://conda.anaconda.org/conda-forge/linux-64/libopenvino-ir-frontend-2024.1.0-h5c03a75_7.conda#1eb037f090cb525857b01702b2afb6a0
https://conda.anaconda.org/conda-forge/linux-64/libopenvino-onnx-frontend-2024.1.0-h07e8aee_7.conda#019fb9bcd7ce0178fa85f3c610efb8c3
https://conda.anaconda.org/conda-forge/linux-64/libopenvino-paddle-frontend-2024.1.0-h07e8aee_7.conda#991c28a11b0ace4b340a445b538cece8
https://conda.anaconda.org/conda-forge/linux-64/libopenvino-pytorch-frontend-2024.1.0-he02047a_7.conda#2b231b8cdbd2495706526ac1ab3c821c
https://conda.anaconda.org/conda-forge/linux-64/libopenvino-tensorflow-frontend-2024.1.0-h39126c6_7.conda#d6aac92f4b03be8c86b09f40e1f5263a
https://conda.anaconda.org/conda-forge/linux-64/libopenvino-tensorflow-lite-frontend-2024.1.0-he02047a_7.conda#f7a46aa4f5c53423bf3e036da8c1b632
https://conda.anaconda.org/conda-forge/linux-64/libsystemd0-255-h3516f8a_1.conda#3366af27f0b593544a6cd453c7932ac5
https://conda.anaconda.org/conda-forge/linux-64/mo_pack-0.3.0-py310h2372a71_1.conda#dfcf64f67961eb9686676f96fdb4b4d1
https://conda.anaconda.org/conda-forge/linux-64/netcdf-fortran-4.6.1-nompi_h228c76a_104.conda#91bc3ac73308181d55a09d9e4aeb4496
https://conda.anaconda.org/conda-forge/linux-64/pandas-2.2.2-py310hf9f9076_1.conda#18100768350158f1795ab9ad7d06d5ca
https://conda.anaconda.org/conda-forge/linux-64/pango-1.54.0-h84a9a3c_0.conda#7c51e110b2f059c0843269d3324e4b22
https://conda.anaconda.org/conda-forge/noarch/pooch-1.8.2-pyhd8ed1ab_0.conda#8dab97d8a9616e07d779782995710aed
https://conda.anaconda.org/conda-forge/linux-64/pykdtree-1.3.12-py310h261611a_1.conda#d524e0873c62fcfcc154708772d014df
https://conda.anaconda.org/conda-forge/linux-64/pywavelets-1.4.1-py310h1f7b6fc_1.conda#be6f0382440ccbf9fb01bb19ab1f1fc0
https://conda.anaconda.org/conda-forge/linux-64/scipy-1.13.1-py310h93e2701_0.conda#9a697144b2f3adc88ada6b6201b379c4
https://conda.anaconda.org/conda-forge/linux-64/shapely-2.0.4-py310hec8f0c1_1.conda#baf9a1e8de78418d988232388dc309dc
https://conda.anaconda.org/conda-forge/noarch/sphinxcontrib-apidoc-0.3.0-py_1.tar.bz2#855b087883443abb10f5faf6eef40860
https://conda.anaconda.org/conda-forge/linux-64/cf-units-3.2.0-py310h261611a_5.conda#643414a9f73226b2a6a43a4800734d3b
https://conda.anaconda.org/conda-forge/noarch/distributed-2024.6.2-pyhd8ed1ab_0.conda#eecb4c188864376d2b45a5afc4bcb2fa
https://conda.anaconda.org/conda-forge/linux-64/esmf-8.6.1-nompi_h0a5817f_2.conda#e23c62f75f67166cf4ca137fc8bcdce7
https://conda.anaconda.org/conda-forge/linux-64/ffmpeg-6.1.1-gpl_he44c6f3_112.conda#51a49318bcd4e848e867a5b9ea5b6545
https://conda.anaconda.org/conda-forge/linux-64/gtk2-2.24.33-h280cfa0_4.conda#410f86e58e880dcc7b0e910a8e89c05c
https://conda.anaconda.org/conda-forge/noarch/imagehash-4.3.1-pyhd8ed1ab_0.tar.bz2#132ad832787a2156be1f1b309835001a
https://conda.anaconda.org/conda-forge/linux-64/librsvg-2.58.1-hadf69e7_0.conda#73fc255d740d23da4f554b58dc4909fd
https://conda.anaconda.org/conda-forge/linux-64/matplotlib-base-3.8.4-py310hef631a5_2.conda#b3fa3fc2a0fa8b53b913c94297b12e27
https://conda.anaconda.org/conda-forge/linux-64/netcdf4-1.6.5-nompi_py310h3aa39b3_102.conda#d29d8f13fb26c2851588384a13e3ef4b
https://conda.anaconda.org/conda-forge/noarch/pre-commit-3.7.1-pyha770c72_0.conda#724bc4489c1174fc8e3233b0624fa51f
https://conda.anaconda.org/conda-forge/linux-64/pulseaudio-client-17.0-hb77b528_0.conda#07f45f1be1c25345faddb8db0de8039b
https://conda.anaconda.org/conda-forge/linux-64/python-stratify-0.3.0-py310h261611a_2.conda#62de771a916e107222348d9ae612b0c5
https://conda.anaconda.org/conda-forge/noarch/wslink-2.1.1-pyhd8ed1ab_0.conda#6b1aef9c878c58baa7bb9f0d44457174
https://conda.anaconda.org/conda-forge/linux-64/cartopy-0.23.0-py310hf9f9076_1.conda#dd5c97834c12bae782b35261e0bea7b4
https://conda.anaconda.org/conda-forge/noarch/cmocean-4.0.3-pyhd8ed1ab_0.conda#53df00540de0348ed1b2a62684dd912b
https://conda.anaconda.org/conda-forge/noarch/esmpy-8.6.1-pyhc1e730c_0.conda#25a9661177fd68bfdb4314fd658e5c3b
https://conda.anaconda.org/conda-forge/linux-64/graphviz-11.0.0-hc68bbd7_0.conda#52a531ef95358086a56086c45d97ab75
https://conda.anaconda.org/conda-forge/noarch/nc-time-axis-1.4.1-pyhd8ed1ab_0.tar.bz2#281b58948bf60a2582de9e548bcc5369
https://conda.anaconda.org/conda-forge/linux-64/qt6-main-6.7.1-h2471661_2.conda#ae062fb9d42d41102416a4a7e4adf3d2
https://conda.anaconda.org/conda-forge/linux-64/vtk-base-9.3.0-qt_py310h1234567_200.conda#92032cdac433b25f26e452212d0ccbb4
https://conda.anaconda.org/conda-forge/linux-64/vtk-io-ffmpeg-9.3.0-qt_py310h1234567_200.conda#0bddc34550595fc9f7a889d8d242144f
https://conda.anaconda.org/conda-forge/linux-64/vtk-9.3.0-qt_py310h1234567_200.conda#e26cf1734f47802c0d754c4e7ed671cd
https://conda.anaconda.org/conda-forge/noarch/pyvista-0.43.10-pyhd8ed1ab_0.conda#384286d18f25d9ae3ae07fd9817c7b0d
https://conda.anaconda.org/conda-forge/noarch/geovista-0.4.1-pyhd8ed1ab_0.conda#8dbe5526321fa7f1cb4dbc4f1644dcb3
https://conda.anaconda.org/conda-forge/noarch/pydata-sphinx-theme-0.15.3-pyhd8ed1ab_0.conda#55e445f4fcb07f2471fb0e1102d36488
https://conda.anaconda.org/conda-forge/noarch/sphinx-copybutton-0.5.2-pyhd8ed1ab_0.conda#ac832cc43adc79118cf6e23f1f9b8995
https://conda.anaconda.org/conda-forge/noarch/sphinx-design-0.6.0-pyhd8ed1ab_0.conda#b04f3c04e4f7939c6207dc0c0355f468
https://conda.anaconda.org/conda-forge/noarch/sphinx-gallery-0.16.0-pyhd8ed1ab_0.conda#add28691ee89e875b190eda07929d5d4
https://conda.anaconda.org/conda-forge/noarch/sphinxcontrib-applehelp-1.0.8-pyhd8ed1ab_0.conda#611a35a27914fac3aa37611a6fe40bb5
https://conda.anaconda.org/conda-forge/noarch/sphinxcontrib-devhelp-1.0.6-pyhd8ed1ab_0.conda#d7e4954df0d3aea2eacc7835ad12671d
https://conda.anaconda.org/conda-forge/noarch/sphinxcontrib-htmlhelp-2.0.5-pyhd8ed1ab_0.conda#7e1e7437273682ada2ed5e9e9714b140
https://conda.anaconda.org/conda-forge/noarch/sphinxcontrib-qthelp-1.0.7-pyhd8ed1ab_0.conda#26acae54b06f178681bfb551760f5dd1
https://conda.anaconda.org/conda-forge/noarch/sphinx-7.3.7-pyhd8ed1ab_0.conda#7b1465205e28d75d2c0e1a868ee00a67
https://conda.anaconda.org/conda-forge/noarch/sphinxcontrib-serializinghtml-1.1.10-pyhd8ed1ab_0.conda#e507335cb4ca9cff4c3d0fa9cdab255e
